{
  "version": 4,
  "terraform_version": "1.2.7",
  "serial": 9,
  "lineage": "1ab9593e-8e3d-21c7-9710-692da0906449",
  "outputs": {
    "configure_kubectl": {
      "value": "aws eks --region eu-west-1 update-kubeconfig --name eksworkshop-eksctl",
      "type": "string"
    },
    "eks_cluster_id": {
      "value": "eksworkshop-eksctl",
      "type": "string"
    },
    "region": {
      "value": "eu-west-1",
      "type": "string"
    },
    "vpc_cidr": {
      "value": "10.0.0.0/16",
      "type": "string"
    },
    "vpc_private_subnet_cidr": {
      "value": [
        "10.0.10.0/24",
        "10.0.11.0/24",
        "10.0.12.0/24"
      ],
      "type": [
        "list",
        "string"
      ]
    },
    "vpc_public_subnet_cidr": {
      "value": [
        "10.0.0.0/24",
        "10.0.1.0/24",
        "10.0.2.0/24"
      ],
      "type": [
        "list",
        "string"
      ]
    }
  },
  "resources": [
    {
      "mode": "data",
      "type": "aws_availability_zones",
      "name": "available",
      "provider": "provider[\"registry.terraform.io/hashicorp/aws\"]",
      "instances": [
        {
          "schema_version": 0,
          "attributes": {
            "all_availability_zones": null,
            "exclude_names": null,
            "exclude_zone_ids": null,
            "filter": null,
            "group_names": [
              "eu-west-1"
            ],
            "id": "eu-west-1",
            "names": [
              "eu-west-1a",
              "eu-west-1b",
              "eu-west-1c"
            ],
            "state": null,
            "timeouts": null,
            "zone_ids": [
              "euw1-az2",
              "euw1-az3",
              "euw1-az1"
            ]
          },
          "sensitive_attributes": []
        }
      ]
    },
    {
      "mode": "data",
      "type": "aws_caller_identity",
      "name": "current",
      "provider": "provider[\"registry.terraform.io/hashicorp/aws\"]",
      "instances": [
        {
          "schema_version": 0,
          "attributes": {
            "account_id": "444943710238",
            "arn": "arn:aws:sts::444943710238:assumed-role/OrganizationFormationBuildAccessRole/OrganizationFormationBuild",
            "id": "444943710238",
            "user_id": "AROAWPGFWHAPLYLXU2JWU:OrganizationFormationBuild"
          },
          "sensitive_attributes": []
        }
      ]
    },
    {
      "mode": "data",
      "type": "aws_eks_cluster_auth",
      "name": "this",
      "provider": "provider[\"registry.terraform.io/hashicorp/aws\"]",
      "instances": [
        {
          "schema_version": 0,
          "attributes": {
            "id": "eksworkshop-eksctl",
            "name": "eksworkshop-eksctl",
            "token": "k8s-aws-v1.aHR0cHM6Ly9zdHMuYW1hem9uYXdzLmNvbS8_QWN0aW9uPUdldENhbGxlcklkZW50aXR5JlZlcnNpb249MjAxMS0wNi0xNSZYLUFtei1BbGdvcml0aG09QVdTNC1ITUFDLVNIQTI1NiZYLUFtei1DcmVkZW50aWFsPUFTSUFXUEdGV0hBUEJXWlc2MzdRJTJGMjAyMjExMDIlMkZ1cy1lYXN0LTElMkZzdHMlMkZhd3M0X3JlcXVlc3QmWC1BbXotRGF0ZT0yMDIyMTEwMlQxNTQ0MTJaJlgtQW16LUV4cGlyZXM9MCZYLUFtei1TZWN1cml0eS1Ub2tlbj1Gd29HWlhJdllYZHpFTkglMkYlMkYlMkYlMkYlMkYlMkYlMkYlMkYlMkYlMkZ3RWFERjg2WGElMkY5S3F0JTJCb2lKdjFTSyUyQkFYQ2t4a25rJTJGdE1NZU1QdFRDbGslMkZxVkxOSnJiYnVkSWRvR0VDY1JEUGgxaGNyTDgyMkIlMkYwJTJCRzFWNTRWeUttQUgwajQlMkZvcjhNc21VUlVpRm5kJTJCelU0Tm54RTNIZlV0aENtTDJUVmZPWHA5VmpHSnVNaEFaZmslMkY0SlB0eSUyQiUyRktwZW03N0t5ZWVoMlZtOFZndkpQeWRFYUtzWHo5MGc0Wk4xbGlxU0VIQ3kzTHMxcGVPN1liZnVOTDNNQnlVVGNDMnFQS3hmaWJlblBScDh0aU1udGVWVjFTRmEwdVB1ZGkzbkNpQ3pIM09FYzBDRkxYM3JBaFhLbkk5TnhlU3FkY290WnVLbXdZeUxYZSUyRiUyRm9HM29aNW9SYXUlMkZvRlUlMkZQb3RaNGklMkJrSVRMaVozbngyZzVuSHNHM0tyR3ZnMDl2N0NRdXpqJTJGVHFBJTNEJTNEJlgtQW16LVNpZ25lZEhlYWRlcnM9aG9zdCUzQngtazhzLWF3cy1pZCZYLUFtei1TaWduYXR1cmU9MmQxYTE3NGI3ZmJmOTA3NWQ4NTE4NzQwMzAzNWY0ZjZkNmUxMTVmMDYyMWI1YjQ5N2EwMjI4MjdjNWYyODBlMA"
          },
          "sensitive_attributes": []
        }
      ]
    },
    {
      "mode": "managed",
      "type": "aws_ssm_parameter",
      "name": "public_subnet_id",
      "provider": "provider[\"registry.terraform.io/hashicorp/aws\"]",
      "instances": [
        {
          "schema_version": 0,
          "attributes": {
            "allowed_pattern": "",
            "arn": "arn:aws:ssm:eu-west-1:444943710238:parameter/workshops/demo-eks/public-subnet-id",
            "data_type": "text",
            "description": "",
            "id": "/workshops/demo-eks/public-subnet-id",
            "insecure_value": null,
            "key_id": "",
            "name": "/workshops/demo-eks/public-subnet-id",
            "overwrite": null,
            "tags": null,
            "tags_all": {},
            "tier": "Standard",
            "type": "String",
            "value": "subnet-04a9d0032747bdf33",
            "version": 1
          },
          "sensitive_attributes": [],
          "private": "bnVsbA==",
          "dependencies": [
            "data.aws_availability_zones.available",
            "module.vpc.aws_subnet.public",
            "module.vpc.aws_vpc.this",
            "module.vpc.aws_vpc_ipv4_cidr_block_association.this"
          ]
        }
      ]
    },
    {
      "module": "module.eks_blueprints",
      "mode": "data",
      "type": "aws_caller_identity",
      "name": "current",
      "provider": "provider[\"registry.terraform.io/hashicorp/aws\"]",
      "instances": [
        {
          "schema_version": 0,
          "attributes": {
            "account_id": "444943710238",
            "arn": "arn:aws:sts::444943710238:assumed-role/OrganizationFormationBuildAccessRole/OrganizationFormationBuild",
            "id": "444943710238",
            "user_id": "AROAWPGFWHAPLYLXU2JWU:OrganizationFormationBuild"
          },
          "sensitive_attributes": []
        }
      ]
    },
    {
      "module": "module.eks_blueprints",
      "mode": "data",
      "type": "aws_eks_cluster",
      "name": "cluster",
      "provider": "provider[\"registry.terraform.io/hashicorp/aws\"]",
      "instances": [
        {
          "index_key": 0,
          "schema_version": 0,
          "attributes": {
            "arn": "arn:aws:eks:eu-west-1:444943710238:cluster/eksworkshop-eksctl",
            "certificate_authority": [
              {
                "data": "LS0tLS1CRUdJTiBDRVJUSUZJQ0FURS0tLS0tCk1JSUMvakNDQWVhZ0F3SUJBZ0lCQURBTkJna3Foa2lHOXcwQkFRc0ZBREFWTVJNd0VRWURWUVFERXdwcmRXSmwKY201bGRHVnpNQjRYRFRJeU1URXdNakUxTXprek9Gb1hEVE15TVRBek1ERTFNemt6T0Zvd0ZURVRNQkVHQTFVRQpBeE1LYTNWaVpYSnVaWFJsY3pDQ0FTSXdEUVlKS29aSWh2Y05BUUVCQlFBRGdnRVBBRENDQVFvQ2dnRUJBUGdqCjlpSDVoakhraFRKbnBWQ2xPblVZdDl2T1lrMGdGMFFxM0xLUVBKVVFFN1NSWUF1ZDR3WHRBSjc3Y2ZJaDcySncKM1V3aGJUc2IxMWdQeEhZTWFmRGdDNmhRa1NTQUY3RVdEa1ZWM08vRE14TmZWZ0FZUFJVaUpLc2ZQVktyemIzYwpISzZvbzk2UHFEQy9pREJPTEVva1FrRklNRjFNNmhOaU43S2FiSC85aEtpMkg4WlhsRVBVT0d1bVVFenE3dGYxCi9mR010V3lMT0RGaFVDK20yQzE2S1IyQWJXYWNDaUZtZmh6azl1VXNxaGwrTjFMTElQVDFsZzFDWDJ5YVZVeVYKZGVpaldjV0w4bnRmZmZ6dWNlOUtINUoxdDJnTjlnNW1UdDVHdklodHB5VVVCV1ZuSFJHTnM4MCtTYkFEMm9KaApPY2tYelN0QUpVOEZGaFVhVVYwQ0F3RUFBYU5aTUZjd0RnWURWUjBQQVFIL0JBUURBZ0trTUE4R0ExVWRFd0VCCi93UUZNQU1CQWY4d0hRWURWUjBPQkJZRUZNOTFlYWpaSGc2SDBZRUZ1cS8vRXFieUZlcUJNQlVHQTFVZEVRUU8KTUF5Q0NtdDFZbVZ5Ym1WMFpYTXdEUVlKS29aSWh2Y05BUUVMQlFBRGdnRUJBREY1TW91MXhjTk95RThabXNzYwpJRThLdU1VUjRJNFc5S2UzRS92SHdtSFVwcHpoNUFFY2dLa2RrSGZvd3FzTWxmZTFyYzg3TFJsU1FWMlBUNUJYCk5nVXhSMndyN3RFYXRkbEZOMFo5aHhlVmwrQzc4TlRJTUI2QkhacldFeml1Ri9rU0czeWprYkFacHdka0dSa2kKazF1Unc2WkpBMEVjaG1aWEdJMTdzUzhWeEJsMCtZcUI5dFpkYXA4c1gvbVUza01IZ3ozZkdocUUzLzdxWFNzTwprTklSV2MzZHEyVW04OEw1bFlrREI5RnJhVEptOHNaalRramFNNUlwRExYeTZkcGFqL1F2dldsek9zM1FJVG85ClpHbGszNzcwMm9Qc2Z3OEtJbUNRYlVpWHdwTlR0TGhjVW5sb05xczF5aHdGT3BqcUdKZitUclNBL2R1TXVzZDgKZFJRPQotLS0tLUVORCBDRVJUSUZJQ0FURS0tLS0tCg=="
              }
            ],
            "created_at": "2022-11-02 15:34:11.04 +0000 UTC",
            "enabled_cluster_log_types": [
              "api",
              "audit",
              "authenticator",
              "controllerManager",
              "scheduler"
            ],
            "endpoint": "https://12B12A5AE2ECD6A56B1943B3102EA589.sk1.eu-west-1.eks.amazonaws.com",
            "id": "eksworkshop-eksctl",
            "identity": [
              {
                "oidc": [
                  {
                    "issuer": "https://oidc.eks.eu-west-1.amazonaws.com/id/12B12A5AE2ECD6A56B1943B3102EA589"
                  }
                ]
              }
            ],
            "kubernetes_network_config": [
              {
                "ip_family": "ipv4",
                "service_ipv4_cidr": "172.20.0.0/16",
                "service_ipv6_cidr": ""
              }
            ],
            "name": "eksworkshop-eksctl",
            "outpost_config": [],
            "platform_version": "eks.3",
            "role_arn": "arn:aws:iam::444943710238:role/eksworkshop-eksctl-cluster-role",
            "status": "ACTIVE",
            "tags": {
              "Blueprint": "eks-cluster-with-new-vpc",
              "GithubRepo": "github.com/aws-ia/terraform-aws-eks-blueprints"
            },
            "version": "1.23",
            "vpc_config": [
              {
                "cluster_security_group_id": "sg-08748e4e8529f48a9",
                "endpoint_private_access": false,
                "endpoint_public_access": true,
                "public_access_cidrs": [
                  "0.0.0.0/0"
                ],
                "security_group_ids": [
                  "sg-0f16edcaf4611effc"
                ],
                "subnet_ids": [
                  "subnet-00715a0c313c32ab5",
                  "subnet-05b72f3793c9ee483",
                  "subnet-0a6f454e4dfd8d3e8"
                ],
                "vpc_id": "vpc-0988d187b4dd10991"
              }
            ]
          },
          "sensitive_attributes": []
        }
      ]
    },
    {
      "module": "module.eks_blueprints",
      "mode": "data",
      "type": "aws_iam_policy_document",
      "name": "eks_key",
      "provider": "provider[\"registry.terraform.io/hashicorp/aws\"]",
      "instances": [
        {
          "schema_version": 0,
          "attributes": {
            "id": "2682062321",
            "json": "{\n  \"Version\": \"2012-10-17\",\n  \"Statement\": [\n    {\n      \"Sid\": \"Allow access for all principals in the account that are authorized\",\n      \"Effect\": \"Allow\",\n      \"Action\": [\n        \"kms:ReEncrypt*\",\n        \"kms:GenerateDataKey*\",\n        \"kms:Encrypt\",\n        \"kms:DescribeKey\",\n        \"kms:Decrypt\",\n        \"kms:CreateGrant\"\n      ],\n      \"Resource\": \"*\",\n      \"Principal\": {\n        \"AWS\": \"arn:aws:iam::444943710238:root\"\n      },\n      \"Condition\": {\n        \"StringEquals\": {\n          \"kms:CallerAccount\": \"444943710238\",\n          \"kms:ViaService\": \"eks.eu-west-1.amazonaws.com\"\n        }\n      }\n    },\n    {\n      \"Sid\": \"Allow direct access to key metadata to the account\",\n      \"Effect\": \"Allow\",\n      \"Action\": [\n        \"kms:RevokeGrant\",\n        \"kms:List*\",\n        \"kms:Get*\",\n        \"kms:Describe*\"\n      ],\n      \"Resource\": \"*\",\n      \"Principal\": {\n        \"AWS\": \"arn:aws:iam::444943710238:root\"\n      }\n    },\n    {\n      \"Sid\": \"Allow access for Key Administrators\",\n      \"Effect\": \"Allow\",\n      \"Action\": \"kms:*\",\n      \"Resource\": \"*\",\n      \"Principal\": {\n        \"AWS\": \"arn:aws:iam::444943710238:role/OrganizationFormationBuildAccessRole\"\n      }\n    },\n    {\n      \"Sid\": \"Allow use of the key\",\n      \"Effect\": \"Allow\",\n      \"Action\": [\n        \"kms:ReEncrypt*\",\n        \"kms:GenerateDataKey*\",\n        \"kms:Encrypt\",\n        \"kms:DescribeKey\",\n        \"kms:Decrypt\"\n      ],\n      \"Resource\": \"*\",\n      \"Principal\": {\n        \"AWS\": \"arn:aws:iam::444943710238:role/eksworkshop-eksctl-cluster-role\"\n      }\n    },\n    {\n      \"Sid\": \"Allow attachment of persistent resources\",\n      \"Effect\": \"Allow\",\n      \"Action\": [\n        \"kms:RevokeGrant\",\n        \"kms:ListGrants\",\n        \"kms:CreateGrant\"\n      ],\n      \"Resource\": \"*\",\n      \"Principal\": {\n        \"AWS\": \"arn:aws:iam::444943710238:role/eksworkshop-eksctl-cluster-role\"\n      },\n      \"Condition\": {\n        \"Bool\": {\n          \"kms:GrantIsForAWSResource\": \"true\"\n        }\n      }\n    }\n  ]\n}",
            "override_json": null,
            "override_policy_documents": null,
            "policy_id": null,
            "source_json": null,
            "source_policy_documents": null,
            "statement": [
              {
                "actions": [
                  "kms:CreateGrant",
                  "kms:Decrypt",
                  "kms:DescribeKey",
                  "kms:Encrypt",
                  "kms:GenerateDataKey*",
                  "kms:ReEncrypt*"
                ],
                "condition": [
                  {
                    "test": "StringEquals",
                    "values": [
                      "444943710238"
                    ],
                    "variable": "kms:CallerAccount"
                  },
                  {
                    "test": "StringEquals",
                    "values": [
                      "eks.eu-west-1.amazonaws.com"
                    ],
                    "variable": "kms:ViaService"
                  }
                ],
                "effect": "Allow",
                "not_actions": [],
                "not_principals": [],
                "not_resources": [],
                "principals": [
                  {
                    "identifiers": [
                      "arn:aws:iam::444943710238:root"
                    ],
                    "type": "AWS"
                  }
                ],
                "resources": [
                  "*"
                ],
                "sid": "Allow access for all principals in the account that are authorized"
              },
              {
                "actions": [
                  "kms:Describe*",
                  "kms:Get*",
                  "kms:List*",
                  "kms:RevokeGrant"
                ],
                "condition": [],
                "effect": "Allow",
                "not_actions": [],
                "not_principals": [],
                "not_resources": [],
                "principals": [
                  {
                    "identifiers": [
                      "arn:aws:iam::444943710238:root"
                    ],
                    "type": "AWS"
                  }
                ],
                "resources": [
                  "*"
                ],
                "sid": "Allow direct access to key metadata to the account"
              },
              {
                "actions": [
                  "kms:*"
                ],
                "condition": [],
                "effect": "Allow",
                "not_actions": [],
                "not_principals": [],
                "not_resources": [],
                "principals": [
                  {
                    "identifiers": [
                      "arn:aws:iam::444943710238:role/OrganizationFormationBuildAccessRole"
                    ],
                    "type": "AWS"
                  }
                ],
                "resources": [
                  "*"
                ],
                "sid": "Allow access for Key Administrators"
              },
              {
                "actions": [
                  "kms:Decrypt",
                  "kms:DescribeKey",
                  "kms:Encrypt",
                  "kms:GenerateDataKey*",
                  "kms:ReEncrypt*"
                ],
                "condition": [],
                "effect": "Allow",
                "not_actions": [],
                "not_principals": [],
                "not_resources": [],
                "principals": [
                  {
                    "identifiers": [
                      "arn:aws:iam::444943710238:role/eksworkshop-eksctl-cluster-role"
                    ],
                    "type": "AWS"
                  }
                ],
                "resources": [
                  "*"
                ],
                "sid": "Allow use of the key"
              },
              {
                "actions": [
                  "kms:CreateGrant",
                  "kms:ListGrants",
                  "kms:RevokeGrant"
                ],
                "condition": [
                  {
                    "test": "Bool",
                    "values": [
                      "true"
                    ],
                    "variable": "kms:GrantIsForAWSResource"
                  }
                ],
                "effect": "Allow",
                "not_actions": [],
                "not_principals": [],
                "not_resources": [],
                "principals": [
                  {
                    "identifiers": [
                      "arn:aws:iam::444943710238:role/eksworkshop-eksctl-cluster-role"
                    ],
                    "type": "AWS"
                  }
                ],
                "resources": [
                  "*"
                ],
                "sid": "Allow attachment of persistent resources"
              }
            ],
            "version": "2012-10-17"
          },
          "sensitive_attributes": []
        }
      ]
    },
    {
      "module": "module.eks_blueprints",
      "mode": "data",
      "type": "aws_iam_session_context",
      "name": "current",
      "provider": "provider[\"registry.terraform.io/hashicorp/aws\"]",
      "instances": [
        {
          "schema_version": 0,
          "attributes": {
            "arn": "arn:aws:sts::444943710238:assumed-role/OrganizationFormationBuildAccessRole/OrganizationFormationBuild",
            "id": "arn:aws:sts::444943710238:assumed-role/OrganizationFormationBuildAccessRole/OrganizationFormationBuild",
            "issuer_arn": "arn:aws:iam::444943710238:role/OrganizationFormationBuildAccessRole",
            "issuer_id": "AROAWPGFWHAPLYLXU2JWU",
            "issuer_name": "OrganizationFormationBuildAccessRole",
            "session_name": "OrganizationFormationBuild"
          },
          "sensitive_attributes": []
        }
      ]
    },
    {
      "module": "module.eks_blueprints",
      "mode": "data",
      "type": "aws_partition",
      "name": "current",
      "provider": "provider[\"registry.terraform.io/hashicorp/aws\"]",
      "instances": [
        {
          "schema_version": 0,
          "attributes": {
            "dns_suffix": "amazonaws.com",
            "id": "aws",
            "partition": "aws",
            "reverse_dns_prefix": "com.amazonaws"
          },
          "sensitive_attributes": []
        }
      ]
    },
    {
      "module": "module.eks_blueprints",
      "mode": "data",
      "type": "aws_region",
      "name": "current",
      "provider": "provider[\"registry.terraform.io/hashicorp/aws\"]",
      "instances": [
        {
          "schema_version": 0,
          "attributes": {
            "description": "Europe (Ireland)",
            "endpoint": "ec2.eu-west-1.amazonaws.com",
            "id": "eu-west-1",
            "name": "eu-west-1"
          },
          "sensitive_attributes": []
        }
      ]
    },
    {
      "module": "module.eks_blueprints",
      "mode": "data",
      "type": "http",
      "name": "eks_cluster_readiness",
      "provider": "provider[\"registry.terraform.io/terraform-aws-modules/http\"]",
      "instances": [
        {
          "index_key": 0,
          "schema_version": 0,
          "attributes": {
            "body": "ok",
            "ca_certificate": "-----BEGIN CERTIFICATE-----\nMIIC/jCCAeagAwIBAgIBADANBgkqhkiG9w0BAQsFADAVMRMwEQYDVQQDEwprdWJl\ncm5ldGVzMB4XDTIyMTEwMjE1MzkzOFoXDTMyMTAzMDE1MzkzOFowFTETMBEGA1UE\nAxMKa3ViZXJuZXRlczCCASIwDQYJKoZIhvcNAQEBBQADggEPADCCAQoCggEBAPgj\n9iH5hjHkhTJnpVClOnUYt9vOYk0gF0Qq3LKQPJUQE7SRYAud4wXtAJ77cfIh72Jw\n3UwhbTsb11gPxHYMafDgC6hQkSSAF7EWDkVV3O/DMxNfVgAYPRUiJKsfPVKrzb3c\nHK6oo96PqDC/iDBOLEokQkFIMF1M6hNiN7KabH/9hKi2H8ZXlEPUOGumUEzq7tf1\n/fGMtWyLODFhUC+m2C16KR2AbWacCiFmfhzk9uUsqhl+N1LLIPT1lg1CX2yaVUyV\ndeijWcWL8ntfffzuce9KH5J1t2gN9g5mTt5GvIhtpyUUBWVnHRGNs80+SbAD2oJh\nOckXzStAJU8FFhUaUV0CAwEAAaNZMFcwDgYDVR0PAQH/BAQDAgKkMA8GA1UdEwEB\n/wQFMAMBAf8wHQYDVR0OBBYEFM91eajZHg6H0YEFuq//EqbyFeqBMBUGA1UdEQQO\nMAyCCmt1YmVybmV0ZXMwDQYJKoZIhvcNAQELBQADggEBADF5Mou1xcNOyE8Zmssc\nIE8KuMUR4I4W9Ke3E/vHwmHUppzh5AEcgKkdkHfowqsMlfe1rc87LRlSQV2PT5BX\nNgUxR2wr7tEatdlFN0Z9hxeVl+C78NTIMB6BHZrWEziuF/kSG3yjkbAZpwdkGRki\nk1uRw6ZJA0EchmZXGI17sS8VxBl0+YqB9tZdap8sX/mU3kMHgz3fGhqE3/7qXSsO\nkNIRWc3dq2Um88L5lYkDB9FraTJm8sZjTkjaM5IpDLXy6dpaj/QvvWlzOs3QITo9\nZGlk37702oPsfw8KImCQbUiXwpNTtLhcUnloNqs1yhwFOpjqGJf+TrSA/duMusd8\ndRQ=\n-----END CERTIFICATE-----\n",
            "id": "https://12B12A5AE2ECD6A56B1943B3102EA589.sk1.eu-west-1.eks.amazonaws.com/healthz",
            "insecure": false,
            "request_headers": null,
            "response_headers": {
              "Audit-Id": "b8553fec-cba9-45f9-8d96-3f58e280b57a",
              "Cache-Control": "no-cache, private",
              "Content-Length": "2",
              "Content-Type": "text/plain; charset=utf-8",
              "Date": "Wed, 02 Nov 2022 15:44:12 GMT",
              "X-Content-Type-Options": "nosniff",
              "X-Kubernetes-Pf-Flowschema-Uid": "e086e2e3-931b-4931-8539-ffe461390a43",
              "X-Kubernetes-Pf-Prioritylevel-Uid": "d5a461fa-1f94-49ed-927d-38ec4c1b6982"
            },
            "timeout": 600,
            "url": "https://12B12A5AE2ECD6A56B1943B3102EA589.sk1.eu-west-1.eks.amazonaws.com/healthz"
          },
          "sensitive_attributes": []
        }
      ]
    },
    {
      "module": "module.eks_blueprints",
      "mode": "managed",
      "type": "kubernetes_config_map",
      "name": "aws_auth",
      "provider": "provider[\"registry.terraform.io/hashicorp/kubernetes\"]",
      "instances": [
        {
          "index_key": 0,
          "schema_version": 0,
          "attributes": {
            "binary_data": null,
            "data": {
              "mapAccounts": "[]\n",
              "mapRoles": "- \"groups\":\n  - \"system:bootstrappers\"\n  - \"system:nodes\"\n  \"rolearn\": \"arn:aws:iam::444943710238:role/eksworkshop-eksctl-managed-ondemand\"\n  \"username\": \"system:node:{{EC2PrivateDNSName}}\"\n- \"groups\":\n  - \"system:masters\"\n  \"rolearn\": \"arn:aws:iam::444943710238:role/AWSReservedSSO_AdministratorAccess_25b57e55ca5319db\"\n  \"username\": \"AdministratorAccess:{{SessionName}}\"\n- \"groups\":\n  - \"system:masters\"\n  \"rolearn\": \"arn:aws:iam::444943710238:role/eks-admin-role\"\n  \"username\": \"adminEc2Role\"\n",
              "mapUsers": "[]\n"
            },
            "id": "kube-system/aws-auth",
            "immutable": false,
            "metadata": [
              {
                "annotations": null,
                "generate_name": "",
                "generation": 0,
                "labels": {
                  "app.kubernetes.io/created-by": "terraform-aws-eks-blueprints",
                  "app.kubernetes.io/managed-by": "terraform-aws-eks-blueprints"
                },
                "name": "aws-auth",
                "namespace": "kube-system",
                "resource_version": "787",
                "uid": "afcc6e3a-c4e3-4a59-962a-bf4ceb1c5d69"
              }
            ]
          },
          "sensitive_attributes": [],
          "private": "bnVsbA==",
          "dependencies": [
            "data.aws_availability_zones.available",
            "data.aws_caller_identity.current",
            "data.aws_eks_cluster_auth.this",
            "module.eks_blueprints.data.aws_caller_identity.current",
            "module.eks_blueprints.data.aws_eks_cluster.cluster",
            "module.eks_blueprints.data.aws_iam_policy_document.eks_key",
            "module.eks_blueprints.data.aws_partition.current",
            "module.eks_blueprints.data.aws_region.current",
            "module.eks_blueprints.data.http.eks_cluster_readiness",
            "module.eks_blueprints.module.aws_eks.aws_cloudwatch_log_group.this",
            "module.eks_blueprints.module.aws_eks.aws_eks_cluster.this",
            "module.eks_blueprints.module.aws_eks.aws_iam_role.this",
            "module.eks_blueprints.module.aws_eks.aws_iam_role_policy_attachment.this",
            "module.eks_blueprints.module.aws_eks.aws_security_group.cluster",
            "module.eks_blueprints.module.aws_eks.aws_security_group.node",
            "module.eks_blueprints.module.aws_eks.aws_security_group_rule.cluster",
            "module.eks_blueprints.module.aws_eks.aws_security_group_rule.node",
            "module.eks_blueprints.module.aws_eks.data.aws_iam_policy_document.assume_role_policy",
            "module.eks_blueprints.module.aws_eks.data.aws_partition.current",
            "module.eks_blueprints.module.aws_eks.module.kms.aws_kms_external_key.this",
            "module.eks_blueprints.module.aws_eks.module.kms.aws_kms_key.this",
            "module.eks_blueprints.module.kms.aws_kms_key.this",
            "module.vpc.aws_subnet.private",
            "module.vpc.aws_vpc.this",
            "module.vpc.aws_vpc_ipv4_cidr_block_association.this"
          ],
          "create_before_destroy": true
        }
      ]
    },
    {
      "module": "module.eks_blueprints.module.aws_eks",
      "mode": "data",
      "type": "aws_caller_identity",
      "name": "current",
      "provider": "provider[\"registry.terraform.io/hashicorp/aws\"]",
      "instances": [
        {
          "schema_version": 0,
          "attributes": {
            "account_id": "444943710238",
            "arn": "arn:aws:sts::444943710238:assumed-role/OrganizationFormationBuildAccessRole/OrganizationFormationBuild",
            "id": "444943710238",
            "user_id": "AROAWPGFWHAPLYLXU2JWU:OrganizationFormationBuild"
          },
          "sensitive_attributes": []
        }
      ]
    },
    {
      "module": "module.eks_blueprints.module.aws_eks",
      "mode": "data",
      "type": "aws_iam_policy_document",
      "name": "assume_role_policy",
      "provider": "provider[\"registry.terraform.io/hashicorp/aws\"]",
      "instances": [
        {
          "index_key": 0,
          "schema_version": 0,
          "attributes": {
            "id": "2764486067",
            "json": "{\n  \"Version\": \"2012-10-17\",\n  \"Statement\": [\n    {\n      \"Sid\": \"EKSClusterAssumeRole\",\n      \"Effect\": \"Allow\",\n      \"Action\": \"sts:AssumeRole\",\n      \"Principal\": {\n        \"Service\": \"eks.amazonaws.com\"\n      }\n    }\n  ]\n}",
            "override_json": null,
            "override_policy_documents": null,
            "policy_id": null,
            "source_json": null,
            "source_policy_documents": null,
            "statement": [
              {
                "actions": [
                  "sts:AssumeRole"
                ],
                "condition": [],
                "effect": "Allow",
                "not_actions": [],
                "not_principals": [],
                "not_resources": [],
                "principals": [
                  {
                    "identifiers": [
                      "eks.amazonaws.com"
                    ],
                    "type": "Service"
                  }
                ],
                "resources": [],
                "sid": "EKSClusterAssumeRole"
              }
            ],
            "version": "2012-10-17"
          },
          "sensitive_attributes": []
        }
      ]
    },
    {
      "module": "module.eks_blueprints.module.aws_eks",
      "mode": "data",
      "type": "aws_partition",
      "name": "current",
      "provider": "provider[\"registry.terraform.io/hashicorp/aws\"]",
      "instances": [
        {
          "schema_version": 0,
          "attributes": {
            "dns_suffix": "amazonaws.com",
            "id": "aws",
            "partition": "aws",
            "reverse_dns_prefix": "com.amazonaws"
          },
          "sensitive_attributes": []
        }
      ]
    },
    {
      "module": "module.eks_blueprints.module.aws_eks",
      "mode": "data",
      "type": "tls_certificate",
      "name": "this",
      "provider": "provider[\"registry.terraform.io/hashicorp/tls\"]",
      "instances": [
        {
          "index_key": 0,
          "schema_version": 0,
          "attributes": {
            "certificates": [
              {
                "cert_pem": "-----BEGIN CERTIFICATE-----\nMIIEdTCCA12gAwIBAgIJAKcOSkw0grd/MA0GCSqGSIb3DQEBCwUAMGgxCzAJBgNV\nBAYTAlVTMSUwIwYDVQQKExxTdGFyZmllbGQgVGVjaG5vbG9naWVzLCBJbmMuMTIw\nMAYDVQQLEylTdGFyZmllbGQgQ2xhc3MgMiBDZXJ0aWZpY2F0aW9uIEF1dGhvcml0\neTAeFw0wOTA5MDIwMDAwMDBaFw0zNDA2MjgxNzM5MTZaMIGYMQswCQYDVQQGEwJV\nUzEQMA4GA1UECBMHQXJpem9uYTETMBEGA1UEBxMKU2NvdHRzZGFsZTElMCMGA1UE\nChMcU3RhcmZpZWxkIFRlY2hub2xvZ2llcywgSW5jLjE7MDkGA1UEAxMyU3RhcmZp\nZWxkIFNlcnZpY2VzIFJvb3QgQ2VydGlmaWNhdGUgQXV0aG9yaXR5IC0gRzIwggEi\nMA0GCSqGSIb3DQEBAQUAA4IBDwAwggEKAoIBAQDVDDrEKvlO4vW+GZdfjohTsR8/\ny8+fIBNtKTrID30892t2OGPZNmCom15cAICyL1l/9of5JUOG52kbUpqQ4XHj2C0N\nTm/2yEnZtvMaVq4rtnQU68/7JuMauh2WLmo7WJSJR1b/JaCTcFOD2oR0FMNnngRo\nOt+OQFodSk7PQ5E751bWAHDLUu57fa4657wx+UX2wmDPE1kCK4DMNEffud6QZW0C\nzyyRpqbn3oUYSXxmTqM6bam17jQuug0DuDPfR+uxa40l2ZvOgdFFRjKWcIfeAg5J\nQ4W2bHO7ZOphQazJ1FTfhy/HIrImzJ9ZVGif/L4qL8RVHHVAYBeFAlU5i38FAgMB\nAAGjgfAwge0wDwYDVR0TAQH/BAUwAwEB/zAOBgNVHQ8BAf8EBAMCAYYwHQYDVR0O\nBBYEFJxfAN+qAdcwKziIorhtSpzyEZGDMB8GA1UdIwQYMBaAFL9ft9HO3R+G9FtV\nrNzXEMIOqYjnME8GCCsGAQUFBwEBBEMwQTAcBggrBgEFBQcwAYYQaHR0cDovL28u\nc3MyLnVzLzAhBggrBgEFBQcwAoYVaHR0cDovL3guc3MyLnVzL3guY2VyMCYGA1Ud\nHwQfMB0wG6AZoBeGFWh0dHA6Ly9zLnNzMi51cy9yLmNybDARBgNVHSAECjAIMAYG\nBFUdIAAwDQYJKoZIhvcNAQELBQADggEBACMd44pXyn3pF3lM8R5V/cxTbj5HD9/G\nVfKyBDbtgB9TxF00KGu+x1X8Z+rLP3+QsjPNG1gQggL4+C/1E2DUBc7xgQjB3ad1\nl08YuW3e95ORCLp+QCztweq7dp4zBncdDQh/U90bZKuCJ/Fp1U1ervShw3WnWEQt\n8jxwmKy6abaVd38PMV4s/KCHOkdp8Hlf9BRUpJVeEXgSYCfOn8J3/yNTd126/+pZ\n59vPr5KW7ySaNRB6nJHGDn2Z9j8Z3/VyVOEVqQdZe4O/Ui5GjLIAZHYcSNPYeehu\nVsyuLAOQ1xk4meTKCRlb/weWsKh/NEnfVqn3sF/tM+2MR7cwA130A4w=\n-----END CERTIFICATE-----\n",
                "is_ca": true,
                "issuer": "OU=Starfield Class 2 Certification Authority,O=Starfield Technologies\\, Inc.,C=US",
                "not_after": "2034-06-28T17:39:16Z",
                "not_before": "2009-09-02T00:00:00Z",
                "public_key_algorithm": "RSA",
                "serial_number": "12037640545166866303",
                "sha1_fingerprint": "9e99a48a9960b14926bb7f3b02e22da2b0ab7280",
                "signature_algorithm": "SHA256-RSA",
                "subject": "CN=Starfield Services Root Certificate Authority - G2,O=Starfield Technologies\\, Inc.,L=Scottsdale,ST=Arizona,C=US",
                "version": 3
              },
              {
                "cert_pem": "-----BEGIN CERTIFICATE-----\nMIIEkjCCA3qgAwIBAgITBn+USionzfP6wq4rAfkI7rnExjANBgkqhkiG9w0BAQsF\nADCBmDELMAkGA1UEBhMCVVMxEDAOBgNVBAgTB0FyaXpvbmExEzARBgNVBAcTClNj\nb3R0c2RhbGUxJTAjBgNVBAoTHFN0YXJmaWVsZCBUZWNobm9sb2dpZXMsIEluYy4x\nOzA5BgNVBAMTMlN0YXJmaWVsZCBTZXJ2aWNlcyBSb290IENlcnRpZmljYXRlIEF1\ndGhvcml0eSAtIEcyMB4XDTE1MDUyNTEyMDAwMFoXDTM3MTIzMTAxMDAwMFowOTEL\nMAkGA1UEBhMCVVMxDzANBgNVBAoTBkFtYXpvbjEZMBcGA1UEAxMQQW1hem9uIFJv\nb3QgQ0EgMTCCASIwDQYJKoZIhvcNAQEBBQADggEPADCCAQoCggEBALJ4gHHKeNXj\nca9HgFB0fW7Y14h29Jlo91ghYPl0hAEvrAIthtOgQ3pOsqTQNroBvo3bSMgHFzZM\n9O6II8c+6zf1tRn4SWiw3te5djgdYZ6k/oI2peVKVuRF4fn9tBb6dNqcmzU5L/qw\nIFAGbHrQgLKm+a/sRxmPUDgH3KKHOVj4utWp+UhnMJbulHheb4mjUcAwhmahRWa6\nVOujw5H5SNz/0egwLX0tdHA114gk957EWW67c4cX8jJGKLhD+rcdqsq08p8kDi1L\n93FcXmn/6pUCyziKrlA4b9v7LWIbxcceVOF34GfID5yHI9Y/QCB/IIDEgEw+OyQm\njgSubJrIqg0CAwEAAaOCATEwggEtMA8GA1UdEwEB/wQFMAMBAf8wDgYDVR0PAQH/\nBAQDAgGGMB0GA1UdDgQWBBSEGMyFNOy8DJSULghZnMeyEE4KCDAfBgNVHSMEGDAW\ngBScXwDfqgHXMCs4iKK4bUqc8hGRgzB4BggrBgEFBQcBAQRsMGowLgYIKwYBBQUH\nMAGGImh0dHA6Ly9vY3NwLnJvb3RnMi5hbWF6b250cnVzdC5jb20wOAYIKwYBBQUH\nMAKGLGh0dHA6Ly9jcnQucm9vdGcyLmFtYXpvbnRydXN0LmNvbS9yb290ZzIuY2Vy\nMD0GA1UdHwQ2MDQwMqAwoC6GLGh0dHA6Ly9jcmwucm9vdGcyLmFtYXpvbnRydXN0\nLmNvbS9yb290ZzIuY3JsMBEGA1UdIAQKMAgwBgYEVR0gADANBgkqhkiG9w0BAQsF\nAAOCAQEAYjdCXLwQtT6LLOkMm2xF4gcAevnFWAu5CIw+7bMlPLVvUOTNNWqnkzSW\nMiGpSESrnO09tKpzbeR/FoCJbM8oAxiDR3mjEH4wW6w7sGDgd9QIpuEdfF7Au/ma\neyKdpwAJfqxGF4PcnCZXmTA5YpaP7dreqsXMGz7KQ2hsVxa81Q4gLv7/wmpdLqBK\nbRRYh5TmOTFffHPLkIhqhBGWJ6bt2YFGpn6jcgAKUj6DiAdjd4lpFw85hdKrCEVN\n0FE6/V1dN2RMfjCyVSRCnTawXZwXgWHxyvkQAiSr6w10kY17RSlQOYiypok1JR4U\nakcjMS9cmvqtmg5iUaQqqcT5NJ0hGA==\n-----END CERTIFICATE-----\n",
                "is_ca": true,
                "issuer": "CN=Starfield Services Root Certificate Authority - G2,O=Starfield Technologies\\, Inc.,L=Scottsdale,ST=Arizona,C=US",
                "not_after": "2037-12-31T01:00:00Z",
                "not_before": "2015-05-25T12:00:00Z",
                "public_key_algorithm": "RSA",
                "serial_number": "144918191876577076464031512351042010504348870",
                "sha1_fingerprint": "06b25927c42a721631c1efd9431e648fa62e1e39",
                "signature_algorithm": "SHA256-RSA",
                "subject": "CN=Amazon Root CA 1,O=Amazon,C=US",
                "version": 3
              },
              {
                "cert_pem": "-----BEGIN CERTIFICATE-----\nMIIESTCCAzGgAwIBAgITBn+UV4WH6Kx33rJTMlu8mYtWDTANBgkqhkiG9w0BAQsF\nADA5MQswCQYDVQQGEwJVUzEPMA0GA1UEChMGQW1hem9uMRkwFwYDVQQDExBBbWF6\nb24gUm9vdCBDQSAxMB4XDTE1MTAyMjAwMDAwMFoXDTI1MTAxOTAwMDAwMFowRjEL\nMAkGA1UEBhMCVVMxDzANBgNVBAoTBkFtYXpvbjEVMBMGA1UECxMMU2VydmVyIENB\nIDFCMQ8wDQYDVQQDEwZBbWF6b24wggEiMA0GCSqGSIb3DQEBAQUAA4IBDwAwggEK\nAoIBAQDCThZn3c68asg3Wuw6MLAd5tES6BIoSMzoKcG5blPVo+sDORrMd4f2AbnZ\ncMzPa43j4wNxhplty6aUKk4T1qe9BOwKFjwK6zmxxLVYo7bHViXsPlJ6qOMpFge5\nblDP+18x+B26A0piiQOuPkfyDyeR4xQghfj66Yo19V+emU3nazfvpFA+ROz6WoVm\nB5x+F2pV8xeKNR7u6azDdU5YVX1TawprmxRC1+WsAYmz6qP+z8ArDITC2FMVy2fw\n0IjKOtEXc/VfmtTFch5+AfGYMGMqqvJ6LcXiAhqG5TI+Dr0RtM88k+8XUBCeQ8IG\nKuANaL7TiItKZYxK1MMuTJtV9IblAgMBAAGjggE7MIIBNzASBgNVHRMBAf8ECDAG\nAQH/AgEAMA4GA1UdDwEB/wQEAwIBhjAdBgNVHQ4EFgQUWaRmBlKge5WSPKOUByeW\ndFv5PdAwHwYDVR0jBBgwFoAUhBjMhTTsvAyUlC4IWZzHshBOCggwewYIKwYBBQUH\nAQEEbzBtMC8GCCsGAQUFBzABhiNodHRwOi8vb2NzcC5yb290Y2ExLmFtYXpvbnRy\ndXN0LmNvbTA6BggrBgEFBQcwAoYuaHR0cDovL2NydC5yb290Y2ExLmFtYXpvbnRy\ndXN0LmNvbS9yb290Y2ExLmNlcjA/BgNVHR8EODA2MDSgMqAwhi5odHRwOi8vY3Js\nLnJvb3RjYTEuYW1hem9udHJ1c3QuY29tL3Jvb3RjYTEuY3JsMBMGA1UdIAQMMAow\nCAYGZ4EMAQIBMA0GCSqGSIb3DQEBCwUAA4IBAQCFkr41u3nPo4FCHOTjY3NTOVI1\n59Gt/a6ZiqyJEi+752+a1U5y6iAwYfmXss2lJwJFqMp2PphKg5625kXg8kP2CN5t\n6G7bMQcT8C8xDZNtYTd7WPD8UZiRKAJPBXa30/AbwuZe0GaFEQ8ugcYQgSn+IGBI\n8/LwhBNTZTUVEWuCUUBVV18YtbAiPq3yXqMB48Oz+ctBWuZSkbvkNodPLamkB2g1\nupRyzQ7qDn1X8nn8N8V7YJ6y68AtkHcNSRAnpTitxBKjtKPISLMVCx7i4hncxHZS\nyLyKQXhw2W2Xs0qLeC1etA+jTGDK4UfLeC0SF7FSi8o5LL21L8IzApar2pR/\n-----END CERTIFICATE-----\n",
                "is_ca": true,
                "issuer": "CN=Amazon Root CA 1,O=Amazon,C=US",
                "not_after": "2025-10-19T00:00:00Z",
                "not_before": "2015-10-22T00:00:00Z",
                "public_key_algorithm": "RSA",
                "serial_number": "144918209630989264145272943054026349679957517",
                "sha1_fingerprint": "917e732d330f9a12404f73d8bea36948b929dffc",
                "signature_algorithm": "SHA256-RSA",
                "subject": "CN=Amazon,OU=Server CA 1B,O=Amazon,C=US",
                "version": 3
              },
              {
                "cert_pem": "-----BEGIN CERTIFICATE-----\nMIIF9jCCBN6gAwIBAgIQBgsPNizoYZupDAxN5IGIOTANBgkqhkiG9w0BAQsFADBG\nMQswCQYDVQQGEwJVUzEPMA0GA1UEChMGQW1hem9uMRUwEwYDVQQLEwxTZXJ2ZXIg\nQ0EgMUIxDzANBgNVBAMTBkFtYXpvbjAeFw0yMjA1MTUwMDAwMDBaFw0yMzA2MTMy\nMzU5NTlaMCsxKTAnBgNVBAMTIG9pZGMuZWtzLmV1LXdlc3QtMS5hbWF6b25hd3Mu\nY29tMIIBIjANBgkqhkiG9w0BAQEFAAOCAQ8AMIIBCgKCAQEAr/7bi57AVJ3IDRGK\n+ecfW+t/hFsgDBNYYXGMN9L0RL/2A5n8r4B1dEe+oeluFXP/ucZlvmZlaxpQ0xMJ\ndisF46b5dQXA9od2xtXVrxf+4EXmHo+hxEkhcEjXRd8Yv0w4yJjinpdVUp1nOTNy\nIhvjvQzafkWUXRYT0G8CP3BvZdtWdx8wn1bBpyEwANmarQHtOTsp+WXmGk6MzZKd\njNDFLLTYAtiokva6DHwXZOPXS41vMN4Ix7PGZGism8Qna8CBHzGpNtb+PV/Et+au\nYpQOShrG0R5ZVqCxlgtdSPJxihpqqRdqAxCSoIIg9khHbKMPws2PP1p3HbXQGKn0\n8Fe8jwIDAQABo4IC+TCCAvUwHwYDVR0jBBgwFoAUWaRmBlKge5WSPKOUByeWdFv5\nPdAwHQYDVR0OBBYEFFoQZdCV1/7KJm3V1ZehrsrvTMBWMCsGA1UdEQQkMCKCIG9p\nZGMuZWtzLmV1LXdlc3QtMS5hbWF6b25hd3MuY29tMA4GA1UdDwEB/wQEAwIFoDAd\nBgNVHSUEFjAUBggrBgEFBQcDAQYIKwYBBQUHAwIwPQYDVR0fBDYwNDAyoDCgLoYs\naHR0cDovL2NybC5zY2ExYi5hbWF6b250cnVzdC5jb20vc2NhMWItMS5jcmwwEwYD\nVR0gBAwwCjAIBgZngQwBAgEwdQYIKwYBBQUHAQEEaTBnMC0GCCsGAQUFBzABhiFo\ndHRwOi8vb2NzcC5zY2ExYi5hbWF6b250cnVzdC5jb20wNgYIKwYBBQUHMAKGKmh0\ndHA6Ly9jcnQuc2NhMWIuYW1hem9udHJ1c3QuY29tL3NjYTFiLmNydDAMBgNVHRMB\nAf8EAjAAMIIBfAYKKwYBBAHWeQIEAgSCAWwEggFoAWYAdQDoPtDaPvUGNTLnVyi8\niWvJA9PL0RFr7Otp4Xd9bQa9bgAAAYDFEeHQAAAEAwBGMEQCIH5LdEL4QAbH6zOh\nzvTD4Tn6grLiUmTmYTxfSig1gFNAAiBzTHbBZM3BNuuZAOAHwGuiweNKwIwNpvlf\n6dKgJM74xAB2ADXPGRu/sWxXvw+tTG1Cy7u2JyAmUeo/4SrvqAPDO9ZMAAABgMUR\n4T4AAAQDAEcwRQIhANYogbpcOj+wYotAsfpfjp6KIk/OwsoBoKq1w52/Vq6bAiBm\nA5Y7010tfpQokkLFtf3VVK4wibCEQ0tAFol7ZRhPowB1ALNzdwfhhFD4Y4bWBanc\nEQlKeS2xZwwLh9zwAw55NqWaAAABgMUR4XQAAAQDAEYwRAIgKgnbnvZEiavLX/G6\nlETvMbp7VKJuprrjixkK+LcjODQCIC0hd8uS59gCUFv0rSsT+PLxzjSR7FFHIZ7P\nHQ2gB/JoMA0GCSqGSIb3DQEBCwUAA4IBAQCoaprifEQYFyUpSEVUBaEpAo5leolI\nx8bNKf1RKrbdRJap+2D0paMgPNfJ6S8UpwlJvtzsCgPR0TBiSVsBhfQVYKmsSnJd\nUVWq13Cqq58M3sSal4iL1XPYrYsOhESO41WNtjZd6zuYZt9OBa8UCBFc4HcITh9f\nZYJMv0E0t0D3J/5MIBwrwWE6H3FxYre3JM1PzsKMUeM1Ug23QzVhN7Xe7hLpF/c6\nVfW5fGXLjrFB9J/J09oM16da9ZJ3p9+G+67jQ4WIhAhz39kabP5yncn9tzClcWUA\neydMX2PovyAKIGgQUcJz8P+fMR9Xnc9nYsMIE3P9mQMBLWExmI4p/yNB\n-----END CERTIFICATE-----\n",
                "is_ca": false,
                "issuer": "CN=Amazon,OU=Server CA 1B,O=Amazon,C=US",
                "not_after": "2023-06-13T23:59:59Z",
                "not_before": "2022-05-15T00:00:00Z",
                "public_key_algorithm": "RSA",
                "serial_number": "8032791768516481049932338475250583609",
                "sha1_fingerprint": "bc02d93ab35b617c527611b977ca09ef76c81bb5",
                "signature_algorithm": "SHA256-RSA",
                "subject": "CN=oidc.eks.eu-west-1.amazonaws.com",
                "version": 3
              }
            ],
            "content": null,
            "id": "2bc137e277748b64ff07ac6beaa4ea0f64192009",
            "url": "https://oidc.eks.eu-west-1.amazonaws.com/id/12B12A5AE2ECD6A56B1943B3102EA589",
            "verify_chain": true
          },
          "sensitive_attributes": []
        }
      ]
    },
    {
      "module": "module.eks_blueprints.module.aws_eks",
      "mode": "managed",
      "type": "aws_ec2_tag",
      "name": "cluster_primary_security_group",
      "provider": "provider[\"registry.terraform.io/hashicorp/aws\"]",
      "instances": [
        {
          "index_key": "Blueprint",
          "schema_version": 0,
          "attributes": {
            "id": "sg-08748e4e8529f48a9,Blueprint",
            "key": "Blueprint",
            "resource_id": "sg-08748e4e8529f48a9",
            "value": "eks-cluster-with-new-vpc"
          },
          "sensitive_attributes": [],
          "private": "bnVsbA==",
          "dependencies": [
            "data.aws_availability_zones.available",
            "module.eks_blueprints.data.aws_iam_policy_document.eks_key",
            "module.eks_blueprints.module.aws_eks.aws_cloudwatch_log_group.this",
            "module.eks_blueprints.module.aws_eks.aws_eks_cluster.this",
            "module.eks_blueprints.module.aws_eks.aws_iam_role.this",
            "module.eks_blueprints.module.aws_eks.aws_iam_role_policy_attachment.this",
            "module.eks_blueprints.module.aws_eks.aws_security_group.cluster",
            "module.eks_blueprints.module.aws_eks.aws_security_group.node",
            "module.eks_blueprints.module.aws_eks.aws_security_group_rule.cluster",
            "module.eks_blueprints.module.aws_eks.aws_security_group_rule.node",
            "module.eks_blueprints.module.aws_eks.data.aws_iam_policy_document.assume_role_policy",
            "module.eks_blueprints.module.aws_eks.data.aws_partition.current",
            "module.eks_blueprints.module.aws_eks.module.kms.aws_kms_external_key.this",
            "module.eks_blueprints.module.aws_eks.module.kms.aws_kms_key.this",
            "module.eks_blueprints.module.kms.aws_kms_key.this",
            "module.vpc.aws_subnet.private",
            "module.vpc.aws_vpc.this",
            "module.vpc.aws_vpc_ipv4_cidr_block_association.this"
          ]
        },
        {
          "index_key": "GithubRepo",
          "schema_version": 0,
          "attributes": {
            "id": "sg-08748e4e8529f48a9,GithubRepo",
            "key": "GithubRepo",
            "resource_id": "sg-08748e4e8529f48a9",
            "value": "github.com/aws-ia/terraform-aws-eks-blueprints"
          },
          "sensitive_attributes": [],
          "private": "bnVsbA==",
          "dependencies": [
            "data.aws_availability_zones.available",
            "module.eks_blueprints.data.aws_iam_policy_document.eks_key",
            "module.eks_blueprints.module.aws_eks.aws_cloudwatch_log_group.this",
            "module.eks_blueprints.module.aws_eks.aws_eks_cluster.this",
            "module.eks_blueprints.module.aws_eks.aws_iam_role.this",
            "module.eks_blueprints.module.aws_eks.aws_iam_role_policy_attachment.this",
            "module.eks_blueprints.module.aws_eks.aws_security_group.cluster",
            "module.eks_blueprints.module.aws_eks.aws_security_group.node",
            "module.eks_blueprints.module.aws_eks.aws_security_group_rule.cluster",
            "module.eks_blueprints.module.aws_eks.aws_security_group_rule.node",
            "module.eks_blueprints.module.aws_eks.data.aws_iam_policy_document.assume_role_policy",
            "module.eks_blueprints.module.aws_eks.data.aws_partition.current",
            "module.eks_blueprints.module.aws_eks.module.kms.aws_kms_external_key.this",
            "module.eks_blueprints.module.aws_eks.module.kms.aws_kms_key.this",
            "module.eks_blueprints.module.kms.aws_kms_key.this",
            "module.vpc.aws_subnet.private",
            "module.vpc.aws_vpc.this",
            "module.vpc.aws_vpc_ipv4_cidr_block_association.this"
          ]
        }
      ]
    },
    {
      "module": "module.eks_blueprints.module.aws_eks",
      "mode": "managed",
      "type": "aws_eks_cluster",
      "name": "this",
      "provider": "provider[\"registry.terraform.io/hashicorp/aws\"]",
      "instances": [
        {
          "index_key": 0,
          "schema_version": 0,
          "attributes": {
            "arn": "arn:aws:eks:eu-west-1:444943710238:cluster/eksworkshop-eksctl",
            "certificate_authority": [
              {
                "data": "LS0tLS1CRUdJTiBDRVJUSUZJQ0FURS0tLS0tCk1JSUMvakNDQWVhZ0F3SUJBZ0lCQURBTkJna3Foa2lHOXcwQkFRc0ZBREFWTVJNd0VRWURWUVFERXdwcmRXSmwKY201bGRHVnpNQjRYRFRJeU1URXdNakUxTXprek9Gb1hEVE15TVRBek1ERTFNemt6T0Zvd0ZURVRNQkVHQTFVRQpBeE1LYTNWaVpYSnVaWFJsY3pDQ0FTSXdEUVlKS29aSWh2Y05BUUVCQlFBRGdnRVBBRENDQVFvQ2dnRUJBUGdqCjlpSDVoakhraFRKbnBWQ2xPblVZdDl2T1lrMGdGMFFxM0xLUVBKVVFFN1NSWUF1ZDR3WHRBSjc3Y2ZJaDcySncKM1V3aGJUc2IxMWdQeEhZTWFmRGdDNmhRa1NTQUY3RVdEa1ZWM08vRE14TmZWZ0FZUFJVaUpLc2ZQVktyemIzYwpISzZvbzk2UHFEQy9pREJPTEVva1FrRklNRjFNNmhOaU43S2FiSC85aEtpMkg4WlhsRVBVT0d1bVVFenE3dGYxCi9mR010V3lMT0RGaFVDK20yQzE2S1IyQWJXYWNDaUZtZmh6azl1VXNxaGwrTjFMTElQVDFsZzFDWDJ5YVZVeVYKZGVpaldjV0w4bnRmZmZ6dWNlOUtINUoxdDJnTjlnNW1UdDVHdklodHB5VVVCV1ZuSFJHTnM4MCtTYkFEMm9KaApPY2tYelN0QUpVOEZGaFVhVVYwQ0F3RUFBYU5aTUZjd0RnWURWUjBQQVFIL0JBUURBZ0trTUE4R0ExVWRFd0VCCi93UUZNQU1CQWY4d0hRWURWUjBPQkJZRUZNOTFlYWpaSGc2SDBZRUZ1cS8vRXFieUZlcUJNQlVHQTFVZEVRUU8KTUF5Q0NtdDFZbVZ5Ym1WMFpYTXdEUVlKS29aSWh2Y05BUUVMQlFBRGdnRUJBREY1TW91MXhjTk95RThabXNzYwpJRThLdU1VUjRJNFc5S2UzRS92SHdtSFVwcHpoNUFFY2dLa2RrSGZvd3FzTWxmZTFyYzg3TFJsU1FWMlBUNUJYCk5nVXhSMndyN3RFYXRkbEZOMFo5aHhlVmwrQzc4TlRJTUI2QkhacldFeml1Ri9rU0czeWprYkFacHdka0dSa2kKazF1Unc2WkpBMEVjaG1aWEdJMTdzUzhWeEJsMCtZcUI5dFpkYXA4c1gvbVUza01IZ3ozZkdocUUzLzdxWFNzTwprTklSV2MzZHEyVW04OEw1bFlrREI5RnJhVEptOHNaalRramFNNUlwRExYeTZkcGFqL1F2dldsek9zM1FJVG85ClpHbGszNzcwMm9Qc2Z3OEtJbUNRYlVpWHdwTlR0TGhjVW5sb05xczF5aHdGT3BqcUdKZitUclNBL2R1TXVzZDgKZFJRPQotLS0tLUVORCBDRVJUSUZJQ0FURS0tLS0tCg=="
              }
            ],
            "created_at": "2022-11-02 15:34:11.04 +0000 UTC",
            "enabled_cluster_log_types": [
              "api",
              "audit",
              "authenticator",
              "controllerManager",
              "scheduler"
            ],
            "encryption_config": [
              {
                "provider": [
                  {
                    "key_arn": "arn:aws:kms:eu-west-1:444943710238:key/2b2a4ee8-1062-4be6-b82d-df6034f8ca41"
                  }
                ],
                "resources": [
                  "secrets"
                ]
              }
            ],
            "endpoint": "https://12B12A5AE2ECD6A56B1943B3102EA589.sk1.eu-west-1.eks.amazonaws.com",
            "id": "eksworkshop-eksctl",
            "identity": [
              {
                "oidc": [
                  {
                    "issuer": "https://oidc.eks.eu-west-1.amazonaws.com/id/12B12A5AE2ECD6A56B1943B3102EA589"
                  }
                ]
              }
            ],
            "kubernetes_network_config": [
              {
                "ip_family": "ipv4",
                "service_ipv4_cidr": "172.20.0.0/16",
                "service_ipv6_cidr": ""
              }
            ],
            "name": "eksworkshop-eksctl",
            "outpost_config": [],
            "platform_version": "eks.3",
            "role_arn": "arn:aws:iam::444943710238:role/eksworkshop-eksctl-cluster-role",
            "status": "ACTIVE",
            "tags": {
              "Blueprint": "eks-cluster-with-new-vpc",
              "GithubRepo": "github.com/aws-ia/terraform-aws-eks-blueprints"
            },
            "tags_all": {
              "Blueprint": "eks-cluster-with-new-vpc",
              "GithubRepo": "github.com/aws-ia/terraform-aws-eks-blueprints"
            },
            "timeouts": {
              "create": null,
              "delete": null,
              "update": null
            },
            "version": "1.23",
            "vpc_config": [
              {
                "cluster_security_group_id": "sg-08748e4e8529f48a9",
                "endpoint_private_access": false,
                "endpoint_public_access": true,
                "public_access_cidrs": [
                  "0.0.0.0/0"
                ],
                "security_group_ids": [
                  "sg-0f16edcaf4611effc"
                ],
                "subnet_ids": [
                  "subnet-00715a0c313c32ab5",
                  "subnet-05b72f3793c9ee483",
                  "subnet-0a6f454e4dfd8d3e8"
                ],
                "vpc_id": "vpc-0988d187b4dd10991"
              }
            ]
          },
          "sensitive_attributes": [],
          "private": "eyJlMmJmYjczMC1lY2FhLTExZTYtOGY4OC0zNDM2M2JjN2M0YzAiOnsiY3JlYXRlIjoxODAwMDAwMDAwMDAwLCJkZWxldGUiOjkwMDAwMDAwMDAwMCwidXBkYXRlIjozNjAwMDAwMDAwMDAwfX0=",
          "dependencies": [
            "data.aws_availability_zones.available",
            "module.eks_blueprints.data.aws_iam_policy_document.eks_key",
            "module.eks_blueprints.module.aws_eks.aws_cloudwatch_log_group.this",
            "module.eks_blueprints.module.aws_eks.aws_iam_role.this",
            "module.eks_blueprints.module.aws_eks.aws_iam_role_policy_attachment.this",
            "module.eks_blueprints.module.aws_eks.aws_security_group.cluster",
            "module.eks_blueprints.module.aws_eks.aws_security_group.node",
            "module.eks_blueprints.module.aws_eks.aws_security_group_rule.cluster",
            "module.eks_blueprints.module.aws_eks.aws_security_group_rule.node",
            "module.eks_blueprints.module.aws_eks.data.aws_iam_policy_document.assume_role_policy",
            "module.eks_blueprints.module.aws_eks.data.aws_partition.current",
            "module.eks_blueprints.module.aws_eks.module.kms.aws_kms_external_key.this",
            "module.eks_blueprints.module.aws_eks.module.kms.aws_kms_key.this",
            "module.eks_blueprints.module.kms.aws_kms_key.this",
            "module.vpc.aws_subnet.private",
            "module.vpc.aws_vpc.this",
            "module.vpc.aws_vpc_ipv4_cidr_block_association.this"
          ],
          "create_before_destroy": true
        }
      ]
    },
    {
      "module": "module.eks_blueprints.module.aws_eks",
      "mode": "managed",
      "type": "aws_iam_openid_connect_provider",
      "name": "oidc_provider",
      "provider": "provider[\"registry.terraform.io/hashicorp/aws\"]",
      "instances": [
        {
          "index_key": 0,
          "schema_version": 0,
          "attributes": {
            "arn": "arn:aws:iam::444943710238:oidc-provider/oidc.eks.eu-west-1.amazonaws.com/id/12B12A5AE2ECD6A56B1943B3102EA589",
            "client_id_list": [
              "sts.amazonaws.com"
            ],
            "id": "arn:aws:iam::444943710238:oidc-provider/oidc.eks.eu-west-1.amazonaws.com/id/12B12A5AE2ECD6A56B1943B3102EA589",
            "tags": {
              "Blueprint": "eks-cluster-with-new-vpc",
              "GithubRepo": "github.com/aws-ia/terraform-aws-eks-blueprints",
              "Name": "eksworkshop-eksctl-eks-irsa"
            },
            "tags_all": {
              "Blueprint": "eks-cluster-with-new-vpc",
              "GithubRepo": "github.com/aws-ia/terraform-aws-eks-blueprints",
              "Name": "eksworkshop-eksctl-eks-irsa"
            },
            "thumbprint_list": [
              "9e99a48a9960b14926bb7f3b02e22da2b0ab7280"
            ],
            "url": "oidc.eks.eu-west-1.amazonaws.com/id/12B12A5AE2ECD6A56B1943B3102EA589"
          },
          "sensitive_attributes": [],
          "private": "bnVsbA==",
          "dependencies": [
            "data.aws_availability_zones.available",
            "module.eks_blueprints.data.aws_iam_policy_document.eks_key",
            "module.eks_blueprints.module.aws_eks.aws_cloudwatch_log_group.this",
            "module.eks_blueprints.module.aws_eks.aws_eks_cluster.this",
            "module.eks_blueprints.module.aws_eks.aws_iam_role.this",
            "module.eks_blueprints.module.aws_eks.aws_iam_role_policy_attachment.this",
            "module.eks_blueprints.module.aws_eks.aws_security_group.cluster",
            "module.eks_blueprints.module.aws_eks.aws_security_group.node",
            "module.eks_blueprints.module.aws_eks.aws_security_group_rule.cluster",
            "module.eks_blueprints.module.aws_eks.aws_security_group_rule.node",
            "module.eks_blueprints.module.aws_eks.data.aws_iam_policy_document.assume_role_policy",
            "module.eks_blueprints.module.aws_eks.data.aws_partition.current",
            "module.eks_blueprints.module.aws_eks.data.tls_certificate.this",
            "module.eks_blueprints.module.aws_eks.module.kms.aws_kms_external_key.this",
            "module.eks_blueprints.module.aws_eks.module.kms.aws_kms_key.this",
            "module.eks_blueprints.module.kms.aws_kms_key.this",
            "module.vpc.aws_subnet.private",
            "module.vpc.aws_vpc.this",
            "module.vpc.aws_vpc_ipv4_cidr_block_association.this"
          ]
        }
      ]
    },
    {
      "module": "module.eks_blueprints.module.aws_eks",
      "mode": "managed",
      "type": "aws_iam_role",
      "name": "this",
      "provider": "provider[\"registry.terraform.io/hashicorp/aws\"]",
      "instances": [
        {
          "index_key": 0,
          "schema_version": 0,
          "attributes": {
            "arn": "arn:aws:iam::444943710238:role/eksworkshop-eksctl-cluster-role",
            "assume_role_policy": "{\"Statement\":[{\"Action\":\"sts:AssumeRole\",\"Effect\":\"Allow\",\"Principal\":{\"Service\":\"eks.amazonaws.com\"},\"Sid\":\"EKSClusterAssumeRole\"}],\"Version\":\"2012-10-17\"}",
            "create_date": "2022-11-02T15:33:41Z",
            "description": "",
            "force_detach_policies": true,
            "id": "eksworkshop-eksctl-cluster-role",
            "inline_policy": [],
            "managed_policy_arns": [],
            "max_session_duration": 3600,
            "name": "eksworkshop-eksctl-cluster-role",
            "name_prefix": "",
            "path": "/",
            "permissions_boundary": null,
            "tags": {
              "Blueprint": "eks-cluster-with-new-vpc",
              "GithubRepo": "github.com/aws-ia/terraform-aws-eks-blueprints"
            },
            "tags_all": {
              "Blueprint": "eks-cluster-with-new-vpc",
              "GithubRepo": "github.com/aws-ia/terraform-aws-eks-blueprints"
            },
            "unique_id": "AROAWPGFWHAPNEDZS5H4L"
          },
          "sensitive_attributes": [],
          "private": "bnVsbA==",
          "dependencies": [
            "module.eks_blueprints.module.aws_eks.aws_cloudwatch_log_group.this",
            "module.eks_blueprints.module.aws_eks.data.aws_iam_policy_document.assume_role_policy"
          ],
          "create_before_destroy": true
        }
      ]
    },
    {
      "module": "module.eks_blueprints.module.aws_eks",
      "mode": "managed",
      "type": "aws_iam_role_policy_attachment",
      "name": "this",
      "provider": "provider[\"registry.terraform.io/hashicorp/aws\"]",
      "instances": [
        {
          "index_key": "arn:aws:iam::aws:policy/AmazonEKSClusterPolicy",
          "schema_version": 0,
          "attributes": {
            "id": "eksworkshop-eksctl-cluster-role-20221102153342257500000002",
            "policy_arn": "arn:aws:iam::aws:policy/AmazonEKSClusterPolicy",
            "role": "eksworkshop-eksctl-cluster-role"
          },
          "sensitive_attributes": [],
          "private": "bnVsbA==",
          "dependencies": [
            "module.eks_blueprints.module.aws_eks.aws_cloudwatch_log_group.this",
            "module.eks_blueprints.module.aws_eks.aws_iam_role.this",
            "module.eks_blueprints.module.aws_eks.data.aws_iam_policy_document.assume_role_policy",
            "module.eks_blueprints.module.aws_eks.data.aws_partition.current"
          ],
          "create_before_destroy": true
        },
        {
          "index_key": "arn:aws:iam::aws:policy/AmazonEKSVPCResourceController",
          "schema_version": 0,
          "attributes": {
            "id": "eksworkshop-eksctl-cluster-role-20221102153342089700000001",
            "policy_arn": "arn:aws:iam::aws:policy/AmazonEKSVPCResourceController",
            "role": "eksworkshop-eksctl-cluster-role"
          },
          "sensitive_attributes": [],
          "private": "bnVsbA==",
          "dependencies": [
            "module.eks_blueprints.module.aws_eks.aws_cloudwatch_log_group.this",
            "module.eks_blueprints.module.aws_eks.aws_iam_role.this",
            "module.eks_blueprints.module.aws_eks.data.aws_iam_policy_document.assume_role_policy",
            "module.eks_blueprints.module.aws_eks.data.aws_partition.current"
          ],
          "create_before_destroy": true
        }
      ]
    },
    {
      "module": "module.eks_blueprints.module.aws_eks",
      "mode": "managed",
      "type": "aws_security_group",
      "name": "cluster",
      "provider": "provider[\"registry.terraform.io/hashicorp/aws\"]",
      "instances": [
        {
          "index_key": 0,
          "schema_version": 1,
          "attributes": {
            "arn": "arn:aws:ec2:eu-west-1:444943710238:security-group/sg-0f16edcaf4611effc",
            "description": "EKS cluster security group",
            "egress": [],
            "id": "sg-0f16edcaf4611effc",
            "ingress": [],
            "name": "eksworkshop-eksctl-cluster-20221102153352504300000003",
            "name_prefix": "eksworkshop-eksctl-cluster-",
            "owner_id": "444943710238",
            "revoke_rules_on_delete": false,
            "tags": {
              "Blueprint": "eks-cluster-with-new-vpc",
              "GithubRepo": "github.com/aws-ia/terraform-aws-eks-blueprints",
              "Name": "eksworkshop-eksctl-cluster"
            },
            "tags_all": {
              "Blueprint": "eks-cluster-with-new-vpc",
              "GithubRepo": "github.com/aws-ia/terraform-aws-eks-blueprints",
              "Name": "eksworkshop-eksctl-cluster"
            },
            "timeouts": null,
            "vpc_id": "vpc-0988d187b4dd10991"
          },
          "sensitive_attributes": [],
          "private": "eyJlMmJmYjczMC1lY2FhLTExZTYtOGY4OC0zNDM2M2JjN2M0YzAiOnsiY3JlYXRlIjo2MDAwMDAwMDAwMDAsImRlbGV0ZSI6OTAwMDAwMDAwMDAwfSwic2NoZW1hX3ZlcnNpb24iOiIxIn0=",
          "dependencies": [
            "module.vpc.aws_vpc.this"
          ],
          "create_before_destroy": true
        }
      ]
    },
    {
      "module": "module.eks_blueprints.module.aws_eks",
      "mode": "managed",
      "type": "aws_security_group",
      "name": "node",
      "provider": "provider[\"registry.terraform.io/hashicorp/aws\"]",
      "instances": [
        {
          "index_key": 0,
          "schema_version": 1,
          "attributes": {
            "arn": "arn:aws:ec2:eu-west-1:444943710238:security-group/sg-07e7413ddf73802cc",
            "description": "EKS node shared security group",
            "egress": [],
            "id": "sg-07e7413ddf73802cc",
            "ingress": [],
            "name": "eksworkshop-eksctl-node-20221102153352657500000004",
            "name_prefix": "eksworkshop-eksctl-node-",
            "owner_id": "444943710238",
            "revoke_rules_on_delete": false,
            "tags": {
              "Blueprint": "eks-cluster-with-new-vpc",
              "GithubRepo": "github.com/aws-ia/terraform-aws-eks-blueprints",
              "Name": "eksworkshop-eksctl-node",
              "kubernetes.io/cluster/eksworkshop-eksctl": "owned"
            },
            "tags_all": {
              "Blueprint": "eks-cluster-with-new-vpc",
              "GithubRepo": "github.com/aws-ia/terraform-aws-eks-blueprints",
              "Name": "eksworkshop-eksctl-node",
              "kubernetes.io/cluster/eksworkshop-eksctl": "owned"
            },
            "timeouts": null,
            "vpc_id": "vpc-0988d187b4dd10991"
          },
          "sensitive_attributes": [],
          "private": "eyJlMmJmYjczMC1lY2FhLTExZTYtOGY4OC0zNDM2M2JjN2M0YzAiOnsiY3JlYXRlIjo2MDAwMDAwMDAwMDAsImRlbGV0ZSI6OTAwMDAwMDAwMDAwfSwic2NoZW1hX3ZlcnNpb24iOiIxIn0=",
          "dependencies": [
            "module.vpc.aws_vpc.this"
          ],
          "create_before_destroy": true
        }
      ]
    },
    {
      "module": "module.eks_blueprints.module.aws_eks",
      "mode": "managed",
      "type": "aws_security_group_rule",
      "name": "cluster",
      "provider": "provider[\"registry.terraform.io/hashicorp/aws\"]",
      "instances": [
        {
          "index_key": "egress_nodes_443",
          "schema_version": 2,
          "attributes": {
            "cidr_blocks": null,
            "description": "Cluster API to node groups",
            "from_port": 443,
            "id": "sgrule-3636428484",
            "ipv6_cidr_blocks": null,
            "prefix_list_ids": [],
            "protocol": "tcp",
            "security_group_id": "sg-0f16edcaf4611effc",
            "self": false,
            "source_security_group_id": "sg-07e7413ddf73802cc",
            "timeouts": null,
            "to_port": 443,
            "type": "egress"
          },
          "sensitive_attributes": [],
          "private": "eyJlMmJmYjczMC1lY2FhLTExZTYtOGY4OC0zNDM2M2JjN2M0YzAiOnsiY3JlYXRlIjozMDAwMDAwMDAwMDB9LCJzY2hlbWFfdmVyc2lvbiI6IjIifQ==",
          "dependencies": [
            "module.eks_blueprints.module.aws_eks.aws_security_group.cluster",
            "module.eks_blueprints.module.aws_eks.aws_security_group.node",
            "module.vpc.aws_vpc.this"
          ],
          "create_before_destroy": true
        },
        {
          "index_key": "egress_nodes_kubelet",
          "schema_version": 2,
          "attributes": {
            "cidr_blocks": null,
            "description": "Cluster API to node kubelets",
            "from_port": 10250,
            "id": "sgrule-2777526752",
            "ipv6_cidr_blocks": null,
            "prefix_list_ids": [],
            "protocol": "tcp",
            "security_group_id": "sg-0f16edcaf4611effc",
            "self": false,
            "source_security_group_id": "sg-07e7413ddf73802cc",
            "timeouts": null,
            "to_port": 10250,
            "type": "egress"
          },
          "sensitive_attributes": [],
          "private": "eyJlMmJmYjczMC1lY2FhLTExZTYtOGY4OC0zNDM2M2JjN2M0YzAiOnsiY3JlYXRlIjozMDAwMDAwMDAwMDB9LCJzY2hlbWFfdmVyc2lvbiI6IjIifQ==",
          "dependencies": [
            "module.eks_blueprints.module.aws_eks.aws_security_group.cluster",
            "module.eks_blueprints.module.aws_eks.aws_security_group.node",
            "module.vpc.aws_vpc.this"
          ],
          "create_before_destroy": true
        },
        {
          "index_key": "ingress_nodes_443",
          "schema_version": 2,
          "attributes": {
            "cidr_blocks": null,
            "description": "Node groups to cluster API",
            "from_port": 443,
            "id": "sgrule-2335419501",
            "ipv6_cidr_blocks": null,
            "prefix_list_ids": [],
            "protocol": "tcp",
            "security_group_id": "sg-0f16edcaf4611effc",
            "self": false,
            "source_security_group_id": "sg-07e7413ddf73802cc",
            "timeouts": null,
            "to_port": 443,
            "type": "ingress"
          },
          "sensitive_attributes": [],
          "private": "eyJlMmJmYjczMC1lY2FhLTExZTYtOGY4OC0zNDM2M2JjN2M0YzAiOnsiY3JlYXRlIjozMDAwMDAwMDAwMDB9LCJzY2hlbWFfdmVyc2lvbiI6IjIifQ==",
          "dependencies": [
            "module.eks_blueprints.module.aws_eks.aws_security_group.cluster",
            "module.eks_blueprints.module.aws_eks.aws_security_group.node",
            "module.vpc.aws_vpc.this"
          ],
          "create_before_destroy": true
        }
      ]
    },
    {
      "module": "module.eks_blueprints.module.aws_eks",
      "mode": "managed",
      "type": "aws_security_group_rule",
      "name": "node",
      "provider": "provider[\"registry.terraform.io/hashicorp/aws\"]",
      "instances": [
        {
          "index_key": "egress_cluster_443",
          "schema_version": 2,
          "attributes": {
            "cidr_blocks": null,
            "description": "Node groups to cluster API",
            "from_port": 443,
            "id": "sgrule-53417962",
            "ipv6_cidr_blocks": null,
            "prefix_list_ids": [],
            "protocol": "tcp",
            "security_group_id": "sg-07e7413ddf73802cc",
            "self": false,
            "source_security_group_id": "sg-0f16edcaf4611effc",
            "timeouts": null,
            "to_port": 443,
            "type": "egress"
          },
          "sensitive_attributes": [],
          "private": "eyJlMmJmYjczMC1lY2FhLTExZTYtOGY4OC0zNDM2M2JjN2M0YzAiOnsiY3JlYXRlIjozMDAwMDAwMDAwMDB9LCJzY2hlbWFfdmVyc2lvbiI6IjIifQ==",
          "dependencies": [
            "module.eks_blueprints.module.aws_eks.aws_security_group.cluster",
            "module.eks_blueprints.module.aws_eks.aws_security_group.node",
            "module.vpc.aws_vpc.this"
          ],
          "create_before_destroy": true
        },
        {
          "index_key": "egress_https",
          "schema_version": 2,
          "attributes": {
            "cidr_blocks": [
              "0.0.0.0/0"
            ],
            "description": "Egress all HTTPS to internet",
            "from_port": 443,
            "id": "sgrule-1662711318",
            "ipv6_cidr_blocks": null,
            "prefix_list_ids": [],
            "protocol": "tcp",
            "security_group_id": "sg-07e7413ddf73802cc",
            "self": false,
            "source_security_group_id": null,
            "timeouts": null,
            "to_port": 443,
            "type": "egress"
          },
          "sensitive_attributes": [],
          "private": "eyJlMmJmYjczMC1lY2FhLTExZTYtOGY4OC0zNDM2M2JjN2M0YzAiOnsiY3JlYXRlIjozMDAwMDAwMDAwMDB9LCJzY2hlbWFfdmVyc2lvbiI6IjIifQ==",
          "dependencies": [
            "module.eks_blueprints.module.aws_eks.aws_security_group.cluster",
            "module.eks_blueprints.module.aws_eks.aws_security_group.node",
            "module.vpc.aws_vpc.this"
          ],
          "create_before_destroy": true
        },
        {
          "index_key": "egress_ntp_tcp",
          "schema_version": 2,
          "attributes": {
            "cidr_blocks": [
              "0.0.0.0/0"
            ],
            "description": "Egress NTP/TCP to internet",
            "from_port": 123,
            "id": "sgrule-3167013640",
            "ipv6_cidr_blocks": null,
            "prefix_list_ids": [],
            "protocol": "tcp",
            "security_group_id": "sg-07e7413ddf73802cc",
            "self": false,
            "source_security_group_id": null,
            "timeouts": null,
            "to_port": 123,
            "type": "egress"
          },
          "sensitive_attributes": [],
          "private": "eyJlMmJmYjczMC1lY2FhLTExZTYtOGY4OC0zNDM2M2JjN2M0YzAiOnsiY3JlYXRlIjozMDAwMDAwMDAwMDB9LCJzY2hlbWFfdmVyc2lvbiI6IjIifQ==",
          "dependencies": [
            "module.eks_blueprints.module.aws_eks.aws_security_group.cluster",
            "module.eks_blueprints.module.aws_eks.aws_security_group.node",
            "module.vpc.aws_vpc.this"
          ],
          "create_before_destroy": true
        },
        {
          "index_key": "egress_ntp_udp",
          "schema_version": 2,
          "attributes": {
            "cidr_blocks": [
              "0.0.0.0/0"
            ],
            "description": "Egress NTP/UDP to internet",
            "from_port": 123,
            "id": "sgrule-3260739077",
            "ipv6_cidr_blocks": null,
            "prefix_list_ids": [],
            "protocol": "udp",
            "security_group_id": "sg-07e7413ddf73802cc",
            "self": false,
            "source_security_group_id": null,
            "timeouts": null,
            "to_port": 123,
            "type": "egress"
          },
          "sensitive_attributes": [],
          "private": "eyJlMmJmYjczMC1lY2FhLTExZTYtOGY4OC0zNDM2M2JjN2M0YzAiOnsiY3JlYXRlIjozMDAwMDAwMDAwMDB9LCJzY2hlbWFfdmVyc2lvbiI6IjIifQ==",
          "dependencies": [
            "module.eks_blueprints.module.aws_eks.aws_security_group.cluster",
            "module.eks_blueprints.module.aws_eks.aws_security_group.node",
            "module.vpc.aws_vpc.this"
          ],
          "create_before_destroy": true
        },
        {
          "index_key": "egress_self_coredns_tcp",
          "schema_version": 2,
          "attributes": {
            "cidr_blocks": null,
            "description": "Node to node CoreDNS",
            "from_port": 53,
            "id": "sgrule-1609390656",
            "ipv6_cidr_blocks": null,
            "prefix_list_ids": [],
            "protocol": "tcp",
            "security_group_id": "sg-07e7413ddf73802cc",
            "self": true,
            "source_security_group_id": null,
            "timeouts": null,
            "to_port": 53,
            "type": "egress"
          },
          "sensitive_attributes": [],
          "private": "eyJlMmJmYjczMC1lY2FhLTExZTYtOGY4OC0zNDM2M2JjN2M0YzAiOnsiY3JlYXRlIjozMDAwMDAwMDAwMDB9LCJzY2hlbWFfdmVyc2lvbiI6IjIifQ==",
          "dependencies": [
            "module.eks_blueprints.module.aws_eks.aws_security_group.cluster",
            "module.eks_blueprints.module.aws_eks.aws_security_group.node",
            "module.vpc.aws_vpc.this"
          ],
          "create_before_destroy": true
        },
        {
          "index_key": "egress_self_coredns_udp",
          "schema_version": 2,
          "attributes": {
            "cidr_blocks": null,
            "description": "Node to node CoreDNS",
            "from_port": 53,
            "id": "sgrule-3515537446",
            "ipv6_cidr_blocks": null,
            "prefix_list_ids": [],
            "protocol": "udp",
            "security_group_id": "sg-07e7413ddf73802cc",
            "self": true,
            "source_security_group_id": null,
            "timeouts": null,
            "to_port": 53,
            "type": "egress"
          },
          "sensitive_attributes": [],
          "private": "eyJlMmJmYjczMC1lY2FhLTExZTYtOGY4OC0zNDM2M2JjN2M0YzAiOnsiY3JlYXRlIjozMDAwMDAwMDAwMDB9LCJzY2hlbWFfdmVyc2lvbiI6IjIifQ==",
          "dependencies": [
            "module.eks_blueprints.module.aws_eks.aws_security_group.cluster",
            "module.eks_blueprints.module.aws_eks.aws_security_group.node",
            "module.vpc.aws_vpc.this"
          ],
          "create_before_destroy": true
        },
        {
          "index_key": "ingress_cluster_443",
          "schema_version": 2,
          "attributes": {
            "cidr_blocks": null,
            "description": "Cluster API to node groups",
            "from_port": 443,
            "id": "sgrule-1905278727",
            "ipv6_cidr_blocks": null,
            "prefix_list_ids": [],
            "protocol": "tcp",
            "security_group_id": "sg-07e7413ddf73802cc",
            "self": false,
            "source_security_group_id": "sg-0f16edcaf4611effc",
            "timeouts": null,
            "to_port": 443,
            "type": "ingress"
          },
          "sensitive_attributes": [],
          "private": "eyJlMmJmYjczMC1lY2FhLTExZTYtOGY4OC0zNDM2M2JjN2M0YzAiOnsiY3JlYXRlIjozMDAwMDAwMDAwMDB9LCJzY2hlbWFfdmVyc2lvbiI6IjIifQ==",
          "dependencies": [
            "module.eks_blueprints.module.aws_eks.aws_security_group.cluster",
            "module.eks_blueprints.module.aws_eks.aws_security_group.node",
            "module.vpc.aws_vpc.this"
          ],
          "create_before_destroy": true
        },
        {
          "index_key": "ingress_cluster_kubelet",
          "schema_version": 2,
          "attributes": {
            "cidr_blocks": null,
            "description": "Cluster API to node kubelets",
            "from_port": 10250,
            "id": "sgrule-3342134852",
            "ipv6_cidr_blocks": null,
            "prefix_list_ids": [],
            "protocol": "tcp",
            "security_group_id": "sg-07e7413ddf73802cc",
            "self": false,
            "source_security_group_id": "sg-0f16edcaf4611effc",
            "timeouts": null,
            "to_port": 10250,
            "type": "ingress"
          },
          "sensitive_attributes": [],
          "private": "eyJlMmJmYjczMC1lY2FhLTExZTYtOGY4OC0zNDM2M2JjN2M0YzAiOnsiY3JlYXRlIjozMDAwMDAwMDAwMDB9LCJzY2hlbWFfdmVyc2lvbiI6IjIifQ==",
          "dependencies": [
            "module.eks_blueprints.module.aws_eks.aws_security_group.cluster",
            "module.eks_blueprints.module.aws_eks.aws_security_group.node",
            "module.vpc.aws_vpc.this"
          ],
          "create_before_destroy": true
        },
        {
          "index_key": "ingress_self_coredns_tcp",
          "schema_version": 2,
          "attributes": {
            "cidr_blocks": null,
            "description": "Node to node CoreDNS",
            "from_port": 53,
            "id": "sgrule-1633794416",
            "ipv6_cidr_blocks": null,
            "prefix_list_ids": [],
            "protocol": "tcp",
            "security_group_id": "sg-07e7413ddf73802cc",
            "self": true,
            "source_security_group_id": null,
            "timeouts": null,
            "to_port": 53,
            "type": "ingress"
          },
          "sensitive_attributes": [],
          "private": "eyJlMmJmYjczMC1lY2FhLTExZTYtOGY4OC0zNDM2M2JjN2M0YzAiOnsiY3JlYXRlIjozMDAwMDAwMDAwMDB9LCJzY2hlbWFfdmVyc2lvbiI6IjIifQ==",
          "dependencies": [
            "module.eks_blueprints.module.aws_eks.aws_security_group.cluster",
            "module.eks_blueprints.module.aws_eks.aws_security_group.node",
            "module.vpc.aws_vpc.this"
          ],
          "create_before_destroy": true
        },
        {
          "index_key": "ingress_self_coredns_udp",
          "schema_version": 2,
          "attributes": {
            "cidr_blocks": null,
            "description": "Node to node CoreDNS",
            "from_port": 53,
            "id": "sgrule-3309181599",
            "ipv6_cidr_blocks": null,
            "prefix_list_ids": [],
            "protocol": "udp",
            "security_group_id": "sg-07e7413ddf73802cc",
            "self": true,
            "source_security_group_id": null,
            "timeouts": null,
            "to_port": 53,
            "type": "ingress"
          },
          "sensitive_attributes": [],
          "private": "eyJlMmJmYjczMC1lY2FhLTExZTYtOGY4OC0zNDM2M2JjN2M0YzAiOnsiY3JlYXRlIjozMDAwMDAwMDAwMDB9LCJzY2hlbWFfdmVyc2lvbiI6IjIifQ==",
          "dependencies": [
            "module.eks_blueprints.module.aws_eks.aws_security_group.cluster",
            "module.eks_blueprints.module.aws_eks.aws_security_group.node",
            "module.vpc.aws_vpc.this"
          ],
          "create_before_destroy": true
        }
      ]
    },
    {
      "module": "module.eks_blueprints.module.aws_eks.module.kms",
      "mode": "data",
      "type": "aws_caller_identity",
      "name": "current",
      "provider": "provider[\"registry.terraform.io/hashicorp/aws\"]",
      "instances": [
        {
          "schema_version": 0,
          "attributes": {
            "account_id": "444943710238",
            "arn": "arn:aws:sts::444943710238:assumed-role/OrganizationFormationBuildAccessRole/OrganizationFormationBuild",
            "id": "444943710238",
            "user_id": "AROAWPGFWHAPLYLXU2JWU:OrganizationFormationBuild"
          },
          "sensitive_attributes": []
        }
      ]
    },
    {
      "module": "module.eks_blueprints.module.aws_eks.module.kms",
      "mode": "data",
      "type": "aws_partition",
      "name": "current",
      "provider": "provider[\"registry.terraform.io/hashicorp/aws\"]",
      "instances": [
        {
          "schema_version": 0,
          "attributes": {
            "dns_suffix": "amazonaws.com",
            "id": "aws",
            "partition": "aws",
            "reverse_dns_prefix": "com.amazonaws"
          },
          "sensitive_attributes": []
        }
      ]
    },
    {
      "module": "module.eks_blueprints.module.aws_eks_managed_node_groups[\"mg_5\"]",
      "mode": "data",
      "type": "aws_iam_policy_document",
      "name": "managed_ng_assume_role_policy",
      "provider": "provider[\"registry.terraform.io/hashicorp/aws\"]",
      "instances": [
        {
          "schema_version": 0,
          "attributes": {
            "id": "3778018924",
            "json": "{\n  \"Version\": \"2012-10-17\",\n  \"Statement\": [\n    {\n      \"Sid\": \"EKSWorkerAssumeRole\",\n      \"Effect\": \"Allow\",\n      \"Action\": \"sts:AssumeRole\",\n      \"Principal\": {\n        \"Service\": \"ec2.amazonaws.com\"\n      }\n    }\n  ]\n}",
            "override_json": null,
            "override_policy_documents": null,
            "policy_id": null,
            "source_json": null,
            "source_policy_documents": null,
            "statement": [
              {
                "actions": [
                  "sts:AssumeRole"
                ],
                "condition": [],
                "effect": "Allow",
                "not_actions": [],
                "not_principals": [],
                "not_resources": [],
                "principals": [
                  {
                    "identifiers": [
                      "ec2.amazonaws.com"
                    ],
                    "type": "Service"
                  }
                ],
                "resources": [],
                "sid": "EKSWorkerAssumeRole"
              }
            ],
            "version": "2012-10-17"
          },
          "sensitive_attributes": []
        }
      ]
    },
    {
      "module": "module.eks_blueprints.module.aws_eks_managed_node_groups[\"mg_5\"]",
      "mode": "managed",
      "type": "aws_eks_node_group",
      "name": "managed_ng",
      "provider": "provider[\"registry.terraform.io/hashicorp/aws\"]",
      "instances": []
    },
    {
      "module": "module.eks_blueprints.module.aws_eks_managed_node_groups[\"mg_5\"]",
      "mode": "managed",
      "type": "aws_iam_instance_profile",
      "name": "managed_ng",
      "provider": "provider[\"registry.terraform.io/hashicorp/aws\"]",
      "instances": []
    },
    {
      "module": "module.eks_blueprints.module.aws_eks_managed_node_groups[\"mg_5\"]",
      "mode": "managed",
      "type": "aws_iam_role_policy_attachment",
      "name": "managed_ng",
      "provider": "provider[\"registry.terraform.io/hashicorp/aws\"]",
      "instances": []
    },
    {
      "module": "module.eks_blueprints.module.aws_eks_managed_node_groups[\"mg_5\"]",
      "mode": "managed",
      "type": "aws_launch_template",
      "name": "managed_node_groups",
      "provider": "provider[\"registry.terraform.io/hashicorp/aws\"]",
      "instances": []
    },
    {
      "module": "module.eks_blueprints.module.kms[0]",
      "mode": "managed",
      "type": "aws_kms_alias",
      "name": "this",
      "provider": "provider[\"registry.terraform.io/hashicorp/aws\"]",
      "instances": [
        {
          "schema_version": 0,
          "attributes": {
            "arn": "arn:aws:kms:eu-west-1:444943710238:alias/eksworkshop-eksctl",
            "id": "alias/eksworkshop-eksctl",
            "name": "alias/eksworkshop-eksctl",
            "name_prefix": "",
            "target_key_arn": "arn:aws:kms:eu-west-1:444943710238:key/2b2a4ee8-1062-4be6-b82d-df6034f8ca41",
            "target_key_id": "2b2a4ee8-1062-4be6-b82d-df6034f8ca41"
          },
          "sensitive_attributes": [],
          "private": "bnVsbA==",
          "dependencies": [
            "module.eks_blueprints.data.aws_iam_policy_document.eks_key",
            "module.eks_blueprints.module.kms.aws_kms_key.this"
          ]
        }
      ]
    },
    {
      "module": "module.eks_blueprints.module.kms[0]",
      "mode": "managed",
      "type": "aws_kms_key",
      "name": "this",
      "provider": "provider[\"registry.terraform.io/hashicorp/aws\"]",
      "instances": [
        {
          "schema_version": 0,
          "attributes": {
            "arn": "arn:aws:kms:eu-west-1:444943710238:key/2b2a4ee8-1062-4be6-b82d-df6034f8ca41",
            "bypass_policy_lockout_safety_check": false,
            "custom_key_store_id": "",
            "customer_master_key_spec": "SYMMETRIC_DEFAULT",
            "deletion_window_in_days": 30,
            "description": "eksworkshop-eksctl EKS cluster secret encryption key",
            "enable_key_rotation": true,
            "id": "2b2a4ee8-1062-4be6-b82d-df6034f8ca41",
            "is_enabled": true,
            "key_id": "2b2a4ee8-1062-4be6-b82d-df6034f8ca41",
            "key_usage": "ENCRYPT_DECRYPT",
            "multi_region": false,
            "policy": "{\n  \"Version\": \"2012-10-17\",\n  \"Statement\": [\n    {\n      \"Sid\": \"Allow access for all principals in the account that are authorized\",\n      \"Effect\": \"Allow\",\n      \"Action\": [\n        \"kms:ReEncrypt*\",\n        \"kms:GenerateDataKey*\",\n        \"kms:Encrypt\",\n        \"kms:DescribeKey\",\n        \"kms:Decrypt\",\n        \"kms:CreateGrant\"\n      ],\n      \"Resource\": \"*\",\n      \"Principal\": {\n        \"AWS\": \"arn:aws:iam::444943710238:root\"\n      },\n      \"Condition\": {\n        \"StringEquals\": {\n          \"kms:CallerAccount\": \"444943710238\",\n          \"kms:ViaService\": \"eks.eu-west-1.amazonaws.com\"\n        }\n      }\n    },\n    {\n      \"Sid\": \"Allow direct access to key metadata to the account\",\n      \"Effect\": \"Allow\",\n      \"Action\": [\n        \"kms:RevokeGrant\",\n        \"kms:List*\",\n        \"kms:Get*\",\n        \"kms:Describe*\"\n      ],\n      \"Resource\": \"*\",\n      \"Principal\": {\n        \"AWS\": \"arn:aws:iam::444943710238:root\"\n      }\n    },\n    {\n      \"Sid\": \"Allow access for Key Administrators\",\n      \"Effect\": \"Allow\",\n      \"Action\": \"kms:*\",\n      \"Resource\": \"*\",\n      \"Principal\": {\n        \"AWS\": \"arn:aws:iam::444943710238:role/OrganizationFormationBuildAccessRole\"\n      }\n    },\n    {\n      \"Sid\": \"Allow use of the key\",\n      \"Effect\": \"Allow\",\n      \"Action\": [\n        \"kms:ReEncrypt*\",\n        \"kms:GenerateDataKey*\",\n        \"kms:Encrypt\",\n        \"kms:DescribeKey\",\n        \"kms:Decrypt\"\n      ],\n      \"Resource\": \"*\",\n      \"Principal\": {\n        \"AWS\": \"arn:aws:iam::444943710238:role/eksworkshop-eksctl-cluster-role\"\n      }\n    },\n    {\n      \"Sid\": \"Allow attachment of persistent resources\",\n      \"Effect\": \"Allow\",\n      \"Action\": [\n        \"kms:RevokeGrant\",\n        \"kms:ListGrants\",\n        \"kms:CreateGrant\"\n      ],\n      \"Resource\": \"*\",\n      \"Principal\": {\n        \"AWS\": \"arn:aws:iam::444943710238:role/eksworkshop-eksctl-cluster-role\"\n      },\n      \"Condition\": {\n        \"Bool\": {\n          \"kms:GrantIsForAWSResource\": \"true\"\n        }\n      }\n    }\n  ]\n}",
            "tags": {
              "Blueprint": "eks-cluster-with-new-vpc",
              "GithubRepo": "github.com/aws-ia/terraform-aws-eks-blueprints"
            },
            "tags_all": {
              "Blueprint": "eks-cluster-with-new-vpc",
              "GithubRepo": "github.com/aws-ia/terraform-aws-eks-blueprints"
            }
          },
          "sensitive_attributes": [],
          "private": "bnVsbA==",
          "dependencies": [
            "module.eks_blueprints.data.aws_iam_policy_document.eks_key"
          ],
          "create_before_destroy": true
        }
      ]
    },
    {
      "module": "module.eks_blueprints_kubernetes_addons",
      "mode": "data",
      "type": "aws_caller_identity",
      "name": "current",
      "provider": "provider[\"registry.terraform.io/hashicorp/aws\"]",
      "instances": [
        {
          "schema_version": 0,
          "attributes": {
            "account_id": "444943710238",
            "arn": "arn:aws:sts::444943710238:assumed-role/OrganizationFormationBuildAccessRole/OrganizationFormationBuild",
            "id": "444943710238",
            "user_id": "AROAWPGFWHAPLYLXU2JWU:OrganizationFormationBuild"
          },
          "sensitive_attributes": []
        }
      ]
    },
    {
      "module": "module.eks_blueprints_kubernetes_addons",
      "mode": "data",
      "type": "aws_eks_cluster",
      "name": "eks_cluster",
      "provider": "provider[\"registry.terraform.io/hashicorp/aws\"]",
      "instances": [
        {
          "schema_version": 0,
          "attributes": {
            "arn": "arn:aws:eks:eu-west-1:444943710238:cluster/eksworkshop-eksctl",
            "certificate_authority": [
              {
                "data": "LS0tLS1CRUdJTiBDRVJUSUZJQ0FURS0tLS0tCk1JSUMvakNDQWVhZ0F3SUJBZ0lCQURBTkJna3Foa2lHOXcwQkFRc0ZBREFWTVJNd0VRWURWUVFERXdwcmRXSmwKY201bGRHVnpNQjRYRFRJeU1URXdNakUxTXprek9Gb1hEVE15TVRBek1ERTFNemt6T0Zvd0ZURVRNQkVHQTFVRQpBeE1LYTNWaVpYSnVaWFJsY3pDQ0FTSXdEUVlKS29aSWh2Y05BUUVCQlFBRGdnRVBBRENDQVFvQ2dnRUJBUGdqCjlpSDVoakhraFRKbnBWQ2xPblVZdDl2T1lrMGdGMFFxM0xLUVBKVVFFN1NSWUF1ZDR3WHRBSjc3Y2ZJaDcySncKM1V3aGJUc2IxMWdQeEhZTWFmRGdDNmhRa1NTQUY3RVdEa1ZWM08vRE14TmZWZ0FZUFJVaUpLc2ZQVktyemIzYwpISzZvbzk2UHFEQy9pREJPTEVva1FrRklNRjFNNmhOaU43S2FiSC85aEtpMkg4WlhsRVBVT0d1bVVFenE3dGYxCi9mR010V3lMT0RGaFVDK20yQzE2S1IyQWJXYWNDaUZtZmh6azl1VXNxaGwrTjFMTElQVDFsZzFDWDJ5YVZVeVYKZGVpaldjV0w4bnRmZmZ6dWNlOUtINUoxdDJnTjlnNW1UdDVHdklodHB5VVVCV1ZuSFJHTnM4MCtTYkFEMm9KaApPY2tYelN0QUpVOEZGaFVhVVYwQ0F3RUFBYU5aTUZjd0RnWURWUjBQQVFIL0JBUURBZ0trTUE4R0ExVWRFd0VCCi93UUZNQU1CQWY4d0hRWURWUjBPQkJZRUZNOTFlYWpaSGc2SDBZRUZ1cS8vRXFieUZlcUJNQlVHQTFVZEVRUU8KTUF5Q0NtdDFZbVZ5Ym1WMFpYTXdEUVlKS29aSWh2Y05BUUVMQlFBRGdnRUJBREY1TW91MXhjTk95RThabXNzYwpJRThLdU1VUjRJNFc5S2UzRS92SHdtSFVwcHpoNUFFY2dLa2RrSGZvd3FzTWxmZTFyYzg3TFJsU1FWMlBUNUJYCk5nVXhSMndyN3RFYXRkbEZOMFo5aHhlVmwrQzc4TlRJTUI2QkhacldFeml1Ri9rU0czeWprYkFacHdka0dSa2kKazF1Unc2WkpBMEVjaG1aWEdJMTdzUzhWeEJsMCtZcUI5dFpkYXA4c1gvbVUza01IZ3ozZkdocUUzLzdxWFNzTwprTklSV2MzZHEyVW04OEw1bFlrREI5RnJhVEptOHNaalRramFNNUlwRExYeTZkcGFqL1F2dldsek9zM1FJVG85ClpHbGszNzcwMm9Qc2Z3OEtJbUNRYlVpWHdwTlR0TGhjVW5sb05xczF5aHdGT3BqcUdKZitUclNBL2R1TXVzZDgKZFJRPQotLS0tLUVORCBDRVJUSUZJQ0FURS0tLS0tCg=="
              }
            ],
            "created_at": "2022-11-02 15:34:11.04 +0000 UTC",
            "enabled_cluster_log_types": [
              "api",
              "audit",
              "authenticator",
              "controllerManager",
              "scheduler"
            ],
            "endpoint": "https://12B12A5AE2ECD6A56B1943B3102EA589.sk1.eu-west-1.eks.amazonaws.com",
            "id": "eksworkshop-eksctl",
            "identity": [
              {
                "oidc": [
                  {
                    "issuer": "https://oidc.eks.eu-west-1.amazonaws.com/id/12B12A5AE2ECD6A56B1943B3102EA589"
                  }
                ]
              }
            ],
            "kubernetes_network_config": [
              {
                "ip_family": "ipv4",
                "service_ipv4_cidr": "172.20.0.0/16",
                "service_ipv6_cidr": ""
              }
            ],
            "name": "eksworkshop-eksctl",
            "outpost_config": [],
            "platform_version": "eks.3",
            "role_arn": "arn:aws:iam::444943710238:role/eksworkshop-eksctl-cluster-role",
            "status": "ACTIVE",
            "tags": {
              "Blueprint": "eks-cluster-with-new-vpc",
              "GithubRepo": "github.com/aws-ia/terraform-aws-eks-blueprints"
            },
            "version": "1.23",
            "vpc_config": [
              {
                "cluster_security_group_id": "sg-08748e4e8529f48a9",
                "endpoint_private_access": false,
                "endpoint_public_access": true,
                "public_access_cidrs": [
                  "0.0.0.0/0"
                ],
                "security_group_ids": [
                  "sg-0f16edcaf4611effc"
                ],
                "subnet_ids": [
                  "subnet-00715a0c313c32ab5",
                  "subnet-05b72f3793c9ee483",
                  "subnet-0a6f454e4dfd8d3e8"
                ],
                "vpc_id": "vpc-0988d187b4dd10991"
              }
            ]
          },
          "sensitive_attributes": []
        }
      ]
    },
    {
      "module": "module.eks_blueprints_kubernetes_addons",
      "mode": "data",
      "type": "aws_partition",
      "name": "current",
      "provider": "provider[\"registry.terraform.io/hashicorp/aws\"]",
      "instances": [
        {
          "schema_version": 0,
          "attributes": {
            "dns_suffix": "amazonaws.com",
            "id": "aws",
            "partition": "aws",
            "reverse_dns_prefix": "com.amazonaws"
          },
          "sensitive_attributes": []
        }
      ]
    },
    {
      "module": "module.eks_blueprints_kubernetes_addons",
      "mode": "data",
      "type": "aws_region",
      "name": "current",
      "provider": "provider[\"registry.terraform.io/hashicorp/aws\"]",
      "instances": [
        {
          "schema_version": 0,
          "attributes": {
            "description": "Europe (Ireland)",
            "endpoint": "ec2.eu-west-1.amazonaws.com",
            "id": "eu-west-1",
            "name": "eu-west-1"
          },
          "sensitive_attributes": []
        }
      ]
    },
    {
      "module": "module.eks_blueprints_kubernetes_addons",
      "mode": "managed",
      "type": "time_sleep",
      "name": "dataplane",
      "provider": "provider[\"registry.terraform.io/hashicorp/time\"]",
      "instances": [
        {
          "schema_version": 0,
          "attributes": {
            "create_duration": "10s",
            "destroy_duration": null,
            "id": "2022-11-02T15:44:22Z",
            "triggers": {
              "data_plane_wait_arn": "",
              "eks_cluster_id": "eksworkshop-eksctl"
            }
          },
          "sensitive_attributes": [],
          "dependencies": [
            "data.aws_availability_zones.available",
            "module.eks_blueprints.data.aws_iam_policy_document.eks_key",
            "module.eks_blueprints.module.aws_eks.aws_cloudwatch_log_group.this",
            "module.eks_blueprints.module.aws_eks.aws_eks_cluster.this",
            "module.eks_blueprints.module.aws_eks.aws_iam_role.this",
            "module.eks_blueprints.module.aws_eks.aws_iam_role_policy_attachment.this",
            "module.eks_blueprints.module.aws_eks.aws_security_group.cluster",
            "module.eks_blueprints.module.aws_eks.aws_security_group.node",
            "module.eks_blueprints.module.aws_eks.aws_security_group_rule.cluster",
            "module.eks_blueprints.module.aws_eks.aws_security_group_rule.node",
            "module.eks_blueprints.module.aws_eks.data.aws_iam_policy_document.assume_role_policy",
            "module.eks_blueprints.module.aws_eks.data.aws_partition.current",
            "module.eks_blueprints.module.aws_eks.module.kms.aws_kms_external_key.this",
            "module.eks_blueprints.module.aws_eks.module.kms.aws_kms_key.this",
            "module.eks_blueprints.module.kms.aws_kms_key.this",
            "module.vpc.aws_subnet.private",
            "module.vpc.aws_vpc.this",
            "module.vpc.aws_vpc_ipv4_cidr_block_association.this"
          ]
        }
      ]
    },
    {
      "module": "module.eks_blueprints_kubernetes_addons.module.aws_cloudwatch_metrics[0].module.helm_addon.module.irsa[0]",
      "mode": "managed",
      "type": "kubernetes_namespace_v1",
      "name": "irsa",
      "provider": "provider[\"registry.terraform.io/hashicorp/kubernetes\"]",
      "instances": [
        {
          "index_key": 0,
          "schema_version": 0,
          "attributes": {
            "id": "amazon-cloudwatch",
            "metadata": [
              {
                "annotations": null,
                "generate_name": "",
                "generation": 0,
                "labels": null,
                "name": "amazon-cloudwatch",
                "resource_version": "808",
                "uid": "9cef7c58-a462-4c61-b90e-60f6c37ae256"
              }
            ],
            "timeouts": {
              "delete": "15m"
            }
          },
          "sensitive_attributes": [],
          "private": "eyJlMmJmYjczMC1lY2FhLTExZTYtOGY4OC0zNDM2M2JjN2M0YzAiOnsiZGVsZXRlIjo5MDAwMDAwMDAwMDB9fQ==",
          "dependencies": [
            "data.aws_availability_zones.available",
            "data.aws_eks_cluster_auth.this",
            "module.eks_blueprints.data.aws_iam_policy_document.eks_key",
            "module.eks_blueprints.module.aws_eks.aws_cloudwatch_log_group.this",
            "module.eks_blueprints.module.aws_eks.aws_eks_cluster.this",
            "module.eks_blueprints.module.aws_eks.aws_iam_role.this",
            "module.eks_blueprints.module.aws_eks.aws_iam_role_policy_attachment.this",
            "module.eks_blueprints.module.aws_eks.aws_security_group.cluster",
            "module.eks_blueprints.module.aws_eks.aws_security_group.node",
            "module.eks_blueprints.module.aws_eks.aws_security_group_rule.cluster",
            "module.eks_blueprints.module.aws_eks.aws_security_group_rule.node",
            "module.eks_blueprints.module.aws_eks.data.aws_iam_policy_document.assume_role_policy",
            "module.eks_blueprints.module.aws_eks.data.aws_partition.current",
            "module.eks_blueprints.module.aws_eks.module.kms.aws_kms_external_key.this",
            "module.eks_blueprints.module.aws_eks.module.kms.aws_kms_key.this",
            "module.eks_blueprints.module.kms.aws_kms_key.this",
            "module.eks_blueprints_kubernetes_addons.data.aws_caller_identity.current",
            "module.eks_blueprints_kubernetes_addons.data.aws_eks_cluster.eks_cluster",
            "module.eks_blueprints_kubernetes_addons.data.aws_partition.current",
            "module.eks_blueprints_kubernetes_addons.data.aws_region.current",
            "module.eks_blueprints_kubernetes_addons.time_sleep.dataplane",
            "module.vpc.aws_subnet.private",
            "module.vpc.aws_vpc.this",
            "module.vpc.aws_vpc_ipv4_cidr_block_association.this"
          ]
        }
      ]
    },
    {
      "module": "module.eks_blueprints_kubernetes_addons.module.aws_coredns[0]",
      "mode": "data",
      "type": "aws_eks_addon_version",
      "name": "this",
      "provider": "provider[\"registry.terraform.io/hashicorp/aws\"]",
      "instances": [
        {
          "schema_version": 0,
          "attributes": {
            "addon_name": "coredns",
            "id": "coredns",
            "kubernetes_version": "1.23",
            "most_recent": false,
            "version": "v1.8.7-eksbuild.2"
          },
          "sensitive_attributes": []
        }
      ]
    },
    {
      "module": "module.eks_blueprints_kubernetes_addons.module.aws_coredns[0]",
      "mode": "data",
      "type": "aws_eks_cluster_auth",
      "name": "this",
      "provider": "provider[\"registry.terraform.io/hashicorp/aws\"]",
      "instances": [
        {
          "schema_version": 0,
          "attributes": {
            "id": "eksworkshop-eksctl",
            "name": "eksworkshop-eksctl",
            "token": "k8s-aws-v1.aHR0cHM6Ly9zdHMuYW1hem9uYXdzLmNvbS8_QWN0aW9uPUdldENhbGxlcklkZW50aXR5JlZlcnNpb249MjAxMS0wNi0xNSZYLUFtei1BbGdvcml0aG09QVdTNC1ITUFDLVNIQTI1NiZYLUFtei1DcmVkZW50aWFsPUFTSUFXUEdGV0hBUEJXWlc2MzdRJTJGMjAyMjExMDIlMkZ1cy1lYXN0LTElMkZzdHMlMkZhd3M0X3JlcXVlc3QmWC1BbXotRGF0ZT0yMDIyMTEwMlQxNTQ1MjJaJlgtQW16LUV4cGlyZXM9MCZYLUFtei1TZWN1cml0eS1Ub2tlbj1Gd29HWlhJdllYZHpFTkglMkYlMkYlMkYlMkYlMkYlMkYlMkYlMkYlMkYlMkZ3RWFERjg2WGElMkY5S3F0JTJCb2lKdjFTSyUyQkFYQ2t4a25rJTJGdE1NZU1QdFRDbGslMkZxVkxOSnJiYnVkSWRvR0VDY1JEUGgxaGNyTDgyMkIlMkYwJTJCRzFWNTRWeUttQUgwajQlMkZvcjhNc21VUlVpRm5kJTJCelU0Tm54RTNIZlV0aENtTDJUVmZPWHA5VmpHSnVNaEFaZmslMkY0SlB0eSUyQiUyRktwZW03N0t5ZWVoMlZtOFZndkpQeWRFYUtzWHo5MGc0Wk4xbGlxU0VIQ3kzTHMxcGVPN1liZnVOTDNNQnlVVGNDMnFQS3hmaWJlblBScDh0aU1udGVWVjFTRmEwdVB1ZGkzbkNpQ3pIM09FYzBDRkxYM3JBaFhLbkk5TnhlU3FkY290WnVLbXdZeUxYZSUyRiUyRm9HM29aNW9SYXUlMkZvRlUlMkZQb3RaNGklMkJrSVRMaVozbngyZzVuSHNHM0tyR3ZnMDl2N0NRdXpqJTJGVHFBJTNEJTNEJlgtQW16LVNpZ25lZEhlYWRlcnM9aG9zdCUzQngtazhzLWF3cy1pZCZYLUFtei1TaWduYXR1cmU9M2ZhYjYwNTUxOGI5OTZkNzdjZDcxYjE1OWYzOGZiYmZhMzc4OWExYWNmY2VhMGQ1ODI0NjdmNWQyZTI2NTQwYw"
          },
          "sensitive_attributes": []
        }
      ]
    },
    {
      "module": "module.eks_blueprints_kubernetes_addons.module.aws_coredns[0]",
      "mode": "managed",
      "type": "time_sleep",
      "name": "this",
      "provider": "provider[\"registry.terraform.io/hashicorp/time\"]",
      "instances": [
        {
          "schema_version": 0,
          "attributes": {
            "create_duration": "1m",
            "destroy_duration": null,
            "id": "2022-11-02T15:45:22Z",
            "triggers": {
              "eks_cluster_id": "eksworkshop-eksctl"
            }
          },
          "sensitive_attributes": [],
          "dependencies": [
            "data.aws_availability_zones.available",
            "module.eks_blueprints.data.aws_iam_policy_document.eks_key",
            "module.eks_blueprints.module.aws_eks.aws_cloudwatch_log_group.this",
            "module.eks_blueprints.module.aws_eks.aws_eks_cluster.this",
            "module.eks_blueprints.module.aws_eks.aws_iam_role.this",
            "module.eks_blueprints.module.aws_eks.aws_iam_role_policy_attachment.this",
            "module.eks_blueprints.module.aws_eks.aws_security_group.cluster",
            "module.eks_blueprints.module.aws_eks.aws_security_group.node",
            "module.eks_blueprints.module.aws_eks.aws_security_group_rule.cluster",
            "module.eks_blueprints.module.aws_eks.aws_security_group_rule.node",
            "module.eks_blueprints.module.aws_eks.data.aws_iam_policy_document.assume_role_policy",
            "module.eks_blueprints.module.aws_eks.data.aws_partition.current",
            "module.eks_blueprints.module.aws_eks.module.kms.aws_kms_external_key.this",
            "module.eks_blueprints.module.aws_eks.module.kms.aws_kms_key.this",
            "module.eks_blueprints.module.kms.aws_kms_key.this",
            "module.eks_blueprints_kubernetes_addons.data.aws_caller_identity.current",
            "module.eks_blueprints_kubernetes_addons.data.aws_eks_cluster.eks_cluster",
            "module.eks_blueprints_kubernetes_addons.data.aws_partition.current",
            "module.eks_blueprints_kubernetes_addons.data.aws_region.current",
            "module.eks_blueprints_kubernetes_addons.time_sleep.dataplane",
            "module.vpc.aws_subnet.private",
            "module.vpc.aws_vpc.this",
            "module.vpc.aws_vpc_ipv4_cidr_block_association.this"
          ]
        }
      ]
    },
    {
      "module": "module.eks_blueprints_kubernetes_addons.module.aws_coredns[0].module.cluster_proportional_autoscaler[0].module.helm_addon",
      "mode": "managed",
      "type": "helm_release",
      "name": "addon",
      "provider": "provider[\"registry.terraform.io/hashicorp/helm\"]",
      "instances": [
        {
          "index_key": 0,
          "status": "tainted",
          "schema_version": 0,
          "attributes": {
            "atomic": false,
            "chart": "cluster-proportional-autoscaler",
            "cleanup_on_fail": false,
            "create_namespace": false,
            "dependency_update": false,
            "description": "Cluster Proportional Autoscaler Helm Chart",
            "devel": null,
            "disable_crd_hooks": false,
            "disable_openapi_validation": false,
            "disable_webhooks": false,
            "force_update": false,
            "id": "cluster-proportional-autoscaler",
            "keyring": "",
            "lint": false,
            "manifest": null,
            "max_history": 0,
            "metadata": [
              {
                "app_version": "1.8.4",
                "chart": "cluster-proportional-autoscaler",
                "name": "cluster-proportional-autoscaler",
                "namespace": "kube-system",
                "revision": 1,
                "values": "{\"config\":{\"linear\":{\"coresPerReplica\":256,\"includeUnschedulableNodes\":true,\"max\":100,\"min\":1,\"nodesPerReplica\":16,\"preventSinglePointFailure\":true}},\"nameOverride\":\"coredns\",\"options\":{\"target\":\"deployment/coredns\"},\"podSecurityContext\":{\"fsGroup\":65534,\"seccompProfile\":{\"type\":\"RuntimeDefault\"},\"supplementalGroups\":[65534]},\"tolerations\":[{\"key\":\"CriticalAddonsOnly\",\"operator\":\"Exists\"}]}",
                "version": "1.0.0"
              }
            ],
            "name": "cluster-proportional-autoscaler",
            "namespace": "kube-system",
            "pass_credentials": false,
            "postrender": [
              {
                "args": null,
                "binary_path": ""
              }
            ],
            "recreate_pods": false,
            "render_subchart_notes": true,
            "replace": false,
            "repository": "https://kubernetes-sigs.github.io/cluster-proportional-autoscaler",
            "repository_ca_file": null,
            "repository_cert_file": "",
            "repository_key_file": "",
            "repository_password": "",
            "repository_username": "",
            "reset_values": false,
            "reuse_values": false,
            "set": [],
            "set_sensitive": [],
            "skip_crds": false,
            "status": "failed",
            "timeout": 300,
            "values": [
              "nameOverride: coredns\n\nconfig:\n  linear:\n    coresPerReplica: 256\n    nodesPerReplica: 16\n    min: 1\n    max: 100\n    preventSinglePointFailure: true\n    includeUnschedulableNodes: true\n\noptions:\n  target: \"deployment/coredns\"\n\npodSecurityContext:\n  seccompProfile:\n    type: RuntimeDefault\n  supplementalGroups: [ 65534 ]\n  fsGroup: 65534\n\ntolerations:\n  - key: \"CriticalAddonsOnly\"\n    operator: \"Exists\"\n"
            ],
            "verify": false,
            "version": "1.0.0",
            "wait": true,
            "wait_for_jobs": false
          },
          "sensitive_attributes": [],
          "private": "bnVsbA==",
          "dependencies": [
            "data.aws_availability_zones.available",
            "data.aws_eks_cluster_auth.this",
            "module.eks_blueprints.data.aws_iam_policy_document.eks_key",
            "module.eks_blueprints.module.aws_eks.aws_cloudwatch_log_group.this",
            "module.eks_blueprints.module.aws_eks.aws_eks_cluster.this",
            "module.eks_blueprints.module.aws_eks.aws_iam_role.this",
            "module.eks_blueprints.module.aws_eks.aws_iam_role_policy_attachment.this",
            "module.eks_blueprints.module.aws_eks.aws_security_group.cluster",
            "module.eks_blueprints.module.aws_eks.aws_security_group.node",
            "module.eks_blueprints.module.aws_eks.aws_security_group_rule.cluster",
            "module.eks_blueprints.module.aws_eks.aws_security_group_rule.node",
            "module.eks_blueprints.module.aws_eks.data.aws_iam_policy_document.assume_role_policy",
            "module.eks_blueprints.module.aws_eks.data.aws_partition.current",
            "module.eks_blueprints.module.aws_eks.module.kms.aws_kms_external_key.this",
            "module.eks_blueprints.module.aws_eks.module.kms.aws_kms_key.this",
            "module.eks_blueprints.module.kms.aws_kms_key.this",
            "module.eks_blueprints_kubernetes_addons.data.aws_caller_identity.current",
            "module.eks_blueprints_kubernetes_addons.data.aws_eks_cluster.eks_cluster",
            "module.eks_blueprints_kubernetes_addons.data.aws_partition.current",
            "module.eks_blueprints_kubernetes_addons.data.aws_region.current",
            "module.eks_blueprints_kubernetes_addons.module.aws_coredns.module.cluster_proportional_autoscaler.module.helm_addon.module.irsa.aws_iam_role.irsa",
            "module.eks_blueprints_kubernetes_addons.module.aws_coredns.module.cluster_proportional_autoscaler.module.helm_addon.module.irsa.aws_iam_role_policy_attachment.irsa",
            "module.eks_blueprints_kubernetes_addons.module.aws_coredns.module.cluster_proportional_autoscaler.module.helm_addon.module.irsa.kubernetes_namespace_v1.irsa",
            "module.eks_blueprints_kubernetes_addons.module.aws_coredns.module.cluster_proportional_autoscaler.module.helm_addon.module.irsa.kubernetes_service_account_v1.irsa",
            "module.eks_blueprints_kubernetes_addons.time_sleep.dataplane",
            "module.vpc.aws_subnet.private",
            "module.vpc.aws_vpc.this",
            "module.vpc.aws_vpc_ipv4_cidr_block_association.this"
          ]
        }
      ]
    },
    {
      "module": "module.eks_blueprints_kubernetes_addons.module.aws_ebs_csi_driver[0]",
      "mode": "data",
      "type": "aws_eks_addon_version",
      "name": "this",
      "provider": "provider[\"registry.terraform.io/hashicorp/aws\"]",
      "instances": [
        {
          "schema_version": 0,
          "attributes": {
            "addon_name": "aws-ebs-csi-driver",
            "id": "aws-ebs-csi-driver",
            "kubernetes_version": "1.23",
            "most_recent": false,
            "version": "v1.11.4-eksbuild.1"
          },
          "sensitive_attributes": []
        }
      ]
    },
    {
      "module": "module.eks_blueprints_kubernetes_addons.module.aws_ebs_csi_driver[0]",
      "mode": "data",
      "type": "aws_iam_policy_document",
      "name": "aws_ebs_csi_driver",
      "provider": "provider[\"registry.terraform.io/hashicorp/aws\"]",
      "instances": [
        {
          "index_key": 0,
          "schema_version": 0,
          "attributes": {
            "id": "1888929143",
            "json": "{\n  \"Version\": \"2012-10-17\",\n  \"Statement\": [\n    {\n      \"Sid\": \"\",\n      \"Effect\": \"Allow\",\n      \"Action\": [\n        \"ec2:ModifyVolume\",\n        \"ec2:DetachVolume\",\n        \"ec2:DescribeVolumesModifications\",\n        \"ec2:DescribeVolumes\",\n        \"ec2:DescribeTags\",\n        \"ec2:DescribeSnapshots\",\n        \"ec2:DescribeInstances\",\n        \"ec2:DescribeAvailabilityZones\",\n        \"ec2:CreateSnapshot\",\n        \"ec2:AttachVolume\"\n      ],\n      \"Resource\": \"*\"\n    },\n    {\n      \"Sid\": \"\",\n      \"Effect\": \"Allow\",\n      \"Action\": \"ec2:CreateTags\",\n      \"Resource\": [\n        \"arn:aws:ec2:*:*:volume/*\",\n        \"arn:aws:ec2:*:*:snapshot/*\"\n      ],\n      \"Condition\": {\n        \"StringEquals\": {\n          \"ec2:CreateAction\": [\n            \"CreateVolume\",\n            \"CreateSnapshot\"\n          ]\n        }\n      }\n    },\n    {\n      \"Sid\": \"\",\n      \"Effect\": \"Allow\",\n      \"Action\": \"ec2:DeleteTags\",\n      \"Resource\": [\n        \"arn:aws:ec2:*:*:volume/*\",\n        \"arn:aws:ec2:*:*:snapshot/*\"\n      ]\n    },\n    {\n      \"Sid\": \"\",\n      \"Effect\": \"Allow\",\n      \"Action\": \"ec2:CreateVolume\",\n      \"Resource\": \"*\",\n      \"Condition\": {\n        \"StringLike\": {\n          \"aws:RequestTag/ebs.csi.aws.com/cluster\": \"true\"\n        }\n      }\n    },\n    {\n      \"Sid\": \"\",\n      \"Effect\": \"Allow\",\n      \"Action\": \"ec2:CreateVolume\",\n      \"Resource\": \"*\",\n      \"Condition\": {\n        \"StringLike\": {\n          \"aws:RequestTag/CSIVolumeName\": \"*\"\n        }\n      }\n    },\n    {\n      \"Sid\": \"\",\n      \"Effect\": \"Allow\",\n      \"Action\": \"ec2:CreateVolume\",\n      \"Resource\": \"*\",\n      \"Condition\": {\n        \"StringLike\": {\n          \"aws:RequestTag/kubernetes.io/cluster/*\": \"owned\"\n        }\n      }\n    },\n    {\n      \"Sid\": \"\",\n      \"Effect\": \"Allow\",\n      \"Action\": \"ec2:DeleteVolume\",\n      \"Resource\": \"*\",\n      \"Condition\": {\n        \"StringLike\": {\n          \"ec2:ResourceTag/ebs.csi.aws.com/cluster\": \"true\"\n        }\n      }\n    },\n    {\n      \"Sid\": \"\",\n      \"Effect\": \"Allow\",\n      \"Action\": \"ec2:DeleteVolume\",\n      \"Resource\": \"*\",\n      \"Condition\": {\n        \"StringLike\": {\n          \"ec2:ResourceTag/CSIVolumeName\": \"*\"\n        }\n      }\n    },\n    {\n      \"Sid\": \"\",\n      \"Effect\": \"Allow\",\n      \"Action\": \"ec2:DeleteVolume\",\n      \"Resource\": \"*\",\n      \"Condition\": {\n        \"StringLike\": {\n          \"ec2:ResourceTag/kubernetes.io/cluster/*\": \"owned\"\n        }\n      }\n    },\n    {\n      \"Sid\": \"\",\n      \"Effect\": \"Allow\",\n      \"Action\": \"ec2:DeleteSnapshot\",\n      \"Resource\": \"*\",\n      \"Condition\": {\n        \"StringLike\": {\n          \"ec2:ResourceTag/CSIVolumeSnapshotName\": \"*\"\n        }\n      }\n    },\n    {\n      \"Sid\": \"\",\n      \"Effect\": \"Allow\",\n      \"Action\": \"ec2:DeleteSnapshot\",\n      \"Resource\": \"*\",\n      \"Condition\": {\n        \"StringLike\": {\n          \"ec2:ResourceTag/ebs.csi.aws.com/cluster\": \"true\"\n        }\n      }\n    }\n  ]\n}",
            "override_json": null,
            "override_policy_documents": null,
            "policy_id": null,
            "source_json": null,
            "source_policy_documents": null,
            "statement": [
              {
                "actions": [
                  "ec2:AttachVolume",
                  "ec2:CreateSnapshot",
                  "ec2:DescribeAvailabilityZones",
                  "ec2:DescribeInstances",
                  "ec2:DescribeSnapshots",
                  "ec2:DescribeTags",
                  "ec2:DescribeVolumes",
                  "ec2:DescribeVolumesModifications",
                  "ec2:DetachVolume",
                  "ec2:ModifyVolume"
                ],
                "condition": [],
                "effect": "Allow",
                "not_actions": [],
                "not_principals": [],
                "not_resources": [],
                "principals": [],
                "resources": [
                  "*"
                ],
                "sid": ""
              },
              {
                "actions": [
                  "ec2:CreateTags"
                ],
                "condition": [
                  {
                    "test": "StringEquals",
                    "values": [
                      "CreateVolume",
                      "CreateSnapshot"
                    ],
                    "variable": "ec2:CreateAction"
                  }
                ],
                "effect": "Allow",
                "not_actions": [],
                "not_principals": [],
                "not_resources": [],
                "principals": [],
                "resources": [
                  "arn:aws:ec2:*:*:snapshot/*",
                  "arn:aws:ec2:*:*:volume/*"
                ],
                "sid": ""
              },
              {
                "actions": [
                  "ec2:DeleteTags"
                ],
                "condition": [],
                "effect": "Allow",
                "not_actions": [],
                "not_principals": [],
                "not_resources": [],
                "principals": [],
                "resources": [
                  "arn:aws:ec2:*:*:snapshot/*",
                  "arn:aws:ec2:*:*:volume/*"
                ],
                "sid": ""
              },
              {
                "actions": [
                  "ec2:CreateVolume"
                ],
                "condition": [
                  {
                    "test": "StringLike",
                    "values": [
                      "true"
                    ],
                    "variable": "aws:RequestTag/ebs.csi.aws.com/cluster"
                  }
                ],
                "effect": "Allow",
                "not_actions": [],
                "not_principals": [],
                "not_resources": [],
                "principals": [],
                "resources": [
                  "*"
                ],
                "sid": ""
              },
              {
                "actions": [
                  "ec2:CreateVolume"
                ],
                "condition": [
                  {
                    "test": "StringLike",
                    "values": [
                      "*"
                    ],
                    "variable": "aws:RequestTag/CSIVolumeName"
                  }
                ],
                "effect": "Allow",
                "not_actions": [],
                "not_principals": [],
                "not_resources": [],
                "principals": [],
                "resources": [
                  "*"
                ],
                "sid": ""
              },
              {
                "actions": [
                  "ec2:CreateVolume"
                ],
                "condition": [
                  {
                    "test": "StringLike",
                    "values": [
                      "owned"
                    ],
                    "variable": "aws:RequestTag/kubernetes.io/cluster/*"
                  }
                ],
                "effect": "Allow",
                "not_actions": [],
                "not_principals": [],
                "not_resources": [],
                "principals": [],
                "resources": [
                  "*"
                ],
                "sid": ""
              },
              {
                "actions": [
                  "ec2:DeleteVolume"
                ],
                "condition": [
                  {
                    "test": "StringLike",
                    "values": [
                      "true"
                    ],
                    "variable": "ec2:ResourceTag/ebs.csi.aws.com/cluster"
                  }
                ],
                "effect": "Allow",
                "not_actions": [],
                "not_principals": [],
                "not_resources": [],
                "principals": [],
                "resources": [
                  "*"
                ],
                "sid": ""
              },
              {
                "actions": [
                  "ec2:DeleteVolume"
                ],
                "condition": [
                  {
                    "test": "StringLike",
                    "values": [
                      "*"
                    ],
                    "variable": "ec2:ResourceTag/CSIVolumeName"
                  }
                ],
                "effect": "Allow",
                "not_actions": [],
                "not_principals": [],
                "not_resources": [],
                "principals": [],
                "resources": [
                  "*"
                ],
                "sid": ""
              },
              {
                "actions": [
                  "ec2:DeleteVolume"
                ],
                "condition": [
                  {
                    "test": "StringLike",
                    "values": [
                      "owned"
                    ],
                    "variable": "ec2:ResourceTag/kubernetes.io/cluster/*"
                  }
                ],
                "effect": "Allow",
                "not_actions": [],
                "not_principals": [],
                "not_resources": [],
                "principals": [],
                "resources": [
                  "*"
                ],
                "sid": ""
              },
              {
                "actions": [
                  "ec2:DeleteSnapshot"
                ],
                "condition": [
                  {
                    "test": "StringLike",
                    "values": [
                      "*"
                    ],
                    "variable": "ec2:ResourceTag/CSIVolumeSnapshotName"
                  }
                ],
                "effect": "Allow",
                "not_actions": [],
                "not_principals": [],
                "not_resources": [],
                "principals": [],
                "resources": [
                  "*"
                ],
                "sid": ""
              },
              {
                "actions": [
                  "ec2:DeleteSnapshot"
                ],
                "condition": [
                  {
                    "test": "StringLike",
                    "values": [
                      "true"
                    ],
                    "variable": "ec2:ResourceTag/ebs.csi.aws.com/cluster"
                  }
                ],
                "effect": "Allow",
                "not_actions": [],
                "not_principals": [],
                "not_resources": [],
                "principals": [],
                "resources": [
                  "*"
                ],
                "sid": ""
              }
            ],
            "version": "2012-10-17"
          },
          "sensitive_attributes": []
        }
      ]
    },
    {
      "module": "module.eks_blueprints_kubernetes_addons.module.aws_kube_proxy[0]",
      "mode": "data",
      "type": "aws_eks_addon_version",
      "name": "this",
      "provider": "provider[\"registry.terraform.io/hashicorp/aws\"]",
      "instances": [
        {
          "schema_version": 0,
          "attributes": {
            "addon_name": "kube-proxy",
            "id": "kube-proxy",
            "kubernetes_version": "1.23",
            "most_recent": false,
            "version": "v1.23.7-eksbuild.1"
          },
          "sensitive_attributes": []
        }
      ]
    },
    {
      "module": "module.eks_blueprints_kubernetes_addons.module.aws_kube_proxy[0]",
      "mode": "managed",
      "type": "aws_eks_addon",
      "name": "kube_proxy",
      "provider": "provider[\"registry.terraform.io/hashicorp/aws\"]",
      "instances": [
        {
          "schema_version": 0,
          "attributes": {
            "addon_name": "kube-proxy",
            "addon_version": "v1.23.7-eksbuild.1",
            "arn": "arn:aws:eks:eu-west-1:444943710238:addon/eksworkshop-eksctl/kube-proxy/a0c21c81-e9d6-3119-742e-00ad08dd7a14",
            "cluster_name": "eksworkshop-eksctl",
            "created_at": "2022-11-02T15:44:23Z",
            "id": "eksworkshop-eksctl:kube-proxy",
            "modified_at": "2022-11-02T15:44:24Z",
            "preserve": true,
            "resolve_conflicts": "OVERWRITE",
            "service_account_role_arn": "",
            "tags": {
              "Blueprint": "eks-cluster-with-new-vpc",
              "GithubRepo": "github.com/aws-ia/terraform-aws-eks-blueprints"
            },
            "tags_all": {
              "Blueprint": "eks-cluster-with-new-vpc",
              "GithubRepo": "github.com/aws-ia/terraform-aws-eks-blueprints"
            },
            "timeouts": null
          },
          "sensitive_attributes": [],
          "private": "eyJlMmJmYjczMC1lY2FhLTExZTYtOGY4OC0zNDM2M2JjN2M0YzAiOnsiY3JlYXRlIjoxMjAwMDAwMDAwMDAwLCJkZWxldGUiOjI0MDAwMDAwMDAwMDAsInVwZGF0ZSI6MTIwMDAwMDAwMDAwMH19",
          "dependencies": [
            "data.aws_availability_zones.available",
            "module.eks_blueprints.data.aws_iam_policy_document.eks_key",
            "module.eks_blueprints.module.aws_eks.aws_cloudwatch_log_group.this",
            "module.eks_blueprints.module.aws_eks.aws_eks_cluster.this",
            "module.eks_blueprints.module.aws_eks.aws_iam_role.this",
            "module.eks_blueprints.module.aws_eks.aws_iam_role_policy_attachment.this",
            "module.eks_blueprints.module.aws_eks.aws_security_group.cluster",
            "module.eks_blueprints.module.aws_eks.aws_security_group.node",
            "module.eks_blueprints.module.aws_eks.aws_security_group_rule.cluster",
            "module.eks_blueprints.module.aws_eks.aws_security_group_rule.node",
            "module.eks_blueprints.module.aws_eks.data.aws_iam_policy_document.assume_role_policy",
            "module.eks_blueprints.module.aws_eks.data.aws_partition.current",
            "module.eks_blueprints.module.aws_eks.module.kms.aws_kms_external_key.this",
            "module.eks_blueprints.module.aws_eks.module.kms.aws_kms_key.this",
            "module.eks_blueprints.module.kms.aws_kms_key.this",
            "module.eks_blueprints_kubernetes_addons.data.aws_caller_identity.current",
            "module.eks_blueprints_kubernetes_addons.data.aws_eks_cluster.eks_cluster",
            "module.eks_blueprints_kubernetes_addons.data.aws_partition.current",
            "module.eks_blueprints_kubernetes_addons.data.aws_region.current",
            "module.eks_blueprints_kubernetes_addons.module.aws_kube_proxy.data.aws_eks_addon_version.this",
            "module.eks_blueprints_kubernetes_addons.time_sleep.dataplane",
            "module.vpc.aws_subnet.private",
            "module.vpc.aws_vpc.this",
            "module.vpc.aws_vpc_ipv4_cidr_block_association.this"
          ]
        }
      ]
    },
    {
      "module": "module.eks_blueprints_kubernetes_addons.module.aws_load_balancer_controller[0]",
      "mode": "data",
      "type": "aws_iam_policy_document",
      "name": "aws_lb",
      "provider": "provider[\"registry.terraform.io/hashicorp/aws\"]",
      "instances": [
        {
          "schema_version": 0,
          "attributes": {
            "id": "2633998141",
            "json": "{\n  \"Version\": \"2012-10-17\",\n  \"Statement\": [\n    {\n      \"Sid\": \"\",\n      \"Effect\": \"Allow\",\n      \"Action\": \"iam:CreateServiceLinkedRole\",\n      \"Resource\": \"*\",\n      \"Condition\": {\n        \"StringEquals\": {\n          \"iam:AWSServiceName\": \"elasticloadbalancing.amazonaws.com\"\n        }\n      }\n    },\n    {\n      \"Sid\": \"\",\n      \"Effect\": \"Allow\",\n      \"Action\": [\n        \"elasticloadbalancing:DescribeTargetHealth\",\n        \"elasticloadbalancing:DescribeTargetGroups\",\n        \"elasticloadbalancing:DescribeTargetGroupAttributes\",\n        \"elasticloadbalancing:DescribeTags\",\n        \"elasticloadbalancing:DescribeSSLPolicies\",\n        \"elasticloadbalancing:DescribeRules\",\n        \"elasticloadbalancing:DescribeLoadBalancers\",\n        \"elasticloadbalancing:DescribeLoadBalancerAttributes\",\n        \"elasticloadbalancing:DescribeListeners\",\n        \"elasticloadbalancing:DescribeListenerCertificates\",\n        \"ec2:GetCoipPoolUsage\",\n        \"ec2:DescribeVpcs\",\n        \"ec2:DescribeVpcPeeringConnections\",\n        \"ec2:DescribeTags\",\n        \"ec2:DescribeSubnets\",\n        \"ec2:DescribeSecurityGroups\",\n        \"ec2:DescribeNetworkInterfaces\",\n        \"ec2:DescribeInternetGateways\",\n        \"ec2:DescribeInstances\",\n        \"ec2:DescribeCoipPools\",\n        \"ec2:DescribeAvailabilityZones\",\n        \"ec2:DescribeAddresses\",\n        \"ec2:DescribeAccountAttributes\"\n      ],\n      \"Resource\": \"*\"\n    },\n    {\n      \"Sid\": \"\",\n      \"Effect\": \"Allow\",\n      \"Action\": [\n        \"wafv2:GetWebACLForResource\",\n        \"wafv2:GetWebACL\",\n        \"wafv2:DisassociateWebACL\",\n        \"wafv2:AssociateWebACL\",\n        \"waf-regional:GetWebACLForResource\",\n        \"waf-regional:GetWebACL\",\n        \"waf-regional:DisassociateWebACL\",\n        \"waf-regional:AssociateWebACL\",\n        \"shield:GetSubscriptionState\",\n        \"shield:DescribeProtection\",\n        \"shield:DeleteProtection\",\n        \"shield:CreateProtection\",\n        \"iam:ListServerCertificates\",\n        \"iam:GetServerCertificate\",\n        \"cognito-idp:DescribeUserPoolClient\",\n        \"acm:ListCertificates\",\n        \"acm:DescribeCertificate\"\n      ],\n      \"Resource\": \"*\"\n    },\n    {\n      \"Sid\": \"\",\n      \"Effect\": \"Allow\",\n      \"Action\": [\n        \"ec2:RevokeSecurityGroupIngress\",\n        \"ec2:AuthorizeSecurityGroupIngress\"\n      ],\n      \"Resource\": \"*\"\n    },\n    {\n      \"Sid\": \"\",\n      \"Effect\": \"Allow\",\n      \"Action\": \"ec2:CreateSecurityGroup\",\n      \"Resource\": \"*\"\n    },\n    {\n      \"Sid\": \"\",\n      \"Effect\": \"Allow\",\n      \"Action\": \"ec2:CreateTags\",\n      \"Resource\": \"arn:aws:ec2:*:*:security-group/*\",\n      \"Condition\": {\n        \"Null\": {\n          \"aws:RequestTag/elbv2.k8s.aws/cluster\": \"false\"\n        },\n        \"StringEquals\": {\n          \"ec2:CreateAction\": \"CreateSecurityGroup\"\n        }\n      }\n    },\n    {\n      \"Sid\": \"\",\n      \"Effect\": \"Allow\",\n      \"Action\": [\n        \"ec2:DeleteTags\",\n        \"ec2:CreateTags\"\n      ],\n      \"Resource\": \"arn:aws:ec2:*:*:security-group/*\",\n      \"Condition\": {\n        \"Null\": {\n          \"aws:ResourceTag/ingress.k8s.aws/cluster\": \"false\"\n        }\n      }\n    },\n    {\n      \"Sid\": \"\",\n      \"Effect\": \"Allow\",\n      \"Action\": [\n        \"elasticloadbalancing:RemoveTags\",\n        \"elasticloadbalancing:DeleteTargetGroup\",\n        \"elasticloadbalancing:AddTags\"\n      ],\n      \"Resource\": [\n        \"arn:aws:elasticloadbalancing:*:*:targetgroup/*/*\",\n        \"arn:aws:elasticloadbalancing:*:*:loadbalancer/net/*/*\",\n        \"arn:aws:elasticloadbalancing:*:*:loadbalancer/app/*/*\"\n      ],\n      \"Condition\": {\n        \"Null\": {\n          \"aws:ResourceTag/ingress.k8s.aws/cluster\": \"false\"\n        }\n      }\n    },\n    {\n      \"Sid\": \"\",\n      \"Effect\": \"Allow\",\n      \"Action\": [\n        \"ec2:DeleteTags\",\n        \"ec2:CreateTags\"\n      ],\n      \"Resource\": \"arn:aws:ec2:*:*:security-group/*\",\n      \"Condition\": {\n        \"Null\": {\n          \"aws:RequestTag/elbv2.k8s.aws/cluster\": \"true\",\n          \"aws:ResourceTag/elbv2.k8s.aws/cluster\": \"false\"\n        }\n      }\n    },\n    {\n      \"Sid\": \"\",\n      \"Effect\": \"Allow\",\n      \"Action\": [\n        \"ec2:RevokeSecurityGroupIngress\",\n        \"ec2:DeleteSecurityGroup\",\n        \"ec2:AuthorizeSecurityGroupIngress\"\n      ],\n      \"Resource\": \"*\",\n      \"Condition\": {\n        \"Null\": {\n          \"aws:ResourceTag/elbv2.k8s.aws/cluster\": \"false\"\n        }\n      }\n    },\n    {\n      \"Sid\": \"\",\n      \"Effect\": \"Allow\",\n      \"Action\": [\n        \"elasticloadbalancing:CreateTargetGroup\",\n        \"elasticloadbalancing:CreateLoadBalancer\"\n      ],\n      \"Resource\": \"*\",\n      \"Condition\": {\n        \"Null\": {\n          \"aws:RequestTag/elbv2.k8s.aws/cluster\": \"false\"\n        }\n      }\n    },\n    {\n      \"Sid\": \"\",\n      \"Effect\": \"Allow\",\n      \"Action\": [\n        \"elasticloadbalancing:DeleteRule\",\n        \"elasticloadbalancing:DeleteListener\",\n        \"elasticloadbalancing:CreateRule\",\n        \"elasticloadbalancing:CreateListener\"\n      ],\n      \"Resource\": \"*\"\n    },\n    {\n      \"Sid\": \"\",\n      \"Effect\": \"Allow\",\n      \"Action\": [\n        \"elasticloadbalancing:RemoveTags\",\n        \"elasticloadbalancing:AddTags\"\n      ],\n      \"Resource\": [\n        \"arn:aws:elasticloadbalancing:*:*:targetgroup/*/*\",\n        \"arn:aws:elasticloadbalancing:*:*:loadbalancer/net/*/*\",\n        \"arn:aws:elasticloadbalancing:*:*:loadbalancer/app/*/*\"\n      ],\n      \"Condition\": {\n        \"Null\": {\n          \"aws:RequestTag/elbv2.k8s.aws/cluster\": \"true\",\n          \"aws:ResourceTag/elbv2.k8s.aws/cluster\": \"false\"\n        }\n      }\n    },\n    {\n      \"Sid\": \"\",\n      \"Effect\": \"Allow\",\n      \"Action\": [\n        \"elasticloadbalancing:RemoveTags\",\n        \"elasticloadbalancing:AddTags\"\n      ],\n      \"Resource\": [\n        \"arn:aws:elasticloadbalancing:*:*:listener/net/*/*/*\",\n        \"arn:aws:elasticloadbalancing:*:*:listener/app/*/*/*\",\n        \"arn:aws:elasticloadbalancing:*:*:listener-rule/net/*/*/*\",\n        \"arn:aws:elasticloadbalancing:*:*:listener-rule/app/*/*/*\"\n      ]\n    },\n    {\n      \"Sid\": \"\",\n      \"Effect\": \"Allow\",\n      \"Action\": [\n        \"elasticloadbalancing:SetSubnets\",\n        \"elasticloadbalancing:SetSecurityGroups\",\n        \"elasticloadbalancing:SetIpAddressType\",\n        \"elasticloadbalancing:ModifyTargetGroupAttributes\",\n        \"elasticloadbalancing:ModifyTargetGroup\",\n        \"elasticloadbalancing:ModifyLoadBalancerAttributes\",\n        \"elasticloadbalancing:DeleteTargetGroup\",\n        \"elasticloadbalancing:DeleteLoadBalancer\"\n      ],\n      \"Resource\": \"*\",\n      \"Condition\": {\n        \"Null\": {\n          \"aws:ResourceTag/elbv2.k8s.aws/cluster\": \"false\"\n        }\n      }\n    },\n    {\n      \"Sid\": \"\",\n      \"Effect\": \"Allow\",\n      \"Action\": [\n        \"elasticloadbalancing:RegisterTargets\",\n        \"elasticloadbalancing:DeregisterTargets\"\n      ],\n      \"Resource\": \"arn:aws:elasticloadbalancing:*:*:targetgroup/*/*\"\n    },\n    {\n      \"Sid\": \"\",\n      \"Effect\": \"Allow\",\n      \"Action\": [\n        \"elasticloadbalancing:SetWebAcl\",\n        \"elasticloadbalancing:RemoveListenerCertificates\",\n        \"elasticloadbalancing:ModifyRule\",\n        \"elasticloadbalancing:ModifyListener\",\n        \"elasticloadbalancing:AddListenerCertificates\"\n      ],\n      \"Resource\": \"*\"\n    }\n  ]\n}",
            "override_json": null,
            "override_policy_documents": null,
            "policy_id": null,
            "source_json": null,
            "source_policy_documents": null,
            "statement": [
              {
                "actions": [
                  "iam:CreateServiceLinkedRole"
                ],
                "condition": [
                  {
                    "test": "StringEquals",
                    "values": [
                      "elasticloadbalancing.amazonaws.com"
                    ],
                    "variable": "iam:AWSServiceName"
                  }
                ],
                "effect": "Allow",
                "not_actions": [],
                "not_principals": [],
                "not_resources": [],
                "principals": [],
                "resources": [
                  "*"
                ],
                "sid": ""
              },
              {
                "actions": [
                  "ec2:DescribeAccountAttributes",
                  "ec2:DescribeAddresses",
                  "ec2:DescribeAvailabilityZones",
                  "ec2:DescribeCoipPools",
                  "ec2:DescribeInstances",
                  "ec2:DescribeInternetGateways",
                  "ec2:DescribeNetworkInterfaces",
                  "ec2:DescribeSecurityGroups",
                  "ec2:DescribeSubnets",
                  "ec2:DescribeTags",
                  "ec2:DescribeVpcPeeringConnections",
                  "ec2:DescribeVpcs",
                  "ec2:GetCoipPoolUsage",
                  "elasticloadbalancing:DescribeListenerCertificates",
                  "elasticloadbalancing:DescribeListeners",
                  "elasticloadbalancing:DescribeLoadBalancerAttributes",
                  "elasticloadbalancing:DescribeLoadBalancers",
                  "elasticloadbalancing:DescribeRules",
                  "elasticloadbalancing:DescribeSSLPolicies",
                  "elasticloadbalancing:DescribeTags",
                  "elasticloadbalancing:DescribeTargetGroupAttributes",
                  "elasticloadbalancing:DescribeTargetGroups",
                  "elasticloadbalancing:DescribeTargetHealth"
                ],
                "condition": [],
                "effect": "Allow",
                "not_actions": [],
                "not_principals": [],
                "not_resources": [],
                "principals": [],
                "resources": [
                  "*"
                ],
                "sid": ""
              },
              {
                "actions": [
                  "acm:DescribeCertificate",
                  "acm:ListCertificates",
                  "cognito-idp:DescribeUserPoolClient",
                  "iam:GetServerCertificate",
                  "iam:ListServerCertificates",
                  "shield:CreateProtection",
                  "shield:DeleteProtection",
                  "shield:DescribeProtection",
                  "shield:GetSubscriptionState",
                  "waf-regional:AssociateWebACL",
                  "waf-regional:DisassociateWebACL",
                  "waf-regional:GetWebACL",
                  "waf-regional:GetWebACLForResource",
                  "wafv2:AssociateWebACL",
                  "wafv2:DisassociateWebACL",
                  "wafv2:GetWebACL",
                  "wafv2:GetWebACLForResource"
                ],
                "condition": [],
                "effect": "Allow",
                "not_actions": [],
                "not_principals": [],
                "not_resources": [],
                "principals": [],
                "resources": [
                  "*"
                ],
                "sid": ""
              },
              {
                "actions": [
                  "ec2:AuthorizeSecurityGroupIngress",
                  "ec2:RevokeSecurityGroupIngress"
                ],
                "condition": [],
                "effect": "Allow",
                "not_actions": [],
                "not_principals": [],
                "not_resources": [],
                "principals": [],
                "resources": [
                  "*"
                ],
                "sid": ""
              },
              {
                "actions": [
                  "ec2:CreateSecurityGroup"
                ],
                "condition": [],
                "effect": "Allow",
                "not_actions": [],
                "not_principals": [],
                "not_resources": [],
                "principals": [],
                "resources": [
                  "*"
                ],
                "sid": ""
              },
              {
                "actions": [
                  "ec2:CreateTags"
                ],
                "condition": [
                  {
                    "test": "Null",
                    "values": [
                      "false"
                    ],
                    "variable": "aws:RequestTag/elbv2.k8s.aws/cluster"
                  },
                  {
                    "test": "StringEquals",
                    "values": [
                      "CreateSecurityGroup"
                    ],
                    "variable": "ec2:CreateAction"
                  }
                ],
                "effect": "Allow",
                "not_actions": [],
                "not_principals": [],
                "not_resources": [],
                "principals": [],
                "resources": [
                  "arn:aws:ec2:*:*:security-group/*"
                ],
                "sid": ""
              },
              {
                "actions": [
                  "ec2:CreateTags",
                  "ec2:DeleteTags"
                ],
                "condition": [
                  {
                    "test": "Null",
                    "values": [
                      "false"
                    ],
                    "variable": "aws:ResourceTag/ingress.k8s.aws/cluster"
                  }
                ],
                "effect": "Allow",
                "not_actions": [],
                "not_principals": [],
                "not_resources": [],
                "principals": [],
                "resources": [
                  "arn:aws:ec2:*:*:security-group/*"
                ],
                "sid": ""
              },
              {
                "actions": [
                  "elasticloadbalancing:AddTags",
                  "elasticloadbalancing:DeleteTargetGroup",
                  "elasticloadbalancing:RemoveTags"
                ],
                "condition": [
                  {
                    "test": "Null",
                    "values": [
                      "false"
                    ],
                    "variable": "aws:ResourceTag/ingress.k8s.aws/cluster"
                  }
                ],
                "effect": "Allow",
                "not_actions": [],
                "not_principals": [],
                "not_resources": [],
                "principals": [],
                "resources": [
                  "arn:aws:elasticloadbalancing:*:*:loadbalancer/app/*/*",
                  "arn:aws:elasticloadbalancing:*:*:loadbalancer/net/*/*",
                  "arn:aws:elasticloadbalancing:*:*:targetgroup/*/*"
                ],
                "sid": ""
              },
              {
                "actions": [
                  "ec2:CreateTags",
                  "ec2:DeleteTags"
                ],
                "condition": [
                  {
                    "test": "Null",
                    "values": [
                      "false"
                    ],
                    "variable": "aws:ResourceTag/elbv2.k8s.aws/cluster"
                  },
                  {
                    "test": "Null",
                    "values": [
                      "true"
                    ],
                    "variable": "aws:RequestTag/elbv2.k8s.aws/cluster"
                  }
                ],
                "effect": "Allow",
                "not_actions": [],
                "not_principals": [],
                "not_resources": [],
                "principals": [],
                "resources": [
                  "arn:aws:ec2:*:*:security-group/*"
                ],
                "sid": ""
              },
              {
                "actions": [
                  "ec2:AuthorizeSecurityGroupIngress",
                  "ec2:DeleteSecurityGroup",
                  "ec2:RevokeSecurityGroupIngress"
                ],
                "condition": [
                  {
                    "test": "Null",
                    "values": [
                      "false"
                    ],
                    "variable": "aws:ResourceTag/elbv2.k8s.aws/cluster"
                  }
                ],
                "effect": "Allow",
                "not_actions": [],
                "not_principals": [],
                "not_resources": [],
                "principals": [],
                "resources": [
                  "*"
                ],
                "sid": ""
              },
              {
                "actions": [
                  "elasticloadbalancing:CreateLoadBalancer",
                  "elasticloadbalancing:CreateTargetGroup"
                ],
                "condition": [
                  {
                    "test": "Null",
                    "values": [
                      "false"
                    ],
                    "variable": "aws:RequestTag/elbv2.k8s.aws/cluster"
                  }
                ],
                "effect": "Allow",
                "not_actions": [],
                "not_principals": [],
                "not_resources": [],
                "principals": [],
                "resources": [
                  "*"
                ],
                "sid": ""
              },
              {
                "actions": [
                  "elasticloadbalancing:CreateListener",
                  "elasticloadbalancing:CreateRule",
                  "elasticloadbalancing:DeleteListener",
                  "elasticloadbalancing:DeleteRule"
                ],
                "condition": [],
                "effect": "Allow",
                "not_actions": [],
                "not_principals": [],
                "not_resources": [],
                "principals": [],
                "resources": [
                  "*"
                ],
                "sid": ""
              },
              {
                "actions": [
                  "elasticloadbalancing:AddTags",
                  "elasticloadbalancing:RemoveTags"
                ],
                "condition": [
                  {
                    "test": "Null",
                    "values": [
                      "false"
                    ],
                    "variable": "aws:ResourceTag/elbv2.k8s.aws/cluster"
                  },
                  {
                    "test": "Null",
                    "values": [
                      "true"
                    ],
                    "variable": "aws:RequestTag/elbv2.k8s.aws/cluster"
                  }
                ],
                "effect": "Allow",
                "not_actions": [],
                "not_principals": [],
                "not_resources": [],
                "principals": [],
                "resources": [
                  "arn:aws:elasticloadbalancing:*:*:loadbalancer/app/*/*",
                  "arn:aws:elasticloadbalancing:*:*:loadbalancer/net/*/*",
                  "arn:aws:elasticloadbalancing:*:*:targetgroup/*/*"
                ],
                "sid": ""
              },
              {
                "actions": [
                  "elasticloadbalancing:AddTags",
                  "elasticloadbalancing:RemoveTags"
                ],
                "condition": [],
                "effect": "Allow",
                "not_actions": [],
                "not_principals": [],
                "not_resources": [],
                "principals": [],
                "resources": [
                  "arn:aws:elasticloadbalancing:*:*:listener-rule/app/*/*/*",
                  "arn:aws:elasticloadbalancing:*:*:listener-rule/net/*/*/*",
                  "arn:aws:elasticloadbalancing:*:*:listener/app/*/*/*",
                  "arn:aws:elasticloadbalancing:*:*:listener/net/*/*/*"
                ],
                "sid": ""
              },
              {
                "actions": [
                  "elasticloadbalancing:DeleteLoadBalancer",
                  "elasticloadbalancing:DeleteTargetGroup",
                  "elasticloadbalancing:ModifyLoadBalancerAttributes",
                  "elasticloadbalancing:ModifyTargetGroup",
                  "elasticloadbalancing:ModifyTargetGroupAttributes",
                  "elasticloadbalancing:SetIpAddressType",
                  "elasticloadbalancing:SetSecurityGroups",
                  "elasticloadbalancing:SetSubnets"
                ],
                "condition": [
                  {
                    "test": "Null",
                    "values": [
                      "false"
                    ],
                    "variable": "aws:ResourceTag/elbv2.k8s.aws/cluster"
                  }
                ],
                "effect": "Allow",
                "not_actions": [],
                "not_principals": [],
                "not_resources": [],
                "principals": [],
                "resources": [
                  "*"
                ],
                "sid": ""
              },
              {
                "actions": [
                  "elasticloadbalancing:DeregisterTargets",
                  "elasticloadbalancing:RegisterTargets"
                ],
                "condition": [],
                "effect": "Allow",
                "not_actions": [],
                "not_principals": [],
                "not_resources": [],
                "principals": [],
                "resources": [
                  "arn:aws:elasticloadbalancing:*:*:targetgroup/*/*"
                ],
                "sid": ""
              },
              {
                "actions": [
                  "elasticloadbalancing:AddListenerCertificates",
                  "elasticloadbalancing:ModifyListener",
                  "elasticloadbalancing:ModifyRule",
                  "elasticloadbalancing:RemoveListenerCertificates",
                  "elasticloadbalancing:SetWebAcl"
                ],
                "condition": [],
                "effect": "Allow",
                "not_actions": [],
                "not_principals": [],
                "not_resources": [],
                "principals": [],
                "resources": [
                  "*"
                ],
                "sid": ""
              }
            ],
            "version": "2012-10-17"
          },
          "sensitive_attributes": []
        }
      ]
    },
    {
      "module": "module.eks_blueprints_kubernetes_addons.module.aws_vpc_cni[0]",
      "mode": "data",
      "type": "aws_eks_addon_version",
      "name": "this",
      "provider": "provider[\"registry.terraform.io/hashicorp/aws\"]",
      "instances": [
        {
          "schema_version": 0,
          "attributes": {
            "addon_name": "vpc-cni",
            "id": "vpc-cni",
            "kubernetes_version": "1.23",
            "most_recent": false,
            "version": "v1.10.4-eksbuild.1"
          },
          "sensitive_attributes": []
        }
      ]
    },
    {
      "module": "module.eks_blueprints_kubernetes_addons.module.aws_vpc_cni[0]",
      "mode": "managed",
      "type": "aws_iam_policy",
      "name": "cni_ipv6_policy",
      "provider": "provider[\"registry.terraform.io/hashicorp/aws\"]",
      "instances": []
    },
    {
      "module": "module.eks_blueprints_kubernetes_addons.module.cert_manager[0]",
      "mode": "data",
      "type": "aws_iam_policy_document",
      "name": "cert_manager_iam_policy_document",
      "provider": "provider[\"registry.terraform.io/hashicorp/aws\"]",
      "instances": [
        {
          "schema_version": 0,
          "attributes": {
            "id": "2873133587",
            "json": "{\n  \"Version\": \"2012-10-17\",\n  \"Statement\": [\n    {\n      \"Sid\": \"\",\n      \"Effect\": \"Allow\",\n      \"Action\": \"route53:GetChange\",\n      \"Resource\": \"arn:aws:route53:::change/*\"\n    },\n    {\n      \"Sid\": \"\",\n      \"Effect\": \"Allow\",\n      \"Action\": \"route53:ListHostedZonesByName\",\n      \"Resource\": \"*\"\n    }\n  ]\n}",
            "override_json": null,
            "override_policy_documents": null,
            "policy_id": null,
            "source_json": null,
            "source_policy_documents": null,
            "statement": [
              {
                "actions": [
                  "route53:GetChange"
                ],
                "condition": [],
                "effect": "Allow",
                "not_actions": [],
                "not_principals": [],
                "not_resources": [],
                "principals": [],
                "resources": [
                  "arn:aws:route53:::change/*"
                ],
                "sid": ""
              },
              {
                "actions": [
                  "route53:ListHostedZonesByName"
                ],
                "condition": [],
                "effect": "Allow",
                "not_actions": [],
                "not_principals": [],
                "not_resources": [],
                "principals": [],
                "resources": [
                  "*"
                ],
                "sid": ""
              }
            ],
            "version": "2012-10-17"
          },
          "sensitive_attributes": []
        }
      ]
    },
    {
      "module": "module.eks_blueprints_kubernetes_addons.module.cert_manager[0].module.helm_addon",
      "mode": "managed",
      "type": "helm_release",
      "name": "addon",
      "provider": "provider[\"registry.terraform.io/hashicorp/helm\"]",
      "instances": []
    },
    {
      "module": "module.eks_blueprints_kubernetes_addons.module.cluster_autoscaler[0]",
      "mode": "data",
      "type": "aws_iam_policy_document",
      "name": "cluster_autoscaler",
      "provider": "provider[\"registry.terraform.io/hashicorp/aws\"]",
      "instances": [
        {
          "schema_version": 0,
          "attributes": {
            "id": "4239056032",
            "json": "{\n  \"Version\": \"2012-10-17\",\n  \"Statement\": [\n    {\n      \"Sid\": \"\",\n      \"Effect\": \"Allow\",\n      \"Action\": [\n        \"ec2:DescribeLaunchTemplateVersions\",\n        \"ec2:DescribeInstanceTypes\",\n        \"autoscaling:DescribeTags\",\n        \"autoscaling:DescribeLaunchConfigurations\",\n        \"autoscaling:DescribeAutoScalingInstances\",\n        \"autoscaling:DescribeAutoScalingGroups\"\n      ],\n      \"Resource\": \"*\"\n    },\n    {\n      \"Sid\": \"\",\n      \"Effect\": \"Allow\",\n      \"Action\": [\n        \"eks:DescribeNodegroup\",\n        \"ec2:DescribeInstanceTypes\",\n        \"autoscaling:TerminateInstanceInAutoScalingGroup\",\n        \"autoscaling:SetDesiredCapacity\"\n      ],\n      \"Resource\": \"*\",\n      \"Condition\": {\n        \"StringEquals\": {\n          \"autoscaling:ResourceTag/k8s.io/cluster-autoscaler/eksworkshop-eksctl\": \"owned\"\n        }\n      }\n    }\n  ]\n}",
            "override_json": null,
            "override_policy_documents": null,
            "policy_id": null,
            "source_json": null,
            "source_policy_documents": null,
            "statement": [
              {
                "actions": [
                  "autoscaling:DescribeAutoScalingGroups",
                  "autoscaling:DescribeAutoScalingInstances",
                  "autoscaling:DescribeLaunchConfigurations",
                  "autoscaling:DescribeTags",
                  "ec2:DescribeInstanceTypes",
                  "ec2:DescribeLaunchTemplateVersions"
                ],
                "condition": [],
                "effect": "Allow",
                "not_actions": [],
                "not_principals": [],
                "not_resources": [],
                "principals": [],
                "resources": [
                  "*"
                ],
                "sid": ""
              },
              {
                "actions": [
                  "autoscaling:SetDesiredCapacity",
                  "autoscaling:TerminateInstanceInAutoScalingGroup",
                  "ec2:DescribeInstanceTypes",
                  "eks:DescribeNodegroup"
                ],
                "condition": [
                  {
                    "test": "StringEquals",
                    "values": [
                      "owned"
                    ],
                    "variable": "autoscaling:ResourceTag/k8s.io/cluster-autoscaler/eksworkshop-eksctl"
                  }
                ],
                "effect": "Allow",
                "not_actions": [],
                "not_principals": [],
                "not_resources": [],
                "principals": [],
                "resources": [
                  "*"
                ],
                "sid": ""
              }
            ],
            "version": "2012-10-17"
          },
          "sensitive_attributes": []
        }
      ]
    },
    {
      "module": "module.eks_blueprints_kubernetes_addons.module.metrics_server[0]",
      "mode": "managed",
      "type": "kubernetes_namespace_v1",
      "name": "this",
      "provider": "provider[\"registry.terraform.io/hashicorp/kubernetes\"]",
      "instances": []
    },
    {
      "module": "module.vpc",
      "mode": "managed",
      "type": "aws_default_network_acl",
      "name": "this",
      "provider": "provider[\"registry.terraform.io/hashicorp/aws\"]",
      "instances": [
        {
          "index_key": 0,
          "schema_version": 0,
          "attributes": {
            "arn": "arn:aws:ec2:eu-west-1:444943710238:network-acl/acl-04b1bc861818b211c",
            "default_network_acl_id": "acl-04b1bc861818b211c",
            "egress": [
              {
                "action": "allow",
                "cidr_block": "",
                "from_port": 0,
                "icmp_code": null,
                "icmp_type": null,
                "ipv6_cidr_block": "::/0",
                "protocol": "-1",
                "rule_no": 101,
                "to_port": 0
              },
              {
                "action": "allow",
                "cidr_block": "0.0.0.0/0",
                "from_port": 0,
                "icmp_code": null,
                "icmp_type": null,
                "ipv6_cidr_block": "",
                "protocol": "-1",
                "rule_no": 100,
                "to_port": 0
              }
            ],
            "id": "acl-04b1bc861818b211c",
            "ingress": [
              {
                "action": "allow",
                "cidr_block": "",
                "from_port": 0,
                "icmp_code": null,
                "icmp_type": null,
                "ipv6_cidr_block": "::/0",
                "protocol": "-1",
                "rule_no": 101,
                "to_port": 0
              },
              {
                "action": "allow",
                "cidr_block": "0.0.0.0/0",
                "from_port": 0,
                "icmp_code": null,
                "icmp_type": null,
                "ipv6_cidr_block": "",
                "protocol": "-1",
                "rule_no": 100,
                "to_port": 0
              }
            ],
            "owner_id": "444943710238",
            "subnet_ids": [
              "subnet-00715a0c313c32ab5",
              "subnet-04a9d0032747bdf33",
              "subnet-05595af4cb25463c1",
              "subnet-05a2b4bc25e8e743c",
              "subnet-05b72f3793c9ee483",
              "subnet-0a6f454e4dfd8d3e8"
            ],
            "tags": {
              "Blueprint": "eks-cluster-with-new-vpc",
              "GithubRepo": "github.com/aws-ia/terraform-aws-eks-blueprints",
              "Name": "eks-cluster-with-new-vpc-default"
            },
            "tags_all": {
              "Blueprint": "eks-cluster-with-new-vpc",
              "GithubRepo": "github.com/aws-ia/terraform-aws-eks-blueprints",
              "Name": "eks-cluster-with-new-vpc-default"
            },
            "vpc_id": "vpc-0988d187b4dd10991"
          },
          "sensitive_attributes": [],
          "private": "bnVsbA==",
          "dependencies": [
            "module.vpc.aws_vpc.this"
          ]
        }
      ]
    },
    {
      "module": "module.vpc",
      "mode": "managed",
      "type": "aws_default_route_table",
      "name": "default",
      "provider": "provider[\"registry.terraform.io/hashicorp/aws\"]",
      "instances": [
        {
          "index_key": 0,
          "schema_version": 0,
          "attributes": {
            "arn": "arn:aws:ec2:eu-west-1:444943710238:route-table/rtb-0f4f6b3dd7c267cdd",
            "default_route_table_id": "rtb-0f4f6b3dd7c267cdd",
            "id": "rtb-0f4f6b3dd7c267cdd",
            "owner_id": "444943710238",
            "propagating_vgws": null,
            "route": [],
            "tags": {
              "Blueprint": "eks-cluster-with-new-vpc",
              "GithubRepo": "github.com/aws-ia/terraform-aws-eks-blueprints",
              "Name": "eks-cluster-with-new-vpc-default"
            },
            "tags_all": {
              "Blueprint": "eks-cluster-with-new-vpc",
              "GithubRepo": "github.com/aws-ia/terraform-aws-eks-blueprints",
              "Name": "eks-cluster-with-new-vpc-default"
            },
            "timeouts": {
              "create": "5m",
              "update": "5m"
            },
            "vpc_id": "vpc-0988d187b4dd10991"
          },
          "sensitive_attributes": [],
          "private": "eyJlMmJmYjczMC1lY2FhLTExZTYtOGY4OC0zNDM2M2JjN2M0YzAiOnsiY3JlYXRlIjozMDAwMDAwMDAwMDAsInVwZGF0ZSI6MzAwMDAwMDAwMDAwfX0=",
          "dependencies": [
            "module.vpc.aws_vpc.this"
          ]
        }
      ]
    },
    {
      "module": "module.vpc",
      "mode": "managed",
      "type": "aws_default_security_group",
      "name": "this",
      "provider": "provider[\"registry.terraform.io/hashicorp/aws\"]",
      "instances": [
        {
          "index_key": 0,
          "schema_version": 1,
          "attributes": {
            "arn": "arn:aws:ec2:eu-west-1:444943710238:security-group/sg-0690b4af45fccfde5",
            "description": "default VPC security group",
            "egress": [],
            "id": "sg-0690b4af45fccfde5",
            "ingress": [],
            "name": "default",
            "name_prefix": "",
            "owner_id": "444943710238",
            "revoke_rules_on_delete": false,
            "tags": {
              "Blueprint": "eks-cluster-with-new-vpc",
              "GithubRepo": "github.com/aws-ia/terraform-aws-eks-blueprints",
              "Name": "eks-cluster-with-new-vpc-default"
            },
            "tags_all": {
              "Blueprint": "eks-cluster-with-new-vpc",
              "GithubRepo": "github.com/aws-ia/terraform-aws-eks-blueprints",
              "Name": "eks-cluster-with-new-vpc-default"
            },
            "vpc_id": "vpc-0988d187b4dd10991"
          },
          "sensitive_attributes": [],
          "private": "eyJzY2hlbWFfdmVyc2lvbiI6IjEifQ==",
          "dependencies": [
            "module.vpc.aws_vpc.this"
          ]
        }
      ]
    },
    {
      "module": "module.vpc",
      "mode": "managed",
      "type": "aws_eip",
      "name": "nat",
      "provider": "provider[\"registry.terraform.io/hashicorp/aws\"]",
      "instances": [
        {
          "index_key": 0,
          "schema_version": 0,
          "attributes": {
            "address": null,
            "allocation_id": "eipalloc-0a50c6ad560bada52",
            "associate_with_private_ip": null,
            "association_id": "",
            "carrier_ip": "",
            "customer_owned_ip": "",
            "customer_owned_ipv4_pool": "",
            "domain": "vpc",
            "id": "eipalloc-0a50c6ad560bada52",
            "instance": "",
            "network_border_group": "eu-west-1",
            "network_interface": "",
            "private_dns": null,
            "private_ip": "",
            "public_dns": "ec2-34-246-16-50.eu-west-1.compute.amazonaws.com",
            "public_ip": "34.246.16.50",
            "public_ipv4_pool": "amazon",
            "tags": {
              "Blueprint": "eks-cluster-with-new-vpc",
              "GithubRepo": "github.com/aws-ia/terraform-aws-eks-blueprints",
              "Name": "eks-cluster-with-new-vpc-eu-west-1a"
            },
            "tags_all": {
              "Blueprint": "eks-cluster-with-new-vpc",
              "GithubRepo": "github.com/aws-ia/terraform-aws-eks-blueprints",
              "Name": "eks-cluster-with-new-vpc-eu-west-1a"
            },
            "timeouts": null,
            "vpc": true
          },
          "sensitive_attributes": [],
          "private": "eyJlMmJmYjczMC1lY2FhLTExZTYtOGY4OC0zNDM2M2JjN2M0YzAiOnsiZGVsZXRlIjoxODAwMDAwMDAwMDAsInJlYWQiOjkwMDAwMDAwMDAwMCwidXBkYXRlIjozMDAwMDAwMDAwMDB9fQ==",
          "dependencies": [
            "data.aws_availability_zones.available"
          ]
        }
      ]
    },
    {
      "module": "module.vpc",
      "mode": "managed",
      "type": "aws_internet_gateway",
      "name": "this",
      "provider": "provider[\"registry.terraform.io/hashicorp/aws\"]",
      "instances": [
        {
          "index_key": 0,
          "schema_version": 0,
          "attributes": {
            "arn": "arn:aws:ec2:eu-west-1:444943710238:internet-gateway/igw-0118113c77e9f3bf1",
            "id": "igw-0118113c77e9f3bf1",
            "owner_id": "444943710238",
            "tags": {
              "Blueprint": "eks-cluster-with-new-vpc",
              "GithubRepo": "github.com/aws-ia/terraform-aws-eks-blueprints",
              "Name": "eks-cluster-with-new-vpc"
            },
            "tags_all": {
              "Blueprint": "eks-cluster-with-new-vpc",
              "GithubRepo": "github.com/aws-ia/terraform-aws-eks-blueprints",
              "Name": "eks-cluster-with-new-vpc"
            },
            "timeouts": null,
            "vpc_id": "vpc-0988d187b4dd10991"
          },
          "sensitive_attributes": [],
          "private": "eyJlMmJmYjczMC1lY2FhLTExZTYtOGY4OC0zNDM2M2JjN2M0YzAiOnsiY3JlYXRlIjoxMjAwMDAwMDAwMDAwLCJkZWxldGUiOjEyMDAwMDAwMDAwMDAsInVwZGF0ZSI6MTIwMDAwMDAwMDAwMH19",
          "dependencies": [
            "data.aws_availability_zones.available",
            "module.vpc.aws_vpc.this",
            "module.vpc.aws_vpc_ipv4_cidr_block_association.this"
          ]
        }
      ]
    },
    {
      "module": "module.vpc",
      "mode": "managed",
      "type": "aws_nat_gateway",
      "name": "this",
      "provider": "provider[\"registry.terraform.io/hashicorp/aws\"]",
      "instances": [
        {
          "index_key": 0,
          "schema_version": 0,
          "attributes": {
            "allocation_id": "eipalloc-0a50c6ad560bada52",
            "connectivity_type": "public",
            "id": "nat-0f0708bd028a3b1ad",
            "network_interface_id": "eni-092d29ec5717cec22",
            "private_ip": "10.0.0.253",
            "public_ip": "34.246.16.50",
            "subnet_id": "subnet-04a9d0032747bdf33",
            "tags": {
              "Blueprint": "eks-cluster-with-new-vpc",
              "GithubRepo": "github.com/aws-ia/terraform-aws-eks-blueprints",
              "Name": "eks-cluster-with-new-vpc-eu-west-1a"
            },
            "tags_all": {
              "Blueprint": "eks-cluster-with-new-vpc",
              "GithubRepo": "github.com/aws-ia/terraform-aws-eks-blueprints",
              "Name": "eks-cluster-with-new-vpc-eu-west-1a"
            }
          },
          "sensitive_attributes": [],
          "private": "bnVsbA==",
          "dependencies": [
            "data.aws_availability_zones.available",
            "module.vpc.aws_eip.nat",
            "module.vpc.aws_internet_gateway.this",
            "module.vpc.aws_subnet.public",
            "module.vpc.aws_vpc.this",
            "module.vpc.aws_vpc_ipv4_cidr_block_association.this"
          ]
        }
      ]
    },
    {
      "module": "module.vpc",
      "mode": "managed",
      "type": "aws_route",
      "name": "private_nat_gateway",
      "provider": "provider[\"registry.terraform.io/hashicorp/aws\"]",
      "instances": [
        {
          "index_key": 0,
          "schema_version": 0,
          "attributes": {
            "carrier_gateway_id": "",
            "core_network_arn": "",
            "destination_cidr_block": "0.0.0.0/0",
            "destination_ipv6_cidr_block": "",
            "destination_prefix_list_id": "",
            "egress_only_gateway_id": "",
            "gateway_id": "",
            "id": "r-rtb-0470e3af65455a8511080289494",
            "instance_id": "",
            "instance_owner_id": "",
            "local_gateway_id": "",
            "nat_gateway_id": "nat-0f0708bd028a3b1ad",
            "network_interface_id": "",
            "origin": "CreateRoute",
            "route_table_id": "rtb-0470e3af65455a851",
            "state": "active",
            "timeouts": {
              "create": "5m",
              "delete": null,
              "update": null
            },
            "transit_gateway_id": "",
            "vpc_endpoint_id": "",
            "vpc_peering_connection_id": ""
          },
          "sensitive_attributes": [],
          "private": "eyJlMmJmYjczMC1lY2FhLTExZTYtOGY4OC0zNDM2M2JjN2M0YzAiOnsiY3JlYXRlIjozMDAwMDAwMDAwMDAsImRlbGV0ZSI6MzAwMDAwMDAwMDAwLCJ1cGRhdGUiOjEyMDAwMDAwMDAwMH19",
          "dependencies": [
            "data.aws_availability_zones.available",
            "module.vpc.aws_eip.nat",
            "module.vpc.aws_internet_gateway.this",
            "module.vpc.aws_nat_gateway.this",
            "module.vpc.aws_route_table.private",
            "module.vpc.aws_subnet.public",
            "module.vpc.aws_vpc.this",
            "module.vpc.aws_vpc_ipv4_cidr_block_association.this"
          ]
        }
      ]
    },
    {
      "module": "module.vpc",
      "mode": "managed",
      "type": "aws_route",
      "name": "public_internet_gateway",
      "provider": "provider[\"registry.terraform.io/hashicorp/aws\"]",
      "instances": [
        {
          "index_key": 0,
          "schema_version": 0,
          "attributes": {
            "carrier_gateway_id": "",
            "core_network_arn": "",
            "destination_cidr_block": "0.0.0.0/0",
            "destination_ipv6_cidr_block": "",
            "destination_prefix_list_id": "",
            "egress_only_gateway_id": "",
            "gateway_id": "igw-0118113c77e9f3bf1",
            "id": "r-rtb-0e4309fc783d016671080289494",
            "instance_id": "",
            "instance_owner_id": "",
            "local_gateway_id": "",
            "nat_gateway_id": "",
            "network_interface_id": "",
            "origin": "CreateRoute",
            "route_table_id": "rtb-0e4309fc783d01667",
            "state": "active",
            "timeouts": {
              "create": "5m",
              "delete": null,
              "update": null
            },
            "transit_gateway_id": "",
            "vpc_endpoint_id": "",
            "vpc_peering_connection_id": ""
          },
          "sensitive_attributes": [],
          "private": "eyJlMmJmYjczMC1lY2FhLTExZTYtOGY4OC0zNDM2M2JjN2M0YzAiOnsiY3JlYXRlIjozMDAwMDAwMDAwMDAsImRlbGV0ZSI6MzAwMDAwMDAwMDAwLCJ1cGRhdGUiOjEyMDAwMDAwMDAwMH19",
          "dependencies": [
            "data.aws_availability_zones.available",
            "module.vpc.aws_internet_gateway.this",
            "module.vpc.aws_route_table.public",
            "module.vpc.aws_vpc.this",
            "module.vpc.aws_vpc_ipv4_cidr_block_association.this"
          ]
        }
      ]
    },
    {
      "module": "module.vpc",
      "mode": "managed",
      "type": "aws_route_table",
      "name": "private",
      "provider": "provider[\"registry.terraform.io/hashicorp/aws\"]",
      "instances": [
        {
          "index_key": 0,
          "schema_version": 0,
          "attributes": {
            "arn": "arn:aws:ec2:eu-west-1:444943710238:route-table/rtb-0470e3af65455a851",
            "id": "rtb-0470e3af65455a851",
            "owner_id": "444943710238",
            "propagating_vgws": [],
            "route": [],
            "tags": {
              "Blueprint": "eks-cluster-with-new-vpc",
              "GithubRepo": "github.com/aws-ia/terraform-aws-eks-blueprints",
              "Name": "eks-cluster-with-new-vpc-private"
            },
            "tags_all": {
              "Blueprint": "eks-cluster-with-new-vpc",
              "GithubRepo": "github.com/aws-ia/terraform-aws-eks-blueprints",
              "Name": "eks-cluster-with-new-vpc-private"
            },
            "timeouts": null,
            "vpc_id": "vpc-0988d187b4dd10991"
          },
          "sensitive_attributes": [],
          "private": "eyJlMmJmYjczMC1lY2FhLTExZTYtOGY4OC0zNDM2M2JjN2M0YzAiOnsiY3JlYXRlIjozMDAwMDAwMDAwMDAsImRlbGV0ZSI6MzAwMDAwMDAwMDAwLCJ1cGRhdGUiOjEyMDAwMDAwMDAwMH19",
          "dependencies": [
            "data.aws_availability_zones.available",
            "module.vpc.aws_vpc.this",
            "module.vpc.aws_vpc_ipv4_cidr_block_association.this"
          ]
        }
      ]
    },
    {
      "module": "module.vpc",
      "mode": "managed",
      "type": "aws_route_table",
      "name": "public",
      "provider": "provider[\"registry.terraform.io/hashicorp/aws\"]",
      "instances": [
        {
          "index_key": 0,
          "schema_version": 0,
          "attributes": {
            "arn": "arn:aws:ec2:eu-west-1:444943710238:route-table/rtb-0e4309fc783d01667",
            "id": "rtb-0e4309fc783d01667",
            "owner_id": "444943710238",
            "propagating_vgws": [],
            "route": [],
            "tags": {
              "Blueprint": "eks-cluster-with-new-vpc",
              "GithubRepo": "github.com/aws-ia/terraform-aws-eks-blueprints",
              "Name": "eks-cluster-with-new-vpc-public"
            },
            "tags_all": {
              "Blueprint": "eks-cluster-with-new-vpc",
              "GithubRepo": "github.com/aws-ia/terraform-aws-eks-blueprints",
              "Name": "eks-cluster-with-new-vpc-public"
            },
            "timeouts": null,
            "vpc_id": "vpc-0988d187b4dd10991"
          },
          "sensitive_attributes": [],
          "private": "eyJlMmJmYjczMC1lY2FhLTExZTYtOGY4OC0zNDM2M2JjN2M0YzAiOnsiY3JlYXRlIjozMDAwMDAwMDAwMDAsImRlbGV0ZSI6MzAwMDAwMDAwMDAwLCJ1cGRhdGUiOjEyMDAwMDAwMDAwMH19",
          "dependencies": [
            "data.aws_availability_zones.available",
            "module.vpc.aws_vpc.this",
            "module.vpc.aws_vpc_ipv4_cidr_block_association.this"
          ]
        }
      ]
    },
    {
      "module": "module.vpc",
      "mode": "managed",
      "type": "aws_route_table_association",
      "name": "private",
      "provider": "provider[\"registry.terraform.io/hashicorp/aws\"]",
      "instances": [
        {
          "index_key": 0,
          "schema_version": 0,
          "attributes": {
            "gateway_id": "",
            "id": "rtbassoc-092a97420783d6c88",
            "route_table_id": "rtb-0470e3af65455a851",
            "subnet_id": "subnet-05b72f3793c9ee483"
          },
          "sensitive_attributes": [],
          "private": "bnVsbA==",
          "dependencies": [
            "data.aws_availability_zones.available",
            "module.vpc.aws_route_table.private",
            "module.vpc.aws_subnet.private",
            "module.vpc.aws_vpc.this",
            "module.vpc.aws_vpc_ipv4_cidr_block_association.this"
          ]
        },
        {
          "index_key": 1,
          "schema_version": 0,
          "attributes": {
            "gateway_id": "",
            "id": "rtbassoc-096a451146a3624f4",
            "route_table_id": "rtb-0470e3af65455a851",
            "subnet_id": "subnet-0a6f454e4dfd8d3e8"
          },
          "sensitive_attributes": [],
          "private": "bnVsbA==",
          "dependencies": [
            "data.aws_availability_zones.available",
            "module.vpc.aws_route_table.private",
            "module.vpc.aws_subnet.private",
            "module.vpc.aws_vpc.this",
            "module.vpc.aws_vpc_ipv4_cidr_block_association.this"
          ]
        },
        {
          "index_key": 2,
          "schema_version": 0,
          "attributes": {
            "gateway_id": "",
            "id": "rtbassoc-0ab1ac65237b6e0c5",
            "route_table_id": "rtb-0470e3af65455a851",
            "subnet_id": "subnet-00715a0c313c32ab5"
          },
          "sensitive_attributes": [],
          "private": "bnVsbA==",
          "dependencies": [
            "data.aws_availability_zones.available",
            "module.vpc.aws_route_table.private",
            "module.vpc.aws_subnet.private",
            "module.vpc.aws_vpc.this",
            "module.vpc.aws_vpc_ipv4_cidr_block_association.this"
          ]
        }
      ]
    },
    {
      "module": "module.vpc",
      "mode": "managed",
      "type": "aws_route_table_association",
      "name": "public",
      "provider": "provider[\"registry.terraform.io/hashicorp/aws\"]",
      "instances": [
        {
          "index_key": 0,
          "schema_version": 0,
          "attributes": {
            "gateway_id": "",
            "id": "rtbassoc-0f89fd02f03596b70",
            "route_table_id": "rtb-0e4309fc783d01667",
            "subnet_id": "subnet-04a9d0032747bdf33"
          },
          "sensitive_attributes": [],
          "private": "bnVsbA==",
          "dependencies": [
            "data.aws_availability_zones.available",
            "module.vpc.aws_route_table.public",
            "module.vpc.aws_subnet.public",
            "module.vpc.aws_vpc.this",
            "module.vpc.aws_vpc_ipv4_cidr_block_association.this"
          ]
        },
        {
          "index_key": 1,
          "schema_version": 0,
          "attributes": {
            "gateway_id": "",
            "id": "rtbassoc-0cdacea0705b0715e",
            "route_table_id": "rtb-0e4309fc783d01667",
            "subnet_id": "subnet-05a2b4bc25e8e743c"
          },
          "sensitive_attributes": [],
          "private": "bnVsbA==",
          "dependencies": [
            "data.aws_availability_zones.available",
            "module.vpc.aws_route_table.public",
            "module.vpc.aws_subnet.public",
            "module.vpc.aws_vpc.this",
            "module.vpc.aws_vpc_ipv4_cidr_block_association.this"
          ]
        },
        {
          "index_key": 2,
          "schema_version": 0,
          "attributes": {
            "gateway_id": "",
            "id": "rtbassoc-0095b3d9ecd25f63f",
            "route_table_id": "rtb-0e4309fc783d01667",
            "subnet_id": "subnet-05595af4cb25463c1"
          },
          "sensitive_attributes": [],
          "private": "bnVsbA==",
          "dependencies": [
            "data.aws_availability_zones.available",
            "module.vpc.aws_route_table.public",
            "module.vpc.aws_subnet.public",
            "module.vpc.aws_vpc.this",
            "module.vpc.aws_vpc_ipv4_cidr_block_association.this"
          ]
        }
      ]
    },
    {
      "module": "module.vpc",
      "mode": "managed",
      "type": "aws_subnet",
      "name": "private",
      "provider": "provider[\"registry.terraform.io/hashicorp/aws\"]",
      "instances": [
        {
          "index_key": 0,
          "schema_version": 1,
          "attributes": {
            "arn": "arn:aws:ec2:eu-west-1:444943710238:subnet/subnet-05b72f3793c9ee483",
            "assign_ipv6_address_on_creation": false,
            "availability_zone": "eu-west-1a",
            "availability_zone_id": "euw1-az2",
            "cidr_block": "10.0.10.0/24",
            "customer_owned_ipv4_pool": "",
            "enable_dns64": false,
            "enable_resource_name_dns_a_record_on_launch": false,
            "enable_resource_name_dns_aaaa_record_on_launch": false,
            "id": "subnet-05b72f3793c9ee483",
            "ipv6_cidr_block": "",
            "ipv6_cidr_block_association_id": "",
            "ipv6_native": false,
            "map_customer_owned_ip_on_launch": false,
            "map_public_ip_on_launch": false,
            "outpost_arn": "",
            "owner_id": "444943710238",
            "private_dns_hostname_type_on_launch": "ip-name",
            "tags": {
              "Blueprint": "eks-cluster-with-new-vpc",
              "GithubRepo": "github.com/aws-ia/terraform-aws-eks-blueprints",
              "Name": "eks-cluster-with-new-vpc-private-eu-west-1a",
              "kubernetes.io/cluster/eksworkshop-eksctl": "shared",
              "kubernetes.io/role/internal-elb": "1"
            },
            "tags_all": {
              "Blueprint": "eks-cluster-with-new-vpc",
              "GithubRepo": "github.com/aws-ia/terraform-aws-eks-blueprints",
              "Name": "eks-cluster-with-new-vpc-private-eu-west-1a",
              "kubernetes.io/cluster/eksworkshop-eksctl": "shared",
              "kubernetes.io/role/internal-elb": "1"
            },
            "timeouts": null,
            "vpc_id": "vpc-0988d187b4dd10991"
          },
          "sensitive_attributes": [],
          "private": "eyJlMmJmYjczMC1lY2FhLTExZTYtOGY4OC0zNDM2M2JjN2M0YzAiOnsiY3JlYXRlIjo2MDAwMDAwMDAwMDAsImRlbGV0ZSI6MTIwMDAwMDAwMDAwMH0sInNjaGVtYV92ZXJzaW9uIjoiMSJ9",
          "dependencies": [
            "data.aws_availability_zones.available",
            "module.vpc.aws_vpc.this",
            "module.vpc.aws_vpc_ipv4_cidr_block_association.this"
          ],
          "create_before_destroy": true
        },
        {
          "index_key": 1,
          "schema_version": 1,
          "attributes": {
            "arn": "arn:aws:ec2:eu-west-1:444943710238:subnet/subnet-0a6f454e4dfd8d3e8",
            "assign_ipv6_address_on_creation": false,
            "availability_zone": "eu-west-1b",
            "availability_zone_id": "euw1-az3",
            "cidr_block": "10.0.11.0/24",
            "customer_owned_ipv4_pool": "",
            "enable_dns64": false,
            "enable_resource_name_dns_a_record_on_launch": false,
            "enable_resource_name_dns_aaaa_record_on_launch": false,
            "id": "subnet-0a6f454e4dfd8d3e8",
            "ipv6_cidr_block": "",
            "ipv6_cidr_block_association_id": "",
            "ipv6_native": false,
            "map_customer_owned_ip_on_launch": false,
            "map_public_ip_on_launch": false,
            "outpost_arn": "",
            "owner_id": "444943710238",
            "private_dns_hostname_type_on_launch": "ip-name",
            "tags": {
              "Blueprint": "eks-cluster-with-new-vpc",
              "GithubRepo": "github.com/aws-ia/terraform-aws-eks-blueprints",
              "Name": "eks-cluster-with-new-vpc-private-eu-west-1b",
              "kubernetes.io/cluster/eksworkshop-eksctl": "shared",
              "kubernetes.io/role/internal-elb": "1"
            },
            "tags_all": {
              "Blueprint": "eks-cluster-with-new-vpc",
              "GithubRepo": "github.com/aws-ia/terraform-aws-eks-blueprints",
              "Name": "eks-cluster-with-new-vpc-private-eu-west-1b",
              "kubernetes.io/cluster/eksworkshop-eksctl": "shared",
              "kubernetes.io/role/internal-elb": "1"
            },
            "timeouts": null,
            "vpc_id": "vpc-0988d187b4dd10991"
          },
          "sensitive_attributes": [],
          "private": "eyJlMmJmYjczMC1lY2FhLTExZTYtOGY4OC0zNDM2M2JjN2M0YzAiOnsiY3JlYXRlIjo2MDAwMDAwMDAwMDAsImRlbGV0ZSI6MTIwMDAwMDAwMDAwMH0sInNjaGVtYV92ZXJzaW9uIjoiMSJ9",
          "dependencies": [
            "data.aws_availability_zones.available",
            "module.vpc.aws_vpc.this",
            "module.vpc.aws_vpc_ipv4_cidr_block_association.this"
          ],
          "create_before_destroy": true
        },
        {
          "index_key": 2,
          "schema_version": 1,
          "attributes": {
            "arn": "arn:aws:ec2:eu-west-1:444943710238:subnet/subnet-00715a0c313c32ab5",
            "assign_ipv6_address_on_creation": false,
            "availability_zone": "eu-west-1c",
            "availability_zone_id": "euw1-az1",
            "cidr_block": "10.0.12.0/24",
            "customer_owned_ipv4_pool": "",
            "enable_dns64": false,
            "enable_resource_name_dns_a_record_on_launch": false,
            "enable_resource_name_dns_aaaa_record_on_launch": false,
            "id": "subnet-00715a0c313c32ab5",
            "ipv6_cidr_block": "",
            "ipv6_cidr_block_association_id": "",
            "ipv6_native": false,
            "map_customer_owned_ip_on_launch": false,
            "map_public_ip_on_launch": false,
            "outpost_arn": "",
            "owner_id": "444943710238",
            "private_dns_hostname_type_on_launch": "ip-name",
            "tags": {
              "Blueprint": "eks-cluster-with-new-vpc",
              "GithubRepo": "github.com/aws-ia/terraform-aws-eks-blueprints",
              "Name": "eks-cluster-with-new-vpc-private-eu-west-1c",
              "kubernetes.io/cluster/eksworkshop-eksctl": "shared",
              "kubernetes.io/role/internal-elb": "1"
            },
            "tags_all": {
              "Blueprint": "eks-cluster-with-new-vpc",
              "GithubRepo": "github.com/aws-ia/terraform-aws-eks-blueprints",
              "Name": "eks-cluster-with-new-vpc-private-eu-west-1c",
              "kubernetes.io/cluster/eksworkshop-eksctl": "shared",
              "kubernetes.io/role/internal-elb": "1"
            },
            "timeouts": null,
            "vpc_id": "vpc-0988d187b4dd10991"
          },
          "sensitive_attributes": [],
          "private": "eyJlMmJmYjczMC1lY2FhLTExZTYtOGY4OC0zNDM2M2JjN2M0YzAiOnsiY3JlYXRlIjo2MDAwMDAwMDAwMDAsImRlbGV0ZSI6MTIwMDAwMDAwMDAwMH0sInNjaGVtYV92ZXJzaW9uIjoiMSJ9",
          "dependencies": [
            "data.aws_availability_zones.available",
            "module.vpc.aws_vpc.this",
            "module.vpc.aws_vpc_ipv4_cidr_block_association.this"
          ],
          "create_before_destroy": true
        }
      ]
    },
    {
      "module": "module.vpc",
      "mode": "managed",
      "type": "aws_subnet",
      "name": "public",
      "provider": "provider[\"registry.terraform.io/hashicorp/aws\"]",
      "instances": [
        {
          "index_key": 0,
          "schema_version": 1,
          "attributes": {
            "arn": "arn:aws:ec2:eu-west-1:444943710238:subnet/subnet-04a9d0032747bdf33",
            "assign_ipv6_address_on_creation": false,
            "availability_zone": "eu-west-1a",
            "availability_zone_id": "euw1-az2",
            "cidr_block": "10.0.0.0/24",
            "customer_owned_ipv4_pool": "",
            "enable_dns64": false,
            "enable_resource_name_dns_a_record_on_launch": false,
            "enable_resource_name_dns_aaaa_record_on_launch": false,
            "id": "subnet-04a9d0032747bdf33",
            "ipv6_cidr_block": "",
            "ipv6_cidr_block_association_id": "",
            "ipv6_native": false,
            "map_customer_owned_ip_on_launch": false,
            "map_public_ip_on_launch": true,
            "outpost_arn": "",
            "owner_id": "444943710238",
            "private_dns_hostname_type_on_launch": "ip-name",
            "tags": {
              "Blueprint": "eks-cluster-with-new-vpc",
              "GithubRepo": "github.com/aws-ia/terraform-aws-eks-blueprints",
              "Name": "eks-cluster-with-new-vpc-public-eu-west-1a",
              "kubernetes.io/cluster/eksworkshop-eksctl": "shared",
              "kubernetes.io/role/elb": "1"
            },
            "tags_all": {
              "Blueprint": "eks-cluster-with-new-vpc",
              "GithubRepo": "github.com/aws-ia/terraform-aws-eks-blueprints",
              "Name": "eks-cluster-with-new-vpc-public-eu-west-1a",
              "kubernetes.io/cluster/eksworkshop-eksctl": "shared",
              "kubernetes.io/role/elb": "1"
            },
            "timeouts": null,
            "vpc_id": "vpc-0988d187b4dd10991"
          },
          "sensitive_attributes": [],
          "private": "eyJlMmJmYjczMC1lY2FhLTExZTYtOGY4OC0zNDM2M2JjN2M0YzAiOnsiY3JlYXRlIjo2MDAwMDAwMDAwMDAsImRlbGV0ZSI6MTIwMDAwMDAwMDAwMH0sInNjaGVtYV92ZXJzaW9uIjoiMSJ9",
          "dependencies": [
            "data.aws_availability_zones.available",
            "module.vpc.aws_vpc.this",
            "module.vpc.aws_vpc_ipv4_cidr_block_association.this"
          ]
        },
        {
          "index_key": 1,
          "schema_version": 1,
          "attributes": {
            "arn": "arn:aws:ec2:eu-west-1:444943710238:subnet/subnet-05a2b4bc25e8e743c",
            "assign_ipv6_address_on_creation": false,
            "availability_zone": "eu-west-1b",
            "availability_zone_id": "euw1-az3",
            "cidr_block": "10.0.1.0/24",
            "customer_owned_ipv4_pool": "",
            "enable_dns64": false,
            "enable_resource_name_dns_a_record_on_launch": false,
            "enable_resource_name_dns_aaaa_record_on_launch": false,
            "id": "subnet-05a2b4bc25e8e743c",
            "ipv6_cidr_block": "",
            "ipv6_cidr_block_association_id": "",
            "ipv6_native": false,
            "map_customer_owned_ip_on_launch": false,
            "map_public_ip_on_launch": true,
            "outpost_arn": "",
            "owner_id": "444943710238",
            "private_dns_hostname_type_on_launch": "ip-name",
            "tags": {
              "Blueprint": "eks-cluster-with-new-vpc",
              "GithubRepo": "github.com/aws-ia/terraform-aws-eks-blueprints",
              "Name": "eks-cluster-with-new-vpc-public-eu-west-1b",
              "kubernetes.io/cluster/eksworkshop-eksctl": "shared",
              "kubernetes.io/role/elb": "1"
            },
            "tags_all": {
              "Blueprint": "eks-cluster-with-new-vpc",
              "GithubRepo": "github.com/aws-ia/terraform-aws-eks-blueprints",
              "Name": "eks-cluster-with-new-vpc-public-eu-west-1b",
              "kubernetes.io/cluster/eksworkshop-eksctl": "shared",
              "kubernetes.io/role/elb": "1"
            },
            "timeouts": null,
            "vpc_id": "vpc-0988d187b4dd10991"
          },
          "sensitive_attributes": [],
          "private": "eyJlMmJmYjczMC1lY2FhLTExZTYtOGY4OC0zNDM2M2JjN2M0YzAiOnsiY3JlYXRlIjo2MDAwMDAwMDAwMDAsImRlbGV0ZSI6MTIwMDAwMDAwMDAwMH0sInNjaGVtYV92ZXJzaW9uIjoiMSJ9",
          "dependencies": [
            "data.aws_availability_zones.available",
            "module.vpc.aws_vpc.this",
            "module.vpc.aws_vpc_ipv4_cidr_block_association.this"
          ]
        },
        {
          "index_key": 2,
          "schema_version": 1,
          "attributes": {
            "arn": "arn:aws:ec2:eu-west-1:444943710238:subnet/subnet-05595af4cb25463c1",
            "assign_ipv6_address_on_creation": false,
            "availability_zone": "eu-west-1c",
            "availability_zone_id": "euw1-az1",
            "cidr_block": "10.0.2.0/24",
            "customer_owned_ipv4_pool": "",
            "enable_dns64": false,
            "enable_resource_name_dns_a_record_on_launch": false,
            "enable_resource_name_dns_aaaa_record_on_launch": false,
            "id": "subnet-05595af4cb25463c1",
            "ipv6_cidr_block": "",
            "ipv6_cidr_block_association_id": "",
            "ipv6_native": false,
            "map_customer_owned_ip_on_launch": false,
            "map_public_ip_on_launch": true,
            "outpost_arn": "",
            "owner_id": "444943710238",
            "private_dns_hostname_type_on_launch": "ip-name",
            "tags": {
              "Blueprint": "eks-cluster-with-new-vpc",
              "GithubRepo": "github.com/aws-ia/terraform-aws-eks-blueprints",
              "Name": "eks-cluster-with-new-vpc-public-eu-west-1c",
              "kubernetes.io/cluster/eksworkshop-eksctl": "shared",
              "kubernetes.io/role/elb": "1"
            },
            "tags_all": {
              "Blueprint": "eks-cluster-with-new-vpc",
              "GithubRepo": "github.com/aws-ia/terraform-aws-eks-blueprints",
              "Name": "eks-cluster-with-new-vpc-public-eu-west-1c",
              "kubernetes.io/cluster/eksworkshop-eksctl": "shared",
              "kubernetes.io/role/elb": "1"
            },
            "timeouts": null,
            "vpc_id": "vpc-0988d187b4dd10991"
          },
          "sensitive_attributes": [],
          "private": "eyJlMmJmYjczMC1lY2FhLTExZTYtOGY4OC0zNDM2M2JjN2M0YzAiOnsiY3JlYXRlIjo2MDAwMDAwMDAwMDAsImRlbGV0ZSI6MTIwMDAwMDAwMDAwMH0sInNjaGVtYV92ZXJzaW9uIjoiMSJ9",
          "dependencies": [
            "data.aws_availability_zones.available",
            "module.vpc.aws_vpc.this",
            "module.vpc.aws_vpc_ipv4_cidr_block_association.this"
          ]
        }
      ]
    },
    {
      "module": "module.vpc",
      "mode": "managed",
      "type": "aws_vpc",
      "name": "this",
      "provider": "provider[\"registry.terraform.io/hashicorp/aws\"]",
      "instances": [
        {
          "index_key": 0,
          "schema_version": 1,
          "attributes": {
            "arn": "arn:aws:ec2:eu-west-1:444943710238:vpc/vpc-0988d187b4dd10991",
            "assign_generated_ipv6_cidr_block": false,
            "cidr_block": "10.0.0.0/16",
            "default_network_acl_id": "acl-04b1bc861818b211c",
            "default_route_table_id": "rtb-0f4f6b3dd7c267cdd",
            "default_security_group_id": "sg-0690b4af45fccfde5",
            "dhcp_options_id": "dopt-39e6d95f",
            "enable_classiclink": false,
            "enable_classiclink_dns_support": false,
            "enable_dns_hostnames": true,
            "enable_dns_support": true,
            "enable_network_address_usage_metrics": false,
            "id": "vpc-0988d187b4dd10991",
            "instance_tenancy": "default",
            "ipv4_ipam_pool_id": null,
            "ipv4_netmask_length": null,
            "ipv6_association_id": "",
            "ipv6_cidr_block": "",
            "ipv6_cidr_block_network_border_group": "",
            "ipv6_ipam_pool_id": "",
            "ipv6_netmask_length": 0,
            "main_route_table_id": "rtb-0f4f6b3dd7c267cdd",
            "owner_id": "444943710238",
            "tags": {
              "Blueprint": "eks-cluster-with-new-vpc",
              "GithubRepo": "github.com/aws-ia/terraform-aws-eks-blueprints",
              "Name": "eks-cluster-with-new-vpc"
            },
            "tags_all": {
              "Blueprint": "eks-cluster-with-new-vpc",
              "GithubRepo": "github.com/aws-ia/terraform-aws-eks-blueprints",
              "Name": "eks-cluster-with-new-vpc"
            }
          },
          "sensitive_attributes": [],
          "private": "eyJzY2hlbWFfdmVyc2lvbiI6IjEifQ==",
          "create_before_destroy": true
        }
      ]
    }
  ]
}
